{
  "version": 4,
  "terraform_version": "1.10.4",
  "serial": 5,
  "lineage": "9689a281-9835-0173-a737-bf4c02031394",
  "outputs": {},
  "resources": [
    {
      "mode": "managed",
      "type": "redfish_bios",
      "name": "bios",
      "provider": "provider[\"registry.terraform.io/dell/redfish\"]",
      "instances": [
        {
          "index_key": "crow",
          "schema_version": 0,
          "attributes": {
            "attributes": {
              "ACHIPSET001": "ACHIPSET001Disabled",
              "ACHIPSET003": "ACHIPSET003Auto",
              "ACHIPSET004": "ACHIPSET004Enabled",
              "ACHIPSET005": "ACHIPSET005Enabled",
              "ACHIPSET006": "ACHIPSET006Enabled",
              "ACPI002": "true",
              "ACPI004": "false",
              "ACPLBMC000": "ACPLBMC000Nochange",
              "AHCI000": "false",
              "ASRRACPI000": "ASRRACPI000Disabled",
              "ASRRACPI001": "ASRRACPI001ByOS",
              "ASRRACPI002": "ASRRACPI002EveryDay",
              "ASRRACPI003": "ASRRACPI0030",
              "ASRRACPI004": "ASRRACPI0040",
              "ASRRACPI005": "ASRRACPI0050",
              "ASRRPCIEIJ000": "ASRRPCIEIJ000Disabled",
              "Boot007": "Boot007Disabled",
              "CPU001": "CPU001Enabled",
              "CPU003": "CPU003PState0",
              "CPU004": "CPU004Enabled",
              "CRB001": "CRB001Enabled",
              "CRB010": "CRB010Enabled",
              "CRB014": "CRB014Auto",
              "CRB015": "CRB015Auto",
              "CRB016": "CRB016Auto",
              "CRB017": "CRB017Auto",
              "CRB018": "CRB018Auto",
              "CRB019": "CRB019Auto",
              "CRB020": "CRB020Auto",
              "CRB021": "CRB021Auto",
              "CRB022": "CRB022Auto",
              "CRB023": "CRB023Auto",
              "CRB024": "CRB024Auto",
              "CRB025": "CRB025Auto",
              "CRB026": "CRB026Auto",
              "CRB027": "CRB027Auto",
              "CRB028": "CRB028Auto",
              "CRB029": "CRB029Auto",
              "CRB030": "CRB030Auto",
              "CRB031": "CRB031Auto",
              "CRB032": "CRB032Auto",
              "CRB033": "CRB033Auto",
              "CRB034": "CRB034Auto",
              "CRB035": "CRB035Auto",
              "CRB036": "CRB036Auto",
              "CRB037": "CRB037Auto",
              "CSM000": "CSM000Enabled",
              "CSM001": "CSM001Immediate",
              "CSM002": "CSM002UponRequest",
              "CSM006": "CSM006UEFIandLegacy",
              "CSM007": "CSM007Legacyonly",
              "CSM008": "CSM008Legacyonly",
              "CSM009": "CSM009Legacyonly",
              "CSM010": "CSM010UEFIonly",
              "CSM011": "CSM011Adjust",
              "CbsCmnAACtlRPL": "CbsCmnAACtlRPLAuto",
              "CbsCmnAAEnRPL": "CbsCmnAAEnRPLAuto",
              "CbsCmnActionOnBistFailureRPL": "CbsCmnActionOnBistFailureRPLAuto",
              "CbsCmnApuOnlySpptLimitRPL": "0",
              "CbsCmnCpuAvx512RPL": "CbsCmnCpuAvx512RPLAuto",
              "CbsCmnCpuCpbRPL": "CbsCmnCpuCpbRPLAuto",
              "CbsCmnCpuCstC1CtrlRPL": "CbsCmnCpuCstC1CtrlRPLAuto",
              "CbsCmnCpuERMSRPL": "CbsCmnCpuERMSRPLAuto",
              "CbsCmnCpuFSRMRPL": "CbsCmnCpuFSRMRPLAuto",
              "CbsCmnCpuGenWA05RPL": "CbsCmnCpuGenWA05RPLAuto",
              "CbsCmnCpuGlobalCstateCtrlRPL": "CbsCmnCpuGlobalCstateCtrlRPLAuto",
              "CbsCmnCpuL1BurstPrefetchModeRPL": "CbsCmnCpuL1BurstPrefetchModeRPLAuto",
              "CbsCmnCpuL1RegionPrefetcherRPL": "CbsCmnCpuL1RegionPrefetcherRPLAuto",
              "CbsCmnCpuL1StreamHwPrefetcherRPL": "CbsCmnCpuL1StreamHwPrefetcherRPLAuto",
              "CbsCmnCpuL1StridePrefetcherRPL": "CbsCmnCpuL1StridePrefetcherRPLAuto",
              "CbsCmnCpuL2StreamHwPrefetcherRPL": "CbsCmnCpuL2StreamHwPrefetcherRPLAuto",
              "CbsCmnCpuL2UpDownPrefetcherRPL": "CbsCmnCpuL2UpDownPrefetcherRPLAuto",
              "CbsCmnCpuLogTransparentErrorsRPL": "CbsCmnCpuLogTransparentErrorsRPLAuto",
              "CbsCmnCpuMcaErrThreshCountRPL": "4094",
              "CbsCmnCpuMcaErrThreshEnRPL": "CbsCmnCpuMcaErrThreshEnRPLAuto",
              "CbsCmnCpuMcaFruTextEnRPL": "CbsCmnCpuMcaFruTextEnRPLTrue",
              "CbsCmnCpuMonMwaitDisRPL": "CbsCmnCpuMonMwaitDisRPLAuto",
              "CbsCmnCpuOpcacheCtrlRPL": "CbsCmnCpuOpcacheCtrlRPLAuto",
              "CbsCmnCpuOpcacheGrayoutFlagRPL": "CbsCmnCpuOpcacheGrayoutFlagRPL0",
              "CbsCmnCpuPauseDelayRPL": "CbsCmnCpuPauseDelayRPLAuto",
              "CbsCmnCpuPfehRPL": "CbsCmnCpuPfehRPLAuto",
              "CbsCmnCpuPpinCtrlRPL": "CbsCmnCpuPpinCtrlRPLAuto",
              "CbsCmnCpuRMSSRPL": "CbsCmnCpuRMSSRPLAuto",
              "CbsCmnCpuScpEnRPL": "CbsCmnCpuScpEnRPLAuto",
              "CbsCmnCpuSevAsidSpaceLimitRPL": "1",
              "CbsCmnCpuSmeeRPL": "CbsCmnCpuSmeeRPLAuto",
              "CbsCmnCpuSmuPspDebugModeRPL": "CbsCmnCpuSmuPspDebugModeRPLAuto",
              "CbsCmnCpuStreamingStoresCtrlRPL": "CbsCmnCpuStreamingStoresCtrlRPLAuto",
              "CbsCmnCpuWdtSevRPL": "CbsCmnCpuWdtSevRPLAuto",
              "CbsCmnDmaProtectionRPL": "CbsCmnDmaProtectionRPLAuto",
              "CbsCmnDmarSupportRPL": "CbsCmnDmarSupportRPLAuto",
              "CbsCmnDualPT21PortNumberRPL": "CbsCmnDualPT21PortNumberRPLAuto",
              "CbsCmnFchEspiAblInitRPL": "CbsCmnFchEspiAblInitRPLAuto",
              "CbsCmnFchEspiConfigRPL": "CbsCmnFchEspiConfigRPLAuto",
              "CbsCmnFchHfpConfigRPL": "CbsCmnFchHfpConfigRPLAuto",
              "CbsCmnFchHidConfigRPL": "CbsCmnFchHidConfigRPLAuto",
              "CbsCmnFchHidSpeedRPL": "CbsCmnFchHidSpeedRPLspispd7",
              "CbsCmnFchHidSpiReadModeRPL": "CbsCmnFchHidSpiReadModeRPLQuadIO144",
              "CbsCmnFchHidSpiSpeed6NRPL": "4",
              "CbsCmnFchHidSpiSpeed7NRPL": "50",
              "CbsCmnFchI3C0ConfigRPL": "CbsCmnFchI3C0ConfigRPLAuto",
              "CbsCmnFchI3C0ModeRPL": "CbsCmnFchI3C0ModeRPLAuto",
              "CbsCmnFchI3C1ConfigRPL": "CbsCmnFchI3C1ConfigRPLAuto",
              "CbsCmnFchI3C1ModeRPL": "CbsCmnFchI3C1ModeRPLAuto",
              "CbsCmnFchI3C2ConfigRPL": "CbsCmnFchI3C2ConfigRPLAuto",
              "CbsCmnFchI3C2ModeRPL": "CbsCmnFchI3C2ModeRPLAuto",
              "CbsCmnFchI3C3ConfigRPL": "CbsCmnFchI3C3ConfigRPLAuto",
              "CbsCmnFchI3C3ModeRPL": "CbsCmnFchI3C3ModeRPLAuto",
              "CbsCmnFchSystemPwrFailShadowRPL": "CbsCmnFchSystemPwrFailShadowRPLPrevious",
              "CbsCmnFchUsbXHCI0EnableRPL": "CbsCmnFchUsbXHCI0EnableRPLAuto",
              "CbsCmnFchUsbXHCI0HsPort0RPL": "CbsCmnFchUsbXHCI0HsPort0RPLAuto",
              "CbsCmnFchUsbXHCI0HsPort1RPL": "CbsCmnFchUsbXHCI0HsPort1RPLAuto",
              "CbsCmnFchUsbXHCI0SsPort0RPL": "CbsCmnFchUsbXHCI0SsPort0RPLAuto",
              "CbsCmnFchUsbXHCI0SsPort1RPL": "CbsCmnFchUsbXHCI0SsPort1RPLAuto",
              "CbsCmnFchUsbXHCI1EnableRPL": "CbsCmnFchUsbXHCI1EnableRPLAuto",
              "CbsCmnFchUsbXHCI1HsPort0RPL": "CbsCmnFchUsbXHCI1HsPort0RPLAuto",
              "CbsCmnFchUsbXHCI1HsPort1RPL": "CbsCmnFchUsbXHCI1HsPort1RPLAuto",
              "CbsCmnFchUsbXHCI1SsPort0RPL": "CbsCmnFchUsbXHCI1SsPort0RPLAuto",
              "CbsCmnFchUsbXHCI1SsPort1RPL": "CbsCmnFchUsbXHCI1SsPort1RPLAuto",
              "CbsCmnFchUsbXHCI2EnableRPL": "CbsCmnFchUsbXHCI2EnableRPLAuto",
              "CbsCmnFchUsbXHCI2HsPort0RPL": "CbsCmnFchUsbXHCI2HsPort0RPLAuto",
              "CbsCmnGnbCppcDynamicPreferredCoresRPL": "CbsCmnGnbCppcDynamicPreferredCoresRPLAuto",
              "CbsCmnGnbGfxDpmNpuRPL": "CbsCmnGnbGfxDpmNpuRPLEnabled",
              "CbsCmnGnbGfxNbAzaliaRPL": "CbsCmnGnbGfxNbAzaliaRPLAuto",
              "CbsCmnGnbGfxUmaFrameBufferSizeRPL": "CbsCmnGnbGfxUmaFrameBufferSizeRPLAuto",
              "CbsCmnGnbGfxUmaModeRPL": "CbsCmnGnbGfxUmaModeRPLAuto",
              "CbsCmnGnbGfxUmaVersionRPL": "CbsCmnGnbGfxUmaVersionRPLAuto",
              "CbsCmnGnbNbIOMMURPL": "CbsCmnGnbNbIOMMURPLEnabled",
              "CbsCmnGnbPcieAllPortsCAPAdvErrorReportingRPL": "CbsCmnGnbPcieAllPortsCAPAdvErrorReportingRPLAuto",
              "CbsCmnGnbPcieAllportEcrcRPL": "CbsCmnGnbPcieAllportEcrcRPLAuto",
              "CbsCmnGnbPcieAriSupportRPL": "CbsCmnGnbPcieAriSupportRPLAuto",
              "CbsCmnGnbPcieLegacyEpWaRPL": "CbsCmnGnbPcieLegacyEpWaRPLAuto",
              "CbsCmnGnbPcieLoopBackModeRPL": "CbsCmnGnbPcieLoopBackModeRPLAuto",
              "CbsCmnGnbPciePsppPolicyRPL": "CbsCmnGnbPciePsppPolicyRPLAuto",
              "CbsCmnGnbPowerSupplyIdleCtrlRPL": "CbsCmnGnbPowerSupplyIdleCtrlRPLAuto",
              "CbsCmnGnbSMUSystemConfigRPL": "CbsCmnGnbSMUSystemConfigRPLAuto",
              "CbsCmnGpuHostTranslationRPL": "CbsCmnGpuHostTranslationRPLAuto",
              "CbsCmnMemAddressHashBankDdrRPL": "CbsCmnMemAddressHashBankDdrRPLAuto",
              "CbsCmnMemAddressHashCsDdrRPL": "CbsCmnMemAddressHashCsDdrRPLAuto",
              "CbsCmnMemAddressHashSubchannelDdrRPL": "CbsCmnMemAddressHashSubchannelDdrRPLAuto",
              "CbsCmnMemContextRestoreDdrRPL": "CbsCmnMemContextRestoreDdrRPLAuto",
              "CbsCmnMemCtrllerBankSwapModeDdrRPL": "CbsCmnMemCtrllerBankSwapModeDdrRPLAuto",
              "CbsCmnMemCtrllerCaOdtADdrRPL": "CbsCmnMemCtrllerCaOdtADdrRPLAuto",
              "CbsCmnMemCtrllerCaOdtBDdrRPL": "CbsCmnMemCtrllerCaOdtBDdrRPLAuto",
              "CbsCmnMemCtrllerCkOdtADdrRPL": "CbsCmnMemCtrllerCkOdtADdrRPLAuto",
              "CbsCmnMemCtrllerCkOdtBDdrRPL": "CbsCmnMemCtrllerCkOdtBDdrRPLAuto",
              "CbsCmnMemCtrllerCsOdtADdrRPL": "CbsCmnMemCtrllerCsOdtADdrRPLAuto",
              "CbsCmnMemCtrllerCsOdtBDdrRPL": "CbsCmnMemCtrllerCsOdtBDdrRPLAuto",
              "CbsCmnMemCtrllerPmuTrainDfeDdrRPL": "CbsCmnMemCtrllerPmuTrainDfeDdrRPLAuto",
              "CbsCmnMemCtrllerPowerDownEnDdrRPL": "CbsCmnMemCtrllerPowerDownEnDdrRPLAuto",
              "CbsCmnMemCtrllerPptCtlDdrRPL": "CbsCmnMemCtrllerPptCtlDdrRPLAuto",
              "CbsCmnMemCtrllerRx2DDelayStepSizeDdrRPL": "0",
              "CbsCmnMemCtrllerRx2DDfeDdrRPL": "CbsCmnMemCtrllerRx2DDfeDdrRPLAuto",
              "CbsCmnMemCtrllerRx2DTrainOptDdrRPL": "CbsCmnMemCtrllerRx2DTrainOptDdrRPLAuto",
              "CbsCmnMemCtrllerRx2DVoltStepSizeDdrRPL": "0",
              "CbsCmnMemCtrllerTx2DDelayStepSizeDdrRPL": "0",
              "CbsCmnMemCtrllerTx2DDelayStepSizeMultDdrRPL": "CbsCmnMemCtrllerTx2DDelayStepSizeMultDdrRPLNoMultiplier",
              "CbsCmnMemCtrllerTx2DDfeDdrRPL": "CbsCmnMemCtrllerTx2DDfeDdrRPLAuto",
              "CbsCmnMemCtrllerTx2DTrainOptDdrRPL": "CbsCmnMemCtrllerTx2DTrainOptDdrRPLAuto",
              "CbsCmnMemCtrllerTx2DVoltStepSizeDdrRPL": "0",
              "CbsCmnMemCtrllerTx2DVoltStepSizeMultDdrRPL": "0",
              "CbsCmnMemDataCtrlDataScrambleEnDdrRPL": "CbsCmnMemDataCtrlDataScrambleEnDdrRPLAuto",
              "CbsCmnMemDramDrvPullDownStrenDqDdrP0RPL": "CbsCmnMemDramDrvPullDownStrenDqDdrP0RPLAuto",
              "CbsCmnMemDramDrvPullDownStrenDqDdrP1RPL": "CbsCmnMemDramDrvPullDownStrenDqDdrP1RPLAuto",
              "CbsCmnMemDramDrvPullDownStrenDqDdrP2RPL": "CbsCmnMemDramDrvPullDownStrenDqDdrP2RPLAuto",
              "CbsCmnMemDramDrvPullDownStrenDqDdrP3RPL": "CbsCmnMemDramDrvPullDownStrenDqDdrP3RPLAuto",
              "CbsCmnMemDramDrvStrenDqDdrP0RPL": "CbsCmnMemDramDrvStrenDqDdrP0RPLAuto",
              "CbsCmnMemDramDrvStrenDqDdrP1RPL": "CbsCmnMemDramDrvStrenDqDdrP1RPLAuto",
              "CbsCmnMemDramDrvStrenDqDdrP2RPL": "CbsCmnMemDramDrvStrenDqDdrP2RPLAuto",
              "CbsCmnMemDramDrvStrenDqDdrP3RPL": "CbsCmnMemDramDrvStrenDqDdrP3RPLAuto",
              "CbsCmnMemDramOdtImpedRttNomRdDdrP0RPL": "CbsCmnMemDramOdtImpedRttNomRdDdrP0RPLAuto",
              "CbsCmnMemDramOdtImpedRttNomRdDdrP1RPL": "CbsCmnMemDramOdtImpedRttNomRdDdrP1RPLAuto",
              "CbsCmnMemDramOdtImpedRttNomRdDdrP2RPL": "CbsCmnMemDramOdtImpedRttNomRdDdrP2RPLAuto",
              "CbsCmnMemDramOdtImpedRttNomRdDdrP3RPL": "CbsCmnMemDramOdtImpedRttNomRdDdrP3RPLAuto",
              "CbsCmnMemDramOdtImpedRttNomWrDdrP0RPL": "CbsCmnMemDramOdtImpedRttNomWrDdrP0RPLAuto",
              "CbsCmnMemDramOdtImpedRttNomWrDdrP1RPL": "CbsCmnMemDramOdtImpedRttNomWrDdrP1RPLAuto",
              "CbsCmnMemDramOdtImpedRttNomWrDdrP2RPL": "CbsCmnMemDramOdtImpedRttNomWrDdrP2RPLAuto",
              "CbsCmnMemDramOdtImpedRttNomWrDdrP3RPL": "CbsCmnMemDramOdtImpedRttNomWrDdrP3RPLAuto",
              "CbsCmnMemDramOdtImpedRttParkDdrP0RPL": "CbsCmnMemDramOdtImpedRttParkDdrP0RPLAuto",
              "CbsCmnMemDramOdtImpedRttParkDdrP1RPL": "CbsCmnMemDramOdtImpedRttParkDdrP1RPLAuto",
              "CbsCmnMemDramOdtImpedRttParkDdrP2RPL": "CbsCmnMemDramOdtImpedRttParkDdrP2RPLAuto",
              "CbsCmnMemDramOdtImpedRttParkDdrP3RPL": "CbsCmnMemDramOdtImpedRttParkDdrP3RPLAuto",
              "CbsCmnMemDramOdtImpedRttParkDqsDdrP0RPL": "CbsCmnMemDramOdtImpedRttParkDqsDdrP0RPLAuto",
              "CbsCmnMemDramOdtImpedRttParkDqsDdrP1RPL": "CbsCmnMemDramOdtImpedRttParkDqsDdrP1RPLAuto",
              "CbsCmnMemDramOdtImpedRttParkDqsDdrP2RPL": "CbsCmnMemDramOdtImpedRttParkDqsDdrP2RPLAuto",
              "CbsCmnMemDramOdtImpedRttParkDqsDdrP3RPL": "CbsCmnMemDramOdtImpedRttParkDqsDdrP3RPLAuto",
              "CbsCmnMemDramOdtImpedRttWrDdrP0RPL": "CbsCmnMemDramOdtImpedRttWrDdrP0RPLAuto",
              "CbsCmnMemDramOdtImpedRttWrDdrP1RPL": "CbsCmnMemDramOdtImpedRttWrDdrP1RPLAuto",
              "CbsCmnMemDramOdtImpedRttWrDdrP2RPL": "CbsCmnMemDramOdtImpedRttWrDdrP2RPLAuto",
              "CbsCmnMemDramOdtImpedRttWrDdrP3RPL": "CbsCmnMemDramOdtImpedRttWrDdrP3RPLAuto",
              "CbsCmnMemDramPdaDeviceIdProgModeDdrRPL": "CbsCmnMemDramPdaDeviceIdProgModeDdrRPLAuto",
              "CbsCmnMemDrvStrenCaDdrRPL": "CbsCmnMemDrvStrenCaDdrRPLAuto",
              "CbsCmnMemDrvStrenCkDdrRPL": "CbsCmnMemDrvStrenCkDdrRPLAuto",
              "CbsCmnMemDrvStrenCsDdrRPL": "CbsCmnMemDrvStrenCsDdrRPLAuto",
              "CbsCmnMemDrvStrenDqPullDownDdrP0RPL": "CbsCmnMemDrvStrenDqPullDownDdrP0RPLAuto",
              "CbsCmnMemDrvStrenDqPullDownDdrP1RPL": "CbsCmnMemDrvStrenDqPullDownDdrP1RPLAuto",
              "CbsCmnMemDrvStrenDqPullDownDdrP2RPL": "CbsCmnMemDrvStrenDqPullDownDdrP2RPLAuto",
              "CbsCmnMemDrvStrenDqPullDownDdrP3RPL": "CbsCmnMemDrvStrenDqPullDownDdrP3RPLAuto",
              "CbsCmnMemDrvStrenDqPullUpDdrP0RPL": "CbsCmnMemDrvStrenDqPullUpDdrP0RPLAuto",
              "CbsCmnMemDrvStrenDqPullUpDdrP1RPL": "CbsCmnMemDrvStrenDqPullUpDdrP1RPLAuto",
              "CbsCmnMemDrvStrenDqPullUpDdrP2RPL": "CbsCmnMemDrvStrenDqPullUpDdrP2RPLAuto",
              "CbsCmnMemDrvStrenDqPullUpDdrP3RPL": "CbsCmnMemDrvStrenDqPullUpDdrP3RPLAuto",
              "CbsCmnMemEccDisErrInjectionDdrRPL": "CbsCmnMemEccDisErrInjectionDdrRPLAuto",
              "CbsCmnMemEccEnDdrRPL": "CbsCmnMemEccEnDdrRPLAuto",
              "CbsCmnMemMappingBankInterleaveDdrRPL": "CbsCmnMemMappingBankInterleaveDdrRPLAuto",
              "CbsCmnMemMbistAggressorsChnlDdrRPL": "CbsCmnMemMbistAggressorsChnlDdrRPLAuto",
              "CbsCmnMemMbistAggressorsDdrRPL": "CbsCmnMemMbistAggressorsDdrRPLAuto",
              "CbsCmnMemMbistEnDdrRPL": "CbsCmnMemMbistEnDdrRPLAuto",
              "CbsCmnMemMbistPatternLengthDdrRPL": "6",
              "CbsCmnMemMbistPatternLengthSelectDdrRPL": "CbsCmnMemMbistPatternLengthSelectDdrRPLAuto",
              "CbsCmnMemMbistPatternSelectDdrRPL": "CbsCmnMemMbistPatternSelectDdrRPLAuto",
              "CbsCmnMemMbistPerBitSlaveDieReportDdrRPL": "CbsCmnMemMbistPerBitSlaveDieReportDdrRPLAuto",
              "CbsCmnMemMbistTestmodeDdrRPL": "CbsCmnMemMbistTestmodeDdrRPLAuto",
              "CbsCmnMemNitroModeDdrTrainingRuntimeReductionRPL": "CbsCmnMemNitroModeDdrTrainingRuntimeReductionRPLAuto",
              "CbsCmnMemNumOfTxDfeTapsRPL": "CbsCmnMemNumOfTxDfeTapsRPLAuto",
              "CbsCmnMemNumberOfRxDfeTapsRPL": "CbsCmnMemNumberOfRxDfeTapsRPLAuto",
              "CbsCmnMemProcOdtPullDownDdrP0RPL": "CbsCmnMemProcOdtPullDownDdrP0RPLAuto",
              "CbsCmnMemProcOdtPullDownDdrP1RPL": "CbsCmnMemProcOdtPullDownDdrP1RPLAuto",
              "CbsCmnMemProcOdtPullDownDdrP2RPL": "CbsCmnMemProcOdtPullDownDdrP2RPLAuto",
              "CbsCmnMemProcOdtPullDownDdrP3RPL": "CbsCmnMemProcOdtPullDownDdrP3RPLAuto",
              "CbsCmnMemProcOdtPullUpDdrP0RPL": "CbsCmnMemProcOdtPullUpDdrP0RPLAuto",
              "CbsCmnMemProcOdtPullUpDdrP1RPL": "CbsCmnMemProcOdtPullUpDdrP1RPLAuto",
              "CbsCmnMemProcOdtPullUpDdrP2RPL": "CbsCmnMemProcOdtPullUpDdrP2RPLAuto",
              "CbsCmnMemProcOdtPullUpDdrP3RPL": "CbsCmnMemProcOdtPullUpDdrP3RPLAuto",
              "CbsCmnMemRdDriftAdjustmentP0RPL": "CbsCmnMemRdDriftAdjustmentP0RPLAuto",
              "CbsCmnMemRdDriftAdjustmentP1RPL": "CbsCmnMemRdDriftAdjustmentP1RPLAuto",
              "CbsCmnMemRdDriftAdjustmentP2RPL": "CbsCmnMemRdDriftAdjustmentP2RPLAuto",
              "CbsCmnMemRdDriftAdjustmentP3RPL": "CbsCmnMemRdDriftAdjustmentP3RPLAuto",
              "CbsCmnMemRdDriftAdjustmentRPL": "CbsCmnMemRdDriftAdjustmentRPLAuto",
              "CbsCmnMemRxBurstLengthRPL": "CbsCmnMemRxBurstLengthRPLAuto",
              "CbsCmnMemTargetSpeedDdrRPL": "3200",
              "CbsCmnMemTimingSettingDdrRPL": "CbsCmnMemTimingSettingDdrRPLAuto",
              "CbsCmnMemTimingTclCtrlDdrRPL": "CbsCmnMemTimingTclCtrlDdrRPLAuto",
              "CbsCmnMemTimingTclDdrRPL": "22",
              "CbsCmnMemTimingTfawCtrlDdrRPL": "CbsCmnMemTimingTfawCtrlDdrRPLAuto",
              "CbsCmnMemTimingTfawDdrRPL": "26",
              "CbsCmnMemTimingTrasCtrlDdrRPL": "CbsCmnMemTimingTrasCtrlDdrRPLAuto",
              "CbsCmnMemTimingTrasDdrRPL": "30",
              "CbsCmnMemTimingTrcCtrlDdrRPL": "CbsCmnMemTimingTrcCtrlDdrRPLAuto",
              "CbsCmnMemTimingTrcDdrRPL": "32",
              "CbsCmnMemTimingTrcdCtrlDdrRPL": "CbsCmnMemTimingTrcdCtrlDdrRPLAuto",
              "CbsCmnMemTimingTrcdDdrRPL": "8",
              "CbsCmnMemTimingTrdrdDdCtrlDdrRPL": "CbsCmnMemTimingTrdrdDdCtrlDdrRPLAuto",
              "CbsCmnMemTimingTrdrdDdDdrRPL": "3",
              "CbsCmnMemTimingTrdrdScCtrlDdrRPL": "CbsCmnMemTimingTrdrdScCtrlDdrRPLAuto",
              "CbsCmnMemTimingTrdrdScDdrRPL": "1",
              "CbsCmnMemTimingTrdrdScLCtrlDdrRPL": "CbsCmnMemTimingTrdrdScLCtrlDdrRPLAuto",
              "CbsCmnMemTimingTrdrdScLDdrRPL": "1",
              "CbsCmnMemTimingTrdrdSdCtrlDdrRPL": "CbsCmnMemTimingTrdrdSdCtrlDdrRPLAuto",
              "CbsCmnMemTimingTrdrdSdDdrRPL": "3",
              "CbsCmnMemTimingTrdwrCtrlDdrRPL": "CbsCmnMemTimingTrdwrCtrlDdrRPLAuto",
              "CbsCmnMemTimingTrdwrDdrRPL": "5",
              "CbsCmnMemTimingTrfc1CtrlDdrRPL": "CbsCmnMemTimingTrfc1CtrlDdrRPLAuto",
              "CbsCmnMemTimingTrfc1DdrRPL": "50",
              "CbsCmnMemTimingTrfc2CtrlDdrRPL": "CbsCmnMemTimingTrfc2CtrlDdrRPLAuto",
              "CbsCmnMemTimingTrfc2DdrRPL": "50",
              "CbsCmnMemTimingTrfcSbCtrlDdrRPL": "CbsCmnMemTimingTrfcSbCtrlDdrRPLAuto",
              "CbsCmnMemTimingTrfcSbDdrRPL": "50",
              "CbsCmnMemTimingTrpCtrlDdrRPL": "CbsCmnMemTimingTrpCtrlDdrRPLAuto",
              "CbsCmnMemTimingTrpDdrRPL": "8",
              "CbsCmnMemTimingTrrdLCtrlDdrRPL": "CbsCmnMemTimingTrrdLCtrlDdrRPLAuto",
              "CbsCmnMemTimingTrrdLDdrRPL": "4",
              "CbsCmnMemTimingTrrdSCtrlDdrRPL": "CbsCmnMemTimingTrrdSCtrlDdrRPLAuto",
              "CbsCmnMemTimingTrrdSDdrRPL": "4",
              "CbsCmnMemTimingTrtpCtrlDdrRPL": "CbsCmnMemTimingTrtpCtrlDdrRPLAuto",
              "CbsCmnMemTimingTrtpDdrRPL": "9",
              "CbsCmnMemTimingTwrCtrlDdrRPL": "CbsCmnMemTimingTwrCtrlDdrRPLAuto",
              "CbsCmnMemTimingTwrDdrRPL": "48",
              "CbsCmnMemTimingTwrrdCtrlDdrRPL": "CbsCmnMemTimingTwrrdCtrlDdrRPLAuto",
              "CbsCmnMemTimingTwrrdDdrRPL": "5",
              "CbsCmnMemTimingTwrwrDdCtrlDdrRPL": "CbsCmnMemTimingTwrwrDdCtrlDdrRPLAuto",
              "CbsCmnMemTimingTwrwrDdDdrRPL": "3",
              "CbsCmnMemTimingTwrwrScCtrlDdrRPL": "CbsCmnMemTimingTwrwrScCtrlDdrRPLAuto",
              "CbsCmnMemTimingTwrwrScDdrRPL": "1",
              "CbsCmnMemTimingTwrwrScLCtrlDdrRPL": "CbsCmnMemTimingTwrwrScLCtrlDdrRPLAuto",
              "CbsCmnMemTimingTwrwrScLDdrRPL": "1",
              "CbsCmnMemTimingTwrwrSdCtrlDdrRPL": "CbsCmnMemTimingTwrwrSdCtrlDdrRPLAuto",
              "CbsCmnMemTimingTwrwrSdDdrRPL": "3",
              "CbsCmnMemTimingTwtrLCtrlDdrRPL": "CbsCmnMemTimingTwtrLCtrlDdrRPLAuto",
              "CbsCmnMemTimingTwtrLDdrRPL": "8",
              "CbsCmnMemTimingTwtrSCtrlDdrRPL": "CbsCmnMemTimingTwtrSCtrlDdrRPLAuto",
              "CbsCmnMemTimingTwtrSDdrRPL": "3",
              "CbsCmnMemTsmeEnableDdrRPL": "CbsCmnMemTsmeEnableDdrRPLAuto",
              "CbsCmnMemTxBurstLengthRPL": "CbsCmnMemTxBurstLengthRPLAuto",
              "CbsCmnMemWrDriftAdjustmentP0RPL": "CbsCmnMemWrDriftAdjustmentP0RPLAuto",
              "CbsCmnMemWrDriftAdjustmentP1RPL": "CbsCmnMemWrDriftAdjustmentP1RPLAuto",
              "CbsCmnMemWrDriftAdjustmentP2RPL": "CbsCmnMemWrDriftAdjustmentP2RPLAuto",
              "CbsCmnMemWrDriftAdjustmentP3RPL": "CbsCmnMemWrDriftAdjustmentP3RPLAuto",
              "CbsCmnMemWrDriftAdjustmentRPL": "CbsCmnMemWrDriftAdjustmentRPLAuto",
              "CbsCmnMixedDimmConfigNumaDomainRPL": "CbsCmnMixedDimmConfigNumaDomainRPLDisabled",
              "CbsCmnMsgSetFastPPTLimitRPL": "0",
              "CbsCmnMsgSetSlowPPTLimitRPL": "0",
              "CbsCmnMsgSetSustainedPowerLimitRPL": "0",
              "CbsCmnNbioPcieAdvertiseEqToHighRateSupportRPL": "CbsCmnNbioPcieAdvertiseEqToHighRateSupportRPLAuto",
              "CbsCmnPT21L4Usb2P0RPL": "CbsCmnPT21L4Usb2P0RPLAuto",
              "CbsCmnPT21L4Usb2P1RPL": "CbsCmnPT21L4Usb2P1RPLAuto",
              "CbsCmnPT21L4Usb2P2RPL": "CbsCmnPT21L4Usb2P2RPLAuto",
              "CbsCmnPT21L4Usb2P3RPL": "CbsCmnPT21L4Usb2P3RPLAuto",
              "CbsCmnPT21L4Usb2P4RPL": "CbsCmnPT21L4Usb2P4RPLAuto",
              "CbsCmnPT21L4Usb2P5RPL": "CbsCmnPT21L4Usb2P5RPLAuto",
              "CbsCmnPT21L4Usb2P6RPL": "CbsCmnPT21L4Usb2P6RPLAuto",
              "CbsCmnPT21L4Usb2P7RPL": "CbsCmnPT21L4Usb2P7RPLAuto",
              "CbsCmnPT21L4Usb2P8RPL": "CbsCmnPT21L4Usb2P8RPLAuto",
              "CbsCmnPT21L4Usb2P9RPL": "CbsCmnPT21L4Usb2P9RPLDisable",
              "CbsCmnPT21L4Usb3P0RPL": "CbsCmnPT21L4Usb3P0RPLAuto",
              "CbsCmnPT21L4Usb3P1RPL": "CbsCmnPT21L4Usb3P1RPLAuto",
              "CbsCmnPT21L4Usb3P2RPL": "CbsCmnPT21L4Usb3P2RPLAuto",
              "CbsCmnPT21L4Usb3P3RPL": "CbsCmnPT21L4Usb3P3RPLAuto",
              "CbsCmnPT21PMEnableRPL": "CbsCmnPT21PMEnableRPLAuto",
              "CbsCmnPT21PcieP0LaneRevRPL": "CbsCmnPT21PcieP0LaneRevRPLAuto",
              "CbsCmnPT21PcieP0RPL": "CbsCmnPT21PcieP0RPLAuto",
              "CbsCmnPT21PcieP0SpeedRPL": "CbsCmnPT21PcieP0SpeedRPLAuto",
              "CbsCmnPT21PcieP10LaneRevRPL": "CbsCmnPT21PcieP10LaneRevRPLAuto",
              "CbsCmnPT21PcieP10RPL": "CbsCmnPT21PcieP10RPLAuto",
              "CbsCmnPT21PcieP10SpeedRPL": "CbsCmnPT21PcieP10SpeedRPLAuto",
              "CbsCmnPT21PcieP11RPL": "CbsCmnPT21PcieP11RPLAuto",
              "CbsCmnPT21PcieP11SpeedRPL": "CbsCmnPT21PcieP11SpeedRPLAuto",
              "CbsCmnPT21PcieP1RPL": "CbsCmnPT21PcieP1RPLAuto",
              "CbsCmnPT21PcieP1SpeedRPL": "CbsCmnPT21PcieP1SpeedRPLAuto",
              "CbsCmnPT21PcieP2LaneRevRPL": "CbsCmnPT21PcieP2LaneRevRPLAuto",
              "CbsCmnPT21PcieP2RPL": "CbsCmnPT21PcieP2RPLAuto",
              "CbsCmnPT21PcieP2SpeedRPL": "CbsCmnPT21PcieP2SpeedRPLAuto",
              "CbsCmnPT21PcieP3RPL": "CbsCmnPT21PcieP3RPLAuto",
              "CbsCmnPT21PcieP3SpeedRPL": "CbsCmnPT21PcieP3SpeedRPLAuto",
              "CbsCmnPT21PcieP4LaneRevRPL": "CbsCmnPT21PcieP4LaneRevRPLAuto",
              "CbsCmnPT21PcieP4RPL": "CbsCmnPT21PcieP4RPLAuto",
              "CbsCmnPT21PcieP4SpeedRPL": "CbsCmnPT21PcieP4SpeedRPLAuto",
              "CbsCmnPT21PcieP5RPL": "CbsCmnPT21PcieP5RPLAuto",
              "CbsCmnPT21PcieP5SpeedRPL": "CbsCmnPT21PcieP5SpeedRPLAuto",
              "CbsCmnPT21PcieP6LaneRevRPL": "CbsCmnPT21PcieP6LaneRevRPLAuto",
              "CbsCmnPT21PcieP6RPL": "CbsCmnPT21PcieP6RPLAuto",
              "CbsCmnPT21PcieP6SpeedRPL": "CbsCmnPT21PcieP6SpeedRPLAuto",
              "CbsCmnPT21PcieP7RPL": "CbsCmnPT21PcieP7RPLAuto",
              "CbsCmnPT21PcieP7SpeedRPL": "CbsCmnPT21PcieP7SpeedRPLAuto",
              "CbsCmnPT21PcieP8LaneRevRPL": "CbsCmnPT21PcieP8LaneRevRPLAuto",
              "CbsCmnPT21PcieP8RPL": "CbsCmnPT21PcieP8RPLAuto",
              "CbsCmnPT21PcieP8SpeedRPL": "CbsCmnPT21PcieP8SpeedRPLAuto",
              "CbsCmnPT21PcieP9RPL": "CbsCmnPT21PcieP9RPLAuto",
              "CbsCmnPT21PcieP9SpeedRPL": "CbsCmnPT21PcieP9SpeedRPLAuto",
              "CbsCmnPT21RevisionIdRPL": "CbsCmnPT21RevisionIdRPLAuto",
              "CbsCmnPT21SIProgEnableRPL": "CbsCmnPT21SIProgEnableRPLAuto",
              "CbsCmnPT21SataClassRPL": "CbsCmnPT21SataClassRPLAuto",
              "CbsCmnPT21SataP0Gen1EmpLevelRPL": "1",
              "CbsCmnPT21SataP0Gen1SwingRPL": "3",
              "CbsCmnPT21SataP0Gen2EmpLevelRPL": "1",
              "CbsCmnPT21SataP0Gen2SwingRPL": "3",
              "CbsCmnPT21SataP0Gen3EmpLevelRPL": "10",
              "CbsCmnPT21SataP0Gen3SwingRPL": "15",
              "CbsCmnPT21SataP1Gen1EmpLevelRPL": "1",
              "CbsCmnPT21SataP1Gen1SwingRPL": "3",
              "CbsCmnPT21SataP1Gen2EmpLevelRPL": "1",
              "CbsCmnPT21SataP1Gen2SwingRPL": "3",
              "CbsCmnPT21SataP1Gen3EmpLevelRPL": "10",
              "CbsCmnPT21SataP1Gen3SwingRPL": "15",
              "CbsCmnPT21SataP2Gen1EmpLevelRPL": "1",
              "CbsCmnPT21SataP2Gen1SwingRPL": "3",
              "CbsCmnPT21SataP2Gen2EmpLevelRPL": "1",
              "CbsCmnPT21SataP2Gen2SwingRPL": "3",
              "CbsCmnPT21SataP2Gen3EmpLevelRPL": "10",
              "CbsCmnPT21SataP2Gen3SwingRPL": "15",
              "CbsCmnPT21SataP3Gen1EmpLevelRPL": "1",
              "CbsCmnPT21SataP3Gen1SwingRPL": "3",
              "CbsCmnPT21SataP3Gen2EmpLevelRPL": "1",
              "CbsCmnPT21SataP3Gen2SwingRPL": "3",
              "CbsCmnPT21SataP3Gen3EmpLevelRPL": "10",
              "CbsCmnPT21SataP3Gen3SwingRPL": "15",
              "CbsCmnPT21SataPort0RPL": "CbsCmnPT21SataPort0RPLAuto",
              "CbsCmnPT21SataPort1RPL": "CbsCmnPT21SataPort1RPLAuto",
              "CbsCmnPT21SataPort2RPL": "CbsCmnPT21SataPort2RPLAuto",
              "CbsCmnPT21SataPort3RPL": "CbsCmnPT21SataPort3RPLAuto",
              "CbsCmnPT21USB2P0DrivingCurrentRPL": "0",
              "CbsCmnPT21USB2P0SlewRateRPL": "2",
              "CbsCmnPT21USB2P0TerminationRPL": "3",
              "CbsCmnPT21USB2P1DrivingCurrentRPL": "0",
              "CbsCmnPT21USB2P1SlewRateRPL": "2",
              "CbsCmnPT21USB2P1TerminationRPL": "3",
              "CbsCmnPT21USB2P4DrivingCurrentRPL": "0",
              "CbsCmnPT21USB2P4SlewRateRPL": "2",
              "CbsCmnPT21USB2P4TerminationRPL": "3",
              "CbsCmnPT21USB2P5DrivingCurrentRPL": "0",
              "CbsCmnPT21USB2P5SlewRateRPL": "2",
              "CbsCmnPT21USB2P5TerminationRPL": "3",
              "CbsCmnPT21USB2P8DrivingCurrentRPL": "0",
              "CbsCmnPT21USB2P8SlewRateRPL": "2",
              "CbsCmnPT21USB2P8TerminationRPL": "3",
              "CbsCmnPT21USB2P9DrivingCurrentRPL": "0",
              "CbsCmnPT21USB2P9SlewRateRPL": "2",
              "CbsCmnPT21USB2P9TerminationRPL": "3",
              "CbsCmnPT21USB3P0Gen1EmpLevelRPL": "3",
              "CbsCmnPT21USB3P0Gen1PreshootRPL": "0",
              "CbsCmnPT21USB3P0Gen1SwingRPL": "15",
              "CbsCmnPT21USB3P0Gen2Cp0EmpLevelRPL": "3",
              "CbsCmnPT21USB3P0Gen2Cp0PreshootRPL": "0",
              "CbsCmnPT21USB3P0Gen2Cp13EmpLevelRPL": "3",
              "CbsCmnPT21USB3P0Gen2Cp13PreshootRPL": "0",
              "CbsCmnPT21USB3P0Gen2Cp14EmpLevelRPL": "3",
              "CbsCmnPT21USB3P0Gen2Cp14PreshootRPL": "0",
              "CbsCmnPT21USB3P0Gen2Cp15EmpLevelRPL": "3",
              "CbsCmnPT21USB3P0Gen2Cp15PreshootRPL": "0",
              "CbsCmnPT21USB3P0Gen2Cp16EmpLevelRPL": "3",
              "CbsCmnPT21USB3P0Gen2Cp16PreshootRPL": "0",
              "CbsCmnPT21USB3P0Gen2SwingRPL": "15",
              "CbsCmnPT21USB3P1Gen1EmpLevelRPL": "3",
              "CbsCmnPT21USB3P1Gen1PreshootRPL": "0",
              "CbsCmnPT21USB3P1Gen1SwingRPL": "15",
              "CbsCmnPT21USB3P1Gen2Cp0EmpLevelRPL": "3",
              "CbsCmnPT21USB3P1Gen2Cp0PreshootRPL": "0",
              "CbsCmnPT21USB3P1Gen2Cp13EmpLevelRPL": "3",
              "CbsCmnPT21USB3P1Gen2Cp13PreshootRPL": "0",
              "CbsCmnPT21USB3P1Gen2Cp14EmpLevelRPL": "3",
              "CbsCmnPT21USB3P1Gen2Cp14PreshootRPL": "0",
              "CbsCmnPT21USB3P1Gen2Cp15EmpLevelRPL": "3",
              "CbsCmnPT21USB3P1Gen2Cp15PreshootRPL": "0",
              "CbsCmnPT21USB3P1Gen2Cp16EmpLevelRPL": "3",
              "CbsCmnPT21USB3P1Gen2Cp16PreshootRPL": "0",
              "CbsCmnPT21USB3P1Gen2SwingRPL": "15",
              "CbsCmnPT21USB3P2Gen1EmpLevelRPL": "3",
              "CbsCmnPT21USB3P2Gen1PreshootRPL": "0",
              "CbsCmnPT21USB3P2Gen1SwingRPL": "15",
              "CbsCmnPT21USB3P2Gen2Cp0EmpLevelRPL": "3",
              "CbsCmnPT21USB3P2Gen2Cp0PreshootRPL": "0",
              "CbsCmnPT21USB3P2Gen2Cp13EmpLevelRPL": "3",
              "CbsCmnPT21USB3P2Gen2Cp13PreshootRPL": "0",
              "CbsCmnPT21USB3P2Gen2Cp14EmpLevelRPL": "3",
              "CbsCmnPT21USB3P2Gen2Cp14PreshootRPL": "0",
              "CbsCmnPT21USB3P2Gen2Cp15EmpLevelRPL": "3",
              "CbsCmnPT21USB3P2Gen2Cp15PreshootRPL": "0",
              "CbsCmnPT21USB3P2Gen2Cp16EmpLevelRPL": "3",
              "CbsCmnPT21USB3P2Gen2Cp16PreshootRPL": "0",
              "CbsCmnPT21USB3P2Gen2SwingRPL": "15",
              "CbsCmnPT21USB3P3Gen1EmpLevelRPL": "3",
              "CbsCmnPT21USB3P3Gen1PreshootRPL": "0",
              "CbsCmnPT21USB3P3Gen1SwingRPL": "15",
              "CbsCmnPT21USB3P3Gen2Cp0EmpLevelRPL": "3",
              "CbsCmnPT21USB3P3Gen2Cp0PreshootRPL": "0",
              "CbsCmnPT21USB3P3Gen2Cp13EmpLevelRPL": "3",
              "CbsCmnPT21USB3P3Gen2Cp13PreshootRPL": "0",
              "CbsCmnPT21USB3P3Gen2Cp14EmpLevelRPL": "3",
              "CbsCmnPT21USB3P3Gen2Cp14PreshootRPL": "0",
              "CbsCmnPT21USB3P3Gen2Cp15EmpLevelRPL": "3",
              "CbsCmnPT21USB3P3Gen2Cp15PreshootRPL": "0",
              "CbsCmnPT21USB3P3Gen2Cp16EmpLevelRPL": "3",
              "CbsCmnPT21USB3P3Gen2Cp16PreshootRPL": "0",
              "CbsCmnPT21USB3P3Gen2SwingRPL": "15",
              "CbsCmnPT21USB3P4Gen1EmpLevelRPL": "3",
              "CbsCmnPT21USB3P4Gen1PreshootRPL": "0",
              "CbsCmnPT21USB3P4Gen1SwingRPL": "15",
              "CbsCmnPT21USB3P4Gen2Cp0EmpLevelRPL": "3",
              "CbsCmnPT21USB3P4Gen2Cp0PreshootRPL": "0",
              "CbsCmnPT21USB3P4Gen2Cp13EmpLevelRPL": "3",
              "CbsCmnPT21USB3P4Gen2Cp13PreshootRPL": "0",
              "CbsCmnPT21USB3P4Gen2Cp14EmpLevelRPL": "3",
              "CbsCmnPT21USB3P4Gen2Cp14PreshootRPL": "0",
              "CbsCmnPT21USB3P4Gen2Cp15EmpLevelRPL": "3",
              "CbsCmnPT21USB3P4Gen2Cp15PreshootRPL": "0",
              "CbsCmnPT21USB3P4Gen2Cp16EmpLevelRPL": "3",
              "CbsCmnPT21USB3P4Gen2Cp16PreshootRPL": "0",
              "CbsCmnPT21USB3P4Gen2SwingRPL": "15",
              "CbsCmnPT21USB3P5Gen1EmpLevelRPL": "3",
              "CbsCmnPT21USB3P5Gen1PreshootRPL": "0",
              "CbsCmnPT21USB3P5Gen1SwingRPL": "15",
              "CbsCmnPT21USB3P5Gen2Cp0EmpLevelRPL": "3",
              "CbsCmnPT21USB3P5Gen2Cp0PreshootRPL": "0",
              "CbsCmnPT21USB3P5Gen2Cp13EmpLevelRPL": "3",
              "CbsCmnPT21USB3P5Gen2Cp13PreshootRPL": "0",
              "CbsCmnPT21USB3P5Gen2Cp14EmpLevelRPL": "3",
              "CbsCmnPT21USB3P5Gen2Cp14PreshootRPL": "0",
              "CbsCmnPT21USB3P5Gen2Cp15EmpLevelRPL": "3",
              "CbsCmnPT21USB3P5Gen2Cp15PreshootRPL": "0",
              "CbsCmnPT21USB3P5Gen2Cp16EmpLevelRPL": "3",
              "CbsCmnPT21USB3P5Gen2Cp16PreshootRPL": "0",
              "CbsCmnPT21USB3P5Gen2SwingRPL": "15",
              "CbsCmnPT21USBLateDisableRPL": "CbsCmnPT21USBLateDisableRPLAuto",
              "CbsCmnPT21Usb2P0RPL": "CbsCmnPT21Usb2P0RPLAuto",
              "CbsCmnPT21Usb2P10RPL": "CbsCmnPT21Usb2P10RPLDisable",
              "CbsCmnPT21Usb2P11RPL": "CbsCmnPT21Usb2P11RPLDisable",
              "CbsCmnPT21Usb2P1RPL": "CbsCmnPT21Usb2P1RPLAuto",
              "CbsCmnPT21Usb2P2RPL": "CbsCmnPT21Usb2P2RPLAuto",
              "CbsCmnPT21Usb2P3RPL": "CbsCmnPT21Usb2P3RPLAuto",
              "CbsCmnPT21Usb2P4RPL": "CbsCmnPT21Usb2P4RPLAuto",
              "CbsCmnPT21Usb2P5RPL": "CbsCmnPT21Usb2P5RPLAuto",
              "CbsCmnPT21Usb2P6RPL": "CbsCmnPT21Usb2P6RPLAuto",
              "CbsCmnPT21Usb2P7RPL": "CbsCmnPT21Usb2P7RPLAuto",
              "CbsCmnPT21Usb2P8RPL": "CbsCmnPT21Usb2P8RPLAuto",
              "CbsCmnPT21Usb2P9RPL": "CbsCmnPT21Usb2P9RPLDisable",
              "CbsCmnPT21Usb3GenSelectRPL": "CbsCmnPT21Usb3GenSelectRPLGen2x1",
              "CbsCmnPT21Usb3P0RPL": "CbsCmnPT21Usb3P0RPLAuto",
              "CbsCmnPT21Usb3P1RPL": "CbsCmnPT21Usb3P1RPLAuto",
              "CbsCmnPT21Usb3P2RPL": "CbsCmnPT21Usb3P2RPLAuto",
              "CbsCmnPT21Usb3P3RPL": "CbsCmnPT21Usb3P3RPLAuto",
              "CbsCmnPT21Usb3P4RPL": "CbsCmnPT21Usb3P4RPLAuto",
              "CbsCmnPT21Usb3P5RPL": "CbsCmnPT21Usb3P5RPLAuto",
              "CbsCmnPspRpmcSwitchRPL": "CbsCmnPspRpmcSwitchRPLAuto",
              "CbsCmnSTAPMCtlRPL": "CbsCmnSTAPMCtlRPLAuto",
              "CbsCmnSTTAlphaAPURPL": "0",
              "CbsCmnSTTAlphaHS2RPL": "0",
              "CbsCmnSTTCAPURPL": "0",
              "CbsCmnSTTCHs2RPL": "0",
              "CbsCmnSTTErrorCoeffRPL": "0",
              "CbsCmnSTTErrorRateCoeffRPL": "0",
              "CbsCmnSTTM1RPL": "0",
              "CbsCmnSTTM2RPL": "0",
              "CbsCmnSTTM3RPL": "0",
              "CbsCmnSTTM4RPL": "0",
              "CbsCmnSTTM5RPL": "0",
              "CbsCmnSTTM6RPL": "0",
              "CbsCmnSTTPcbSensorCountRPL": "0",
              "CbsCmnSTTSkinTemperatureLimitApuRPL": "0",
              "CbsCmnSTTSkinTemperatureLimitHs2RPL": "0",
              "CbsCmnScpcAttrCntlRPL": "CbsCmnScpcAttrCntlRPLCustomized",
              "CbsCmnSecPT21PcieP0LaneRevRPL": "CbsCmnSecPT21PcieP0LaneRevRPLAuto",
              "CbsCmnSecPT21PcieP0RPL": "CbsCmnSecPT21PcieP0RPLAuto",
              "CbsCmnSecPT21PcieP0SpeedRPL": "CbsCmnSecPT21PcieP0SpeedRPLAuto",
              "CbsCmnSecPT21PcieP10LaneRevRPL": "CbsCmnSecPT21PcieP10LaneRevRPLAuto",
              "CbsCmnSecPT21PcieP10RPL": "CbsCmnSecPT21PcieP10RPLAuto",
              "CbsCmnSecPT21PcieP10SpeedRPL": "CbsCmnSecPT21PcieP10SpeedRPLAuto",
              "CbsCmnSecPT21PcieP11RPL": "CbsCmnSecPT21PcieP11RPLAuto",
              "CbsCmnSecPT21PcieP11SpeedRPL": "CbsCmnSecPT21PcieP11SpeedRPLAuto",
              "CbsCmnSecPT21PcieP1RPL": "CbsCmnSecPT21PcieP1RPLAuto",
              "CbsCmnSecPT21PcieP1SpeedRPL": "CbsCmnSecPT21PcieP1SpeedRPLAuto",
              "CbsCmnSecPT21PcieP2LaneRevRPL": "CbsCmnSecPT21PcieP2LaneRevRPLAuto",
              "CbsCmnSecPT21PcieP2RPL": "CbsCmnSecPT21PcieP2RPLAuto",
              "CbsCmnSecPT21PcieP2SpeedRPL": "CbsCmnSecPT21PcieP2SpeedRPLAuto",
              "CbsCmnSecPT21PcieP3RPL": "CbsCmnSecPT21PcieP3RPLAuto",
              "CbsCmnSecPT21PcieP3SpeedRPL": "CbsCmnSecPT21PcieP3SpeedRPLAuto",
              "CbsCmnSecPT21PcieP4LaneRevRPL": "CbsCmnSecPT21PcieP4LaneRevRPLAuto",
              "CbsCmnSecPT21PcieP4RPL": "CbsCmnSecPT21PcieP4RPLAuto",
              "CbsCmnSecPT21PcieP4SpeedRPL": "CbsCmnSecPT21PcieP4SpeedRPLAuto",
              "CbsCmnSecPT21PcieP5RPL": "CbsCmnSecPT21PcieP5RPLAuto",
              "CbsCmnSecPT21PcieP5SpeedRPL": "CbsCmnSecPT21PcieP5SpeedRPLAuto",
              "CbsCmnSecPT21PcieP6LaneRevRPL": "CbsCmnSecPT21PcieP6LaneRevRPLAuto",
              "CbsCmnSecPT21PcieP6RPL": "CbsCmnSecPT21PcieP6RPLAuto",
              "CbsCmnSecPT21PcieP6SpeedRPL": "CbsCmnSecPT21PcieP6SpeedRPLAuto",
              "CbsCmnSecPT21PcieP7RPL": "CbsCmnSecPT21PcieP7RPLAuto",
              "CbsCmnSecPT21PcieP7SpeedRPL": "CbsCmnSecPT21PcieP7SpeedRPLAuto",
              "CbsCmnSecPT21PcieP8LaneRevRPL": "CbsCmnSecPT21PcieP8LaneRevRPLAuto",
              "CbsCmnSecPT21PcieP8RPL": "CbsCmnSecPT21PcieP8RPLAuto",
              "CbsCmnSecPT21PcieP8SpeedRPL": "CbsCmnSecPT21PcieP8SpeedRPLAuto",
              "CbsCmnSecPT21PcieP9RPL": "CbsCmnSecPT21PcieP9RPLAuto",
              "CbsCmnSecPT21PcieP9SpeedRPL": "CbsCmnSecPT21PcieP9SpeedRPLAuto",
              "CbsCmnSecPT21SIProgEnableRPL": "CbsCmnSecPT21SIProgEnableRPLAuto",
              "CbsCmnSecPT21SataClassRPL": "CbsCmnSecPT21SataClassRPLAuto",
              "CbsCmnSecPT21SataP0Gen1EmpLevelRPL": "1",
              "CbsCmnSecPT21SataP0Gen1SwingRPL": "3",
              "CbsCmnSecPT21SataP0Gen2EmpLevelRPL": "1",
              "CbsCmnSecPT21SataP0Gen2SwingRPL": "3",
              "CbsCmnSecPT21SataP0Gen3EmpLevelRPL": "10",
              "CbsCmnSecPT21SataP0Gen3SwingRPL": "15",
              "CbsCmnSecPT21SataP1Gen1EmpLevelRPL": "1",
              "CbsCmnSecPT21SataP1Gen1SwingRPL": "3",
              "CbsCmnSecPT21SataP1Gen2EmpLevelRPL": "1",
              "CbsCmnSecPT21SataP1Gen2SwingRPL": "3",
              "CbsCmnSecPT21SataP1Gen3EmpLevelRPL": "10",
              "CbsCmnSecPT21SataP1Gen3SwingRPL": "15",
              "CbsCmnSecPT21SataP2Gen1EmpLevelRPL": "1",
              "CbsCmnSecPT21SataP2Gen1SwingRPL": "3",
              "CbsCmnSecPT21SataP2Gen2EmpLevelRPL": "1",
              "CbsCmnSecPT21SataP2Gen2SwingRPL": "3",
              "CbsCmnSecPT21SataP2Gen3EmpLevelRPL": "10",
              "CbsCmnSecPT21SataP2Gen3SwingRPL": "15",
              "CbsCmnSecPT21SataP3Gen1EmpLevelRPL": "1",
              "CbsCmnSecPT21SataP3Gen1SwingRPL": "3",
              "CbsCmnSecPT21SataP3Gen2EmpLevelRPL": "1",
              "CbsCmnSecPT21SataP3Gen2SwingRPL": "3",
              "CbsCmnSecPT21SataP3Gen3EmpLevelRPL": "10",
              "CbsCmnSecPT21SataP3Gen3SwingRPL": "15",
              "CbsCmnSecPT21SataPort0RPL": "CbsCmnSecPT21SataPort0RPLAuto",
              "CbsCmnSecPT21SataPort1RPL": "CbsCmnSecPT21SataPort1RPLAuto",
              "CbsCmnSecPT21SataPort2RPL": "CbsCmnSecPT21SataPort2RPLAuto",
              "CbsCmnSecPT21SataPort3RPL": "CbsCmnSecPT21SataPort3RPLAuto",
              "CbsCmnSecPT21USB2P0DrivingCurrentRPL": "0",
              "CbsCmnSecPT21USB2P0SlewRateRPL": "2",
              "CbsCmnSecPT21USB2P0TerminationRPL": "3",
              "CbsCmnSecPT21USB2P1DrivingCurrentRPL": "0",
              "CbsCmnSecPT21USB2P1SlewRateRPL": "2",
              "CbsCmnSecPT21USB2P1TerminationRPL": "3",
              "CbsCmnSecPT21USB2P4DrivingCurrentRPL": "0",
              "CbsCmnSecPT21USB2P4SlewRateRPL": "2",
              "CbsCmnSecPT21USB2P4TerminationRPL": "3",
              "CbsCmnSecPT21USB2P5DrivingCurrentRPL": "0",
              "CbsCmnSecPT21USB2P5SlewRateRPL": "2",
              "CbsCmnSecPT21USB2P5TerminationRPL": "3",
              "CbsCmnSecPT21USB2P8DrivingCurrentRPL": "0",
              "CbsCmnSecPT21USB2P8SlewRateRPL": "2",
              "CbsCmnSecPT21USB2P8TerminationRPL": "3",
              "CbsCmnSecPT21USB2P9DrivingCurrentRPL": "0",
              "CbsCmnSecPT21USB2P9SlewRateRPL": "2",
              "CbsCmnSecPT21USB2P9TerminationRPL": "3",
              "CbsCmnSecPT21USB3P0Gen1EmpLevelRPL": "3",
              "CbsCmnSecPT21USB3P0Gen1PreshootRPL": "0",
              "CbsCmnSecPT21USB3P0Gen1SwingRPL": "15",
              "CbsCmnSecPT21USB3P0Gen2Cp0EmpLevelRPL": "3",
              "CbsCmnSecPT21USB3P0Gen2Cp0PreshootRPL": "0",
              "CbsCmnSecPT21USB3P0Gen2Cp13EmpLevelRPL": "3",
              "CbsCmnSecPT21USB3P0Gen2Cp13PreshootRPL": "0",
              "CbsCmnSecPT21USB3P0Gen2Cp14EmpLevelRPL": "3",
              "CbsCmnSecPT21USB3P0Gen2Cp14PreshootRPL": "0",
              "CbsCmnSecPT21USB3P0Gen2Cp15EmpLevelRPL": "3",
              "CbsCmnSecPT21USB3P0Gen2Cp15PreshootRPL": "0",
              "CbsCmnSecPT21USB3P0Gen2Cp16EmpLevelRPL": "3",
              "CbsCmnSecPT21USB3P0Gen2Cp16PreshootRPL": "0",
              "CbsCmnSecPT21USB3P0Gen2SwingRPL": "15",
              "CbsCmnSecPT21USB3P1Gen1EmpLevelRPL": "3",
              "CbsCmnSecPT21USB3P1Gen1PreshootRPL": "0",
              "CbsCmnSecPT21USB3P1Gen1SwingRPL": "15",
              "CbsCmnSecPT21USB3P1Gen2Cp0EmpLevelRPL": "3",
              "CbsCmnSecPT21USB3P1Gen2Cp0PreshootRPL": "0",
              "CbsCmnSecPT21USB3P1Gen2Cp13EmpLevelRPL": "3",
              "CbsCmnSecPT21USB3P1Gen2Cp13PreshootRPL": "0",
              "CbsCmnSecPT21USB3P1Gen2Cp14EmpLevelRPL": "3",
              "CbsCmnSecPT21USB3P1Gen2Cp14PreshootRPL": "0",
              "CbsCmnSecPT21USB3P1Gen2Cp15EmpLevelRPL": "3",
              "CbsCmnSecPT21USB3P1Gen2Cp15PreshootRPL": "0",
              "CbsCmnSecPT21USB3P1Gen2Cp16EmpLevelRPL": "3",
              "CbsCmnSecPT21USB3P1Gen2Cp16PreshootRPL": "0",
              "CbsCmnSecPT21USB3P1Gen2SwingRPL": "15",
              "CbsCmnSecPT21USB3P2Gen1EmpLevelRPL": "3",
              "CbsCmnSecPT21USB3P2Gen1PreshootRPL": "0",
              "CbsCmnSecPT21USB3P2Gen1SwingRPL": "15",
              "CbsCmnSecPT21USB3P2Gen2Cp0EmpLevelRPL": "3",
              "CbsCmnSecPT21USB3P2Gen2Cp0PreshootRPL": "0",
              "CbsCmnSecPT21USB3P2Gen2Cp13EmpLevelRPL": "3",
              "CbsCmnSecPT21USB3P2Gen2Cp13PreshootRPL": "0",
              "CbsCmnSecPT21USB3P2Gen2Cp14EmpLevelRPL": "3",
              "CbsCmnSecPT21USB3P2Gen2Cp14PreshootRPL": "0",
              "CbsCmnSecPT21USB3P2Gen2Cp15EmpLevelRPL": "3",
              "CbsCmnSecPT21USB3P2Gen2Cp15PreshootRPL": "0",
              "CbsCmnSecPT21USB3P2Gen2Cp16EmpLevelRPL": "3",
              "CbsCmnSecPT21USB3P2Gen2Cp16PreshootRPL": "0",
              "CbsCmnSecPT21USB3P2Gen2SwingRPL": "15",
              "CbsCmnSecPT21USB3P3Gen1EmpLevelRPL": "3",
              "CbsCmnSecPT21USB3P3Gen1PreshootRPL": "0",
              "CbsCmnSecPT21USB3P3Gen1SwingRPL": "15",
              "CbsCmnSecPT21USB3P3Gen2Cp0EmpLevelRPL": "3",
              "CbsCmnSecPT21USB3P3Gen2Cp0PreshootRPL": "0",
              "CbsCmnSecPT21USB3P3Gen2Cp13EmpLevelRPL": "3",
              "CbsCmnSecPT21USB3P3Gen2Cp13PreshootRPL": "0",
              "CbsCmnSecPT21USB3P3Gen2Cp14EmpLevelRPL": "3",
              "CbsCmnSecPT21USB3P3Gen2Cp14PreshootRPL": "0",
              "CbsCmnSecPT21USB3P3Gen2Cp15EmpLevelRPL": "3",
              "CbsCmnSecPT21USB3P3Gen2Cp15PreshootRPL": "0",
              "CbsCmnSecPT21USB3P3Gen2Cp16EmpLevelRPL": "3",
              "CbsCmnSecPT21USB3P3Gen2Cp16PreshootRPL": "0",
              "CbsCmnSecPT21USB3P3Gen2SwingRPL": "15",
              "CbsCmnSecPT21USB3P4Gen1EmpLevelRPL": "3",
              "CbsCmnSecPT21USB3P4Gen1PreshootRPL": "0",
              "CbsCmnSecPT21USB3P4Gen1SwingRPL": "15",
              "CbsCmnSecPT21USB3P4Gen2Cp0EmpLevelRPL": "3",
              "CbsCmnSecPT21USB3P4Gen2Cp0PreshootRPL": "0",
              "CbsCmnSecPT21USB3P4Gen2Cp13EmpLevelRPL": "3",
              "CbsCmnSecPT21USB3P4Gen2Cp13PreshootRPL": "0",
              "CbsCmnSecPT21USB3P4Gen2Cp14EmpLevelRPL": "3",
              "CbsCmnSecPT21USB3P4Gen2Cp14PreshootRPL": "0",
              "CbsCmnSecPT21USB3P4Gen2Cp15EmpLevelRPL": "3",
              "CbsCmnSecPT21USB3P4Gen2Cp15PreshootRPL": "0",
              "CbsCmnSecPT21USB3P4Gen2Cp16EmpLevelRPL": "3",
              "CbsCmnSecPT21USB3P4Gen2Cp16PreshootRPL": "0",
              "CbsCmnSecPT21USB3P4Gen2SwingRPL": "15",
              "CbsCmnSecPT21USB3P5Gen1EmpLevelRPL": "3",
              "CbsCmnSecPT21USB3P5Gen1PreshootRPL": "0",
              "CbsCmnSecPT21USB3P5Gen1SwingRPL": "15",
              "CbsCmnSecPT21USB3P5Gen2Cp0EmpLevelRPL": "3",
              "CbsCmnSecPT21USB3P5Gen2Cp0PreshootRPL": "0",
              "CbsCmnSecPT21USB3P5Gen2Cp13EmpLevelRPL": "3",
              "CbsCmnSecPT21USB3P5Gen2Cp13PreshootRPL": "0",
              "CbsCmnSecPT21USB3P5Gen2Cp14EmpLevelRPL": "3",
              "CbsCmnSecPT21USB3P5Gen2Cp14PreshootRPL": "0",
              "CbsCmnSecPT21USB3P5Gen2Cp15EmpLevelRPL": "3",
              "CbsCmnSecPT21USB3P5Gen2Cp15PreshootRPL": "0",
              "CbsCmnSecPT21USB3P5Gen2Cp16EmpLevelRPL": "3",
              "CbsCmnSecPT21USB3P5Gen2Cp16PreshootRPL": "0",
              "CbsCmnSecPT21USB3P5Gen2SwingRPL": "15",
              "CbsCmnSecPT21Usb2P0RPL": "CbsCmnSecPT21Usb2P0RPLAuto",
              "CbsCmnSecPT21Usb2P10RPL": "CbsCmnSecPT21Usb2P10RPLDisable",
              "CbsCmnSecPT21Usb2P11RPL": "CbsCmnSecPT21Usb2P11RPLDisable",
              "CbsCmnSecPT21Usb2P1RPL": "CbsCmnSecPT21Usb2P1RPLAuto",
              "CbsCmnSecPT21Usb2P2RPL": "CbsCmnSecPT21Usb2P2RPLAuto",
              "CbsCmnSecPT21Usb2P3RPL": "CbsCmnSecPT21Usb2P3RPLAuto",
              "CbsCmnSecPT21Usb2P4RPL": "CbsCmnSecPT21Usb2P4RPLAuto",
              "CbsCmnSecPT21Usb2P5RPL": "CbsCmnSecPT21Usb2P5RPLAuto",
              "CbsCmnSecPT21Usb2P6RPL": "CbsCmnSecPT21Usb2P6RPLAuto",
              "CbsCmnSecPT21Usb2P7RPL": "CbsCmnSecPT21Usb2P7RPLAuto",
              "CbsCmnSecPT21Usb2P8RPL": "CbsCmnSecPT21Usb2P8RPLAuto",
              "CbsCmnSecPT21Usb2P9RPL": "CbsCmnSecPT21Usb2P9RPLAuto",
              "CbsCmnSecPT21Usb3GenSelectRPL": "CbsCmnSecPT21Usb3GenSelectRPLGen2x1",
              "CbsCmnSecPT21Usb3P0RPL": "CbsCmnSecPT21Usb3P0RPLAuto",
              "CbsCmnSecPT21Usb3P1RPL": "CbsCmnSecPT21Usb3P1RPLAuto",
              "CbsCmnSecPT21Usb3P2RPL": "CbsCmnSecPT21Usb3P2RPLAuto",
              "CbsCmnSecPT21Usb3P3RPL": "CbsCmnSecPT21Usb3P3RPLAuto",
              "CbsCmnSecPT21Usb3P4RPL": "CbsCmnSecPT21Usb3P4RPLAuto",
              "CbsCmnSecPT21Usb3P5RPL": "CbsCmnSecPT21Usb3P5RPLAuto",
              "CbsCmnSlowPPTTimeConstantRPL": "0",
              "CbsCmnSmuFclkFrequencyRPL": "CbsCmnSmuFclkFrequencyRPLAuto",
              "CbsCmnSoCMiscHspFipsRPL": "CbsCmnSoCMiscHspFipsRPLAuto",
              "CbsCmnSoCMiscHspFipsZeroizationRPL": "CbsCmnSoCMiscHspFipsZeroizationRPLAuto",
              "CbsCmnSoCMiscHspUartPortRPL": "CbsCmnSoCMiscHspUartPortRPLAuto",
              "CbsCmnSoCMiscHspUartRPL": "CbsCmnSoCMiscHspUartRPLAuto",
              "CbsCmnSoCMiscMpmSupportRPL": "CbsCmnSoCMiscMpmSupportRPLAuto",
              "CbsCmnSoCMiscWiredKvmRPL": "CbsCmnSoCMiscWiredKvmRPLAuto",
              "CbsCmnSoCMiscWirelessKvmRPL": "CbsCmnSoCMiscWirelessKvmRPLAuto",
              "CbsCmnSoCMiscWirelessManageabilityRPL": "CbsCmnSoCMiscWirelessManageabilityRPLAuto",
              "CbsCmnSoCMiscWirelessTcrRPL": "CbsCmnSoCMiscWirelessTcrRPLAuto",
              "CbsCmnSocAblConOutBootModeRPL": "CbsCmnSocAblConOutBootModeRPLALL",
              "CbsCmnSocAblConOutRPL": "CbsCmnSocAblConOutRPLAuto",
              "CbsCmnSocAblPmuMsgCtrlRPL": "CbsCmnSocAblPmuMsgCtrlRPLAuto",
              "CbsCmnSocDrtmSupportRPL": "CbsCmnSocDrtmSupportRPLAuto",
              "CbsCmnSocFarEnforcedRPL": "CbsCmnSocFarEnforcedRPLDisabled",
              "CbsCmnSocFarSwitchRPL": "CbsCmnSocFarSwitchRPLAuto",
              "CbsCmnSocInitSplForFarRPL": "0",
              "CbsCmnSocProPartAttrCntlRPL": "CbsCmnSocProPartAttrCntlRPL0",
              "CbsCmnSocPtuSecPsrRPL": "CbsCmnSocPtuSecPsrRPLAuto",
              "CbsCmnSocScpcAutoEnablementRPL": "CbsCmnSocScpcAutoEnablementRPLAuto",
              "CbsCmnSocScpcLevelsRPL": "CbsCmnSocScpcLevelsRPLCustomized",
              "CbsCmnSocSecureBioCameraTypeRPL": "CbsCmnSocSecureBioCameraTypeRPLAuto",
              "CbsCmnSocSecureBioRPL": "CbsCmnSocSecureBioRPLAuto",
              "CbsCmnSocSmmIsolationSupportRPL": "CbsCmnSocSmmIsolationSupportRPLAuto",
              "CbsCmnSocSplFuseRPL": "0",
              "CbsCmnSocSplValueInTblRPL": "0",
              "CbsCmnSocTpmSupportRPL": "CbsCmnSocTpmSupportRPLAuto",
              "CbsCmnStapmBoostOverrideRPL": "CbsCmnStapmBoostOverrideRPLAuto",
              "CbsCmnStapmBoostRPL": "CbsCmnStapmBoostRPLAuto",
              "CbsCmnSttMinLimitRPL": "0",
              "CbsCmnSyncFifoModeRPL": "CbsCmnSyncFifoModeRPLAuto",
              "CbsCmnSystemTemperatureTrackingRPL": "CbsCmnSystemTemperatureTrackingRPLAuto",
              "CbsCmnTskinTimeConstantRPL": "0",
              "CbsCmndGPUOnlyModeEnRPL": "CbsCmndGPUOnlyModeEnRPLAuto",
              "CbsComboFlagRPL": "10",
              "CbsCpuLatencyUnderLoadRPL": "CbsCpuLatencyUnderLoadRPLAuto",
              "CbsCpuSmtCtrlRPL": "CbsCpuSmtCtrlRPLDisabled",
              "CbsCpuSpeculativeStoreModesRPL": "CbsCpuSpeculativeStoreModesRPLAuto",
              "CbsCpuSvmEnableRPL": "CbsCpuSvmEnableRPLAuto",
              "CbsCpuSvmLockRPL": "CbsCpuSvmLockRPLAuto",
              "CbsDbgCpuGenCpuWdtRPL": "CbsDbgCpuGenCpuWdtRPLAuto",
              "CbsDbgCpuGenCpuWdtTimeoutRPL": "CbsDbgCpuGenCpuWdtTimeoutRPLAuto",
              "CbsDbgCpuLApicModeRPL": "CbsDbgCpuLApicModeRPLAuto",
              "CbsDbgCpuSnpMemCoverRPL": "CbsDbgCpuSnpMemCoverRPLAuto",
              "CbsDbgCpuSnpMemSizeCoverRPL": "0",
              "CbsDbgEDCCtlRPL": "CbsDbgEDCCtlRPLAuto",
              "CbsDbgEDCVDDLimitRPL": "0",
              "CbsDbgEcoModeRPL": "CbsDbgEcoModeRPLDisable",
              "CbsDbgFanCtlRPL": "CbsDbgFanCtlRPLAuto",
              "CbsDbgFanPolarityRPL": "CbsDbgFanPolarityRPLAuto",
              "CbsDbgFanTableCtlRPL": "CbsDbgFanTableCtlRPLAuto",
              "CbsDbgFanTableHystRPL": "0",
              "CbsDbgFanTablePwmFreqRPL": "CbsDbgFanTablePwmFreqRPLAuto",
              "CbsDbgFanTablePwmHighRPL": "0",
              "CbsDbgFanTablePwmMedRPL": "0",
              "CbsDbgFanTableTPwmLowRPL": "0",
              "CbsDbgFanTableTempCriticalRPL": "0",
              "CbsDbgFanTableTempHighRPL": "0",
              "CbsDbgFanTableTempLowRPL": "0",
              "CbsDbgFanTableTempMedRPL": "0",
              "CbsDbgFchSystemSpreadSpectrumRPL": "CbsDbgFchSystemSpreadSpectrumRPLAuto",
              "CbsDbgGfxOffRPL": "CbsDbgGfxOffRPLAuto",
              "CbsDbgGnbAudioIOsRPL": "CbsDbgGnbAudioIOsRPLAuto",
              "CbsDbgPPTCtlRPL": "CbsDbgPPTCtlRPLAuto",
              "CbsDbgPPTLimitRPL": "0",
              "CbsDbgPT21SataAggressiveDevSlpP0RPL": "CbsDbgPT21SataAggressiveDevSlpP0RPLAuto",
              "CbsDbgPT21SataAggressiveDevSlpP1RPL": "CbsDbgPT21SataAggressiveDevSlpP1RPLAuto",
              "CbsDbgPT21SataAggressiveDevSlpP2RPL": "CbsDbgPT21SataAggressiveDevSlpP2RPLAuto",
              "CbsDbgPT21SataAggressiveDevSlpP3RPL": "CbsDbgPT21SataAggressiveDevSlpP3RPLAuto",
              "CbsDbgPT21XhciP0GenRPL": "CbsDbgPT21XhciP0GenRPLAuto",
              "CbsDbgPT21XhciP1GenRPL": "CbsDbgPT21XhciP1GenRPLAuto",
              "CbsDbgPT21XhciP2GenRPL": "CbsDbgPT21XhciP2GenRPLAuto",
              "CbsDbgPT21XhciP3GenRPL": "CbsDbgPT21XhciP3GenRPLAuto",
              "CbsDbgPT21XhciP4GenRPL": "CbsDbgPT21XhciP4GenRPLAuto",
              "CbsDbgPT21XhciP5GenRPL": "CbsDbgPT21XhciP5GenRPLAuto",
              "CbsDbgProchotCtlRPL": "CbsDbgProchotCtlRPLAuto",
              "CbsDbgProchotRampTimeRPL": "0",
              "CbsDbgSTTCtlRPL": "CbsDbgSTTCtlRPLAuto",
              "CbsDbgSecPT21SataAggresiveDevSlpP0RPL": "CbsDbgSecPT21SataAggresiveDevSlpP0RPLAuto",
              "CbsDbgSecPT21SataAggresiveDevSlpP1RPL": "CbsDbgSecPT21SataAggresiveDevSlpP1RPLAuto",
              "CbsDbgSecPT21SataAggresiveDevSlpP2RPL": "CbsDbgSecPT21SataAggresiveDevSlpP2RPLAuto",
              "CbsDbgSecPT21SataAggresiveDevSlpP3RPL": "CbsDbgSecPT21SataAggresiveDevSlpP3RPLAuto",
              "CbsDbgSecPT21XhciP0GenRPL": "CbsDbgSecPT21XhciP0GenRPLAuto",
              "CbsDbgSecPT21XhciP1GenRPL": "CbsDbgSecPT21XhciP1GenRPLAuto",
              "CbsDbgSecPT21XhciP2GenRPL": "CbsDbgSecPT21XhciP2GenRPLAuto",
              "CbsDbgSecPT21XhciP3GenRPL": "CbsDbgSecPT21XhciP3GenRPLAuto",
              "CbsDbgSecPT21XhciP4GenRPL": "CbsDbgSecPT21XhciP4GenRPLAuto",
              "CbsDbgSecPT21XhciP5GenRPL": "CbsDbgSecPT21XhciP5GenRPLAuto",
              "CbsDbgTDCCtlRPL": "CbsDbgTDCCtlRPLAuto",
              "CbsDbgTDCVDDLimitRPL": "0",
              "CbsDbgTDPCtlRPL": "CbsDbgTDPCtlRPLAuto",
              "CbsDbgTDPRPL": "0",
              "CbsDbgTHMCtlRPL": "CbsDbgTHMCtlRPLAuto",
              "CbsDbgTjMaxLimitRPL": "0",
              "CbsDbgVddpVoltageCtlRPL": "CbsDbgVddpVoltageCtlRPLAuto",
              "CbsDbgVddpVoltageRPL": "0",
              "CbsDfCmnAcpiSratL3NumaRPL": "CbsDfCmnAcpiSratL3NumaRPLEnabled",
              "CbsDfCmnCc6AllocationSchemeRPL": "CbsDfCmnCc6AllocationSchemeRPLAuto",
              "CbsDfCmnCstatesRPL": "CbsDfCmnCstatesRPLAuto",
              "CbsDfCmnDramMapInversionRPL": "CbsDfCmnDramMapInversionRPLAuto",
              "CbsDfCmnExtIpSyncFloodPropRPL": "CbsDfCmnExtIpSyncFloodPropRPLAuto",
              "CbsDfCmnFreezeQueueErrorRPL": "CbsDfCmnFreezeQueueErrorRPLAuto",
              "CbsDfCmnMemIntlvRPL": "CbsDfCmnMemIntlvRPLAuto",
              "CbsDfCmnMemIntlvSizeRPL": "CbsDfCmnMemIntlvSizeRPLAuto",
              "CbsDfCmnPspErrInjRPL": "CbsDfCmnPspErrInjRPLFalse",
              "CbsDfCmnSyncFloodPropRPL": "CbsDfCmnSyncFloodPropRPLAuto",
              "CbsGnbCmnPcieAriEnumerationRPL": "CbsGnbCmnPcieAriEnumerationRPLAuto",
              "CbsPcieCoreRetimerMarginingSupportRPL": "CbsPcieCoreRetimerMarginingSupportRPLAuto",
              "CbsPspSevCtrlRPL": "CbsPspSevCtrlRPLAuto",
              "DBG002": "DBG002Disabled",
              "DBG003": "DBG003Disabled",
              "FBO001": "FBO001UEFI",
              "FBO101": "FBO101HardDisk",
              "FBO102": "FBO102NVME",
              "FBO103": "FBO103CDDVD",
              "FBO104": "FBO104USBDevice",
              "FBO105": "FBO105Network",
              "FBO201": "FBO201NVMEproxmox",
              "FBO202": "FBO202HardDiskubuntuSATA0SamsungSSD870EVO1TB",
              "FBO203": "FBO203CDDVD",
              "FBO204": "FBO204USBDevice",
              "FBO205": "FBO205Network",
              "FBO206": "FBO206UEFIAPUEFIBuiltinEFIShell",
              "FBO301": "FBO301HardDisk",
              "FBO742": "FBO742proxmox",
              "FBO743": "FBO743UEFIOSKINGSTONSNV2S1000G",
              "FBO814": "FBO814UEFIBuiltinEFIShell",
              "GSIO020": "false",
              "GSIO201": "true",
              "GSIO202": "true",
              "IPMI000": "IPMI000Enabled",
              "IPMI001": "IPMI001No",
              "IPMI002": "IPMI002DoNothing",
              "IPMI003": "IPMI003Errorcode",
              "IPMI100": "IPMI100Enabled",
              "IPMI101": "6",
              "IPMI102": "IPMI102DoNothing",
              "IPMI103": "IPMI103Disabled",
              "IPMI104": "10",
              "IPMI105": "IPMI105Reset",
              "IPMI200": "IPMI200YesOneveryreset",
              "IPMI201": "IPMI201ClearLog",
              "IPMI600": "IPMI600Enabled",
              "IPMI601": "IPMI601Enabled",
              "IPMI605": "IPMI605KcsInterface",
              "KCSCONTROL": "KCSCONTROLNochange",
              "MAPIDS": "TCG003:0,TCG001:1,TCG006:1,TCG004:1,TCG002:1,TCG016:1,TCG017:1,TCG018:1,TCG019:1,TCG020:1,TCG021:1,TCG007:1,TCG011:1,TCG012:1,TCG013:1,TCG022:1,TCG010:1,TCG014:1,PSP002:0,CPU001:0,CPU004:0,ACPI004:0,ACPI002:0,REDF000:0,REDF001:0,REDF002:0,REDF003:0,REDF004:0,CRB001:0,CRB010:0,CRB014:1,CRB022:1,CRB030:1,CRB015:1,CRB023:1,CRB031:1,CRB016:1,CRB024:1,CRB032:1,CRB017:1,CRB025:1,CRB033:1,CRB018:1,CRB026:1,CRB034:1,CRB019:1,CRB027:1,CRB035:1,CRB020:1,CRB028:1,CRB036:1,CRB021:1,CRB029:1,CRB037:1,GSIO201:0,SUPERIO001:0,GSIO202:0,SUPERIO004:0,NVLCK002:0,TER001:1,TER002:1,TER010:0,TER06B:0,TER011:0,TER0020:0,TER05C:0,TER02F:0,TER03E:0,TER04D:0,TER0A8:0,TER07A:0,TER0A7:0,TER012:0,TER0021:0,TER030:0,TER03F:0,TER04E:0,TER05D:0,TER07B:0,TER089:0,TER06c:0,TER098:0,TER013:0,TER0022:0,TER031:0,TER040:0,TER04F:0,TER05E:0,TER07C:0,TER08A:0,TER06D:0,TER099:0,CPU003:1,DBG002:0,DBG003:0,GSIO020:0,USB000:1,USB002:0,USB001:1,USB003:1,USB004:1,USB00F:1,USB00D:0,USB00A:1,USB009:1,USB00B:1,USB00C:1,USB011:1,USB012:1,USB013:1,USB014:1,USB015:1,USB016:1,USB017:1,USB018:1,USB019:1,USB01A:1,USB01B:1,USB01C:1,USB01D:1,USB01E:1,USB01F:1,USB020:1,USB021:1,USB022:1,USB023:1,USB024:1,USB025:1,USB026:1,USB027:1,USB028:1,USB029:1,USB02A:1,USB02B:1,USB02C:1,USB02D:1,USB02E:1,USB02F:1,USB030:1,NWSK000:0,NWSK001:0,NWSK006:0,NWSK002:0,NWSK007:0,NWSK004:0,NWSK005:0,Boot007:1,CSM002:1,CSM000:1,CSM001:1,CSM011:1,CSM006:1,CSM007:1,CSM008:1,CSM009:1,CSM010:1,ACHIPSET001:0,ACHIPSET005:0,ACHIPSET006:0,ACHIPSET004:0,ACHIPSET003:0,ASRRACPI000:0,ASRRACPI001:0,ASRRACPI002:0,ASRRACPI003:0,ASRRACPI004:0,ASRRACPI005:0,NB005:0,SETUP001:0,SETUP002:0,AHCI000:1,SECB001:0,SECB002:0,SECB008:0,SETUP003:0,SETUP004:0,FBO001:0,FBO201:1,FBO202:1,FBO203:1,FBO204:1,FBO205:1,FBO206:1,FBO301:1,FBO101:1,FBO102:1,FBO103:1,FBO104:1,FBO105:1,SETUP005:0,RFWCS030:1,PCID001:1,PCID007:0,PCID002:1,PCID003:1,PCID004:1,PCID005:1,CbsComboFlagRPL:1,NewRecordOffsetRPL:1,CbsCmnCpuGenWA05RPL:0,CbsCmnCpuCpbRPL:0,CbsCmnCpuGlobalCstateCtrlRPL:0,CbsCmnGnbPowerSupplyIdleCtrlRPL:0,CbsPspSevCtrlRPL:1,CbsCmnCpuSevAsidSpaceLimitRPL:1,CbsCmnCpuOpcacheGrayoutFlagRPL:1,CbsCmnCpuOpcacheCtrlRPL:1,CbsCmnCpuStreamingStoresCtrlRPL:0,CbsDbgCpuLApicModeRPL:0,CbsCmnCpuCstC1CtrlRPL:0,CbsCmnCpuPfehRPL:0,CbsCmnCpuMcaErrThreshEnRPL:0,CbsCmnCpuMcaErrThreshCountRPL:1,CbsCmnCpuMcaFruTextEnRPL:0,CbsCmnCpuSmuPspDebugModeRPL:0,CbsCmnCpuPpinCtrlRPL:0,CbsCmnCpuRMSSRPL:0,CbsCmnCpuERMSRPL:0,CbsCmnCpuFSRMRPL:0,CbsDbgCpuSnpMemCoverRPL:0,CbsDbgCpuSnpMemSizeCoverRPL:1,CbsCmnCpuSmeeRPL:0,CbsCmnActionOnBistFailureRPL:0,CbsCmnCpuLogTransparentErrorsRPL:0,CbsCmnCpuAvx512RPL:0,CbsCmnCpuMonMwaitDisRPL:0,CbsCmnCpuScpEnRPL:0,CbsCmnCpuPauseDelayRPL:0,CbsCpuSpeculativeStoreModesRPL:0,CbsCpuSvmLockRPL:1,CbsCpuSvmEnableRPL:1,CbsCpuLatencyUnderLoadRPL:1,CbsCpuSmtCtrlRPL:0,CbsCmnCpuL1StreamHwPrefetcherRPL:0,CbsCmnCpuL2StreamHwPrefetcherRPL:0,CbsCmnCpuL1StridePrefetcherRPL:0,CbsCmnCpuL1RegionPrefetcherRPL:0,CbsCmnCpuL1BurstPrefetchModeRPL:0,CbsCmnCpuL2UpDownPrefetcherRPL:0,CbsDbgCpuGenCpuWdtRPL:0,CbsDbgCpuGenCpuWdtTimeoutRPL:1,CbsCmnCpuWdtSevRPL:1,CbsDfCmnExtIpSyncFloodPropRPL:0,CbsDfCmnSyncFloodPropRPL:0,CbsDfCmnFreezeQueueErrorRPL:0,CbsDfCmnCstatesRPL:0,CbsDfCmnPspErrInjRPL:0,CbsDfCmnMemIntlvRPL:0,CbsDfCmnMemIntlvSizeRPL:0,CbsDfCmnDramMapInversionRPL:0,CbsDfCmnCc6AllocationSchemeRPL:0,CbsDfCmnAcpiSratL3NumaRPL:0,CbsCmnMemTimingSettingDdrRPL:0,CbsCmnMemTargetSpeedDdrRPL:1,CbsCmnMemTimingTclCtrlDdrRPL:1,CbsCmnMemTimingTclDdrRPL:1,CbsCmnMemTimingTrcdCtrlDdrRPL:1,CbsCmnMemTimingTrcdDdrRPL:1,CbsCmnMemTimingTrpCtrlDdrRPL:1,CbsCmnMemTimingTrpDdrRPL:1,CbsCmnMemTimingTrasCtrlDdrRPL:1,CbsCmnMemTimingTrasDdrRPL:1,CbsCmnMemTimingTrcCtrlDdrRPL:1,CbsCmnMemTimingTrcDdrRPL:1,CbsCmnMemTimingTwrCtrlDdrRPL:1,CbsCmnMemTimingTwrDdrRPL:1,CbsCmnMemTimingTrfc1CtrlDdrRPL:1,CbsCmnMemTimingTrfc1DdrRPL:1,CbsCmnMemTimingTrfc2CtrlDdrRPL:1,CbsCmnMemTimingTrfc2DdrRPL:1,CbsCmnMemTimingTrfcSbCtrlDdrRPL:1,CbsCmnMemTimingTrfcSbDdrRPL:1,CbsCmnMemTimingTrtpCtrlDdrRPL:1,CbsCmnMemTimingTrtpDdrRPL:1,CbsCmnMemTimingTrrdLCtrlDdrRPL:1,CbsCmnMemTimingTrrdLDdrRPL:1,CbsCmnMemTimingTrrdSCtrlDdrRPL:1,CbsCmnMemTimingTrrdSDdrRPL:1,CbsCmnMemTimingTfawCtrlDdrRPL:1,CbsCmnMemTimingTfawDdrRPL:1,CbsCmnMemTimingTwtrLCtrlDdrRPL:1,CbsCmnMemTimingTwtrLDdrRPL:1,CbsCmnMemTimingTwtrSCtrlDdrRPL:1,CbsCmnMemTimingTwtrSDdrRPL:1,CbsCmnMemTimingTrdrdScLCtrlDdrRPL:1,CbsCmnMemTimingTrdrdScLDdrRPL:1,CbsCmnMemTimingTrdrdScCtrlDdrRPL:1,CbsCmnMemTimingTrdrdScDdrRPL:1,CbsCmnMemTimingTrdrdSdCtrlDdrRPL:1,CbsCmnMemTimingTrdrdSdDdrRPL:1,CbsCmnMemTimingTrdrdDdCtrlDdrRPL:1,CbsCmnMemTimingTrdrdDdDdrRPL:1,CbsCmnMemTimingTwrwrScLCtrlDdrRPL:1,CbsCmnMemTimingTwrwrScLDdrRPL:1,CbsCmnMemTimingTwrwrScCtrlDdrRPL:1,CbsCmnMemTimingTwrwrScDdrRPL:1,CbsCmnMemTimingTwrwrSdCtrlDdrRPL:1,CbsCmnMemTimingTwrwrSdDdrRPL:1,CbsCmnMemTimingTwrwrDdCtrlDdrRPL:1,CbsCmnMemTimingTwrwrDdDdrRPL:1,CbsCmnMemTimingTwrrdCtrlDdrRPL:1,CbsCmnMemTimingTwrrdDdrRPL:1,CbsCmnMemTimingTrdwrCtrlDdrRPL:1,CbsCmnMemTimingTrdwrDdrRPL:1,CbsCmnMemDrvStrenCkDdrRPL:0,CbsCmnMemDrvStrenCaDdrRPL:0,CbsCmnMemDrvStrenCsDdrRPL:0,CbsCmnMemCtrllerCaOdtADdrRPL:0,CbsCmnMemCtrllerCkOdtADdrRPL:0,CbsCmnMemCtrllerCsOdtADdrRPL:0,CbsCmnMemCtrllerCaOdtBDdrRPL:0,CbsCmnMemCtrllerCkOdtBDdrRPL:0,CbsCmnMemCtrllerCsOdtBDdrRPL:0,CbsCmnMemProcOdtPullUpDdrP0RPL:0,CbsCmnMemProcOdtPullDownDdrP0RPL:0,CbsCmnMemDrvStrenDqPullUpDdrP0RPL:0,CbsCmnMemDrvStrenDqPullDownDdrP0RPL:0,CbsCmnMemDramOdtImpedRttNomWrDdrP0RPL:0,CbsCmnMemDramOdtImpedRttNomRdDdrP0RPL:0,CbsCmnMemDramOdtImpedRttWrDdrP0RPL:0,CbsCmnMemDramOdtImpedRttParkDdrP0RPL:0,CbsCmnMemDramOdtImpedRttParkDqsDdrP0RPL:0,CbsCmnMemDramDrvStrenDqDdrP0RPL:0,CbsCmnMemDramDrvPullDownStrenDqDdrP0RPL:0,CbsCmnMemProcOdtPullUpDdrP1RPL:0,CbsCmnMemProcOdtPullDownDdrP1RPL:0,CbsCmnMemDrvStrenDqPullUpDdrP1RPL:0,CbsCmnMemDrvStrenDqPullDownDdrP1RPL:0,CbsCmnMemDramOdtImpedRttNomWrDdrP1RPL:0,CbsCmnMemDramOdtImpedRttNomRdDdrP1RPL:0,CbsCmnMemDramOdtImpedRttWrDdrP1RPL:0,CbsCmnMemDramOdtImpedRttParkDdrP1RPL:0,CbsCmnMemDramOdtImpedRttParkDqsDdrP1RPL:0,CbsCmnMemDramDrvStrenDqDdrP1RPL:0,CbsCmnMemDramDrvPullDownStrenDqDdrP1RPL:0,CbsCmnMemProcOdtPullUpDdrP2RPL:0,CbsCmnMemProcOdtPullDownDdrP2RPL:0,CbsCmnMemDrvStrenDqPullUpDdrP2RPL:0,CbsCmnMemDrvStrenDqPullDownDdrP2RPL:0,CbsCmnMemDramOdtImpedRttNomWrDdrP2RPL:0,CbsCmnMemDramOdtImpedRttNomRdDdrP2RPL:0,CbsCmnMemDramOdtImpedRttWrDdrP2RPL:0,CbsCmnMemDramOdtImpedRttParkDdrP2RPL:0,CbsCmnMemDramOdtImpedRttParkDqsDdrP2RPL:0,CbsCmnMemDramDrvStrenDqDdrP2RPL:0,CbsCmnMemDramDrvPullDownStrenDqDdrP2RPL:0,CbsCmnMemProcOdtPullUpDdrP3RPL:0,CbsCmnMemProcOdtPullDownDdrP3RPL:0,CbsCmnMemDrvStrenDqPullUpDdrP3RPL:0,CbsCmnMemDrvStrenDqPullDownDdrP3RPL:0,CbsCmnMemDramOdtImpedRttNomWrDdrP3RPL:0,CbsCmnMemDramOdtImpedRttNomRdDdrP3RPL:0,CbsCmnMemDramOdtImpedRttWrDdrP3RPL:0,CbsCmnMemDramOdtImpedRttParkDdrP3RPL:0,CbsCmnMemDramOdtImpedRttParkDqsDdrP3RPL:0,CbsCmnMemDramDrvStrenDqDdrP3RPL:0,CbsCmnMemDramDrvPullDownStrenDqDdrP3RPL:0,CbsCmnMemCtrllerPowerDownEnDdrRPL:0,CbsCmnMemEccDisErrInjectionDdrRPL:0,CbsCmnMemEccEnDdrRPL:0,CbsCmnMemTsmeEnableDdrRPL:1,CbsCmnMemDataCtrlDataScrambleEnDdrRPL:0,CbsCmnMemMappingBankInterleaveDdrRPL:0,CbsCmnMemAddressHashBankDdrRPL:0,CbsCmnMemAddressHashCsDdrRPL:0,CbsCmnMemAddressHashSubchannelDdrRPL:0,CbsCmnMemCtrllerBankSwapModeDdrRPL:0,CbsCmnMemCtrllerPmuTrainDfeDdrRPL:0,CbsCmnMemDramPdaDeviceIdProgModeDdrRPL:0,CbsCmnMemNumOfTxDfeTapsRPL:0,CbsCmnMemCtrllerPptCtlDdrRPL:0,CbsCmnMemNitroModeDdrTrainingRuntimeReductionRPL:0,CbsCmnMemRxBurstLengthRPL:0,CbsCmnMemTxBurstLengthRPL:0,CbsCmnMemCtrllerRx2DTrainOptDdrRPL:0,CbsCmnMemCtrllerRx2DDfeDdrRPL:1,CbsCmnMemCtrllerRx2DVoltStepSizeDdrRPL:1,CbsCmnMemCtrllerRx2DDelayStepSizeDdrRPL:1,CbsCmnMemCtrllerTx2DTrainOptDdrRPL:0,CbsCmnMemCtrllerTx2DDfeDdrRPL:1,CbsCmnMemCtrllerTx2DVoltStepSizeDdrRPL:1,CbsCmnMemCtrllerTx2DDelayStepSizeDdrRPL:1,CbsCmnMemCtrllerTx2DVoltStepSizeMultDdrRPL:1,CbsCmnMemCtrllerTx2DDelayStepSizeMultDdrRPL:1,CbsCmnMemNumberOfRxDfeTapsRPL:0,CbsCmnMemMbistEnDdrRPL:0,CbsCmnMemMbistTestmodeDdrRPL:1,CbsCmnMemMbistAggressorsDdrRPL:1,CbsCmnMemMbistPerBitSlaveDieReportDdrRPL:1,CbsCmnMemMbistPatternSelectDdrRPL:0,CbsCmnMemMbistPatternLengthSelectDdrRPL:0,CbsCmnMemMbistPatternLengthDdrRPL:1,CbsCmnMemMbistAggressorsChnlDdrRPL:0,CbsCmnMemContextRestoreDdrRPL:0,CbsCmnMemRdDriftAdjustmentRPL:0,CbsCmnMemRdDriftAdjustmentP0RPL:0,CbsCmnMemRdDriftAdjustmentP1RPL:0,CbsCmnMemRdDriftAdjustmentP2RPL:0,CbsCmnMemRdDriftAdjustmentP3RPL:0,CbsCmnMemWrDriftAdjustmentRPL:0,CbsCmnMemWrDriftAdjustmentP0RPL:0,CbsCmnMemWrDriftAdjustmentP1RPL:0,CbsCmnMemWrDriftAdjustmentP2RPL:0,CbsCmnMemWrDriftAdjustmentP3RPL:0,CbsCmnGnbNbIOMMURPL:1,CbsCmnDmarSupportRPL:1,CbsCmnDmaProtectionRPL:1,CbsCmnScpcAttrCntlRPL:1,CbsCmnGnbPcieAriSupportRPL:0,CbsCmnGnbPcieAllportEcrcRPL:0,CbsCmnGnbPcieAllPortsCAPAdvErrorReportingRPL:0,CbsGnbCmnPcieAriEnumerationRPL:0,CbsCmnGnbPciePsppPolicyRPL:1,CbsCmnGnbPcieLoopBackModeRPL:0,CbsCmnGnbPcieLegacyEpWaRPL:0,CbsCmnNbioPcieAdvertiseEqToHighRateSupportRPL:1,CbsCmnGnbGfxDpmNpuRPL:0,CbsPcieCoreRetimerMarginingSupportRPL:0,CbsCmndGPUOnlyModeEnRPL:0,CbsCmnGnbGfxUmaModeRPL:1,CbsCmnGnbGfxUmaVersionRPL:0,CbsCmnGnbGfxUmaFrameBufferSizeRPL:1,CbsCmnGpuHostTranslationRPL:1,CbsCmnGnbGfxNbAzaliaRPL:0,CbsDbgGnbAudioIOsRPL:0,CbsDbgFchSystemSpreadSpectrumRPL:0,CbsCmnFchI3C0ConfigRPL:0,CbsCmnFchI3C0ModeRPL:1,CbsCmnFchI3C1ConfigRPL:0,CbsCmnFchI3C1ModeRPL:1,CbsCmnFchI3C2ConfigRPL:0,CbsCmnFchI3C2ModeRPL:1,CbsCmnFchI3C3ConfigRPL:0,CbsCmnFchI3C3ModeRPL:1,CbsCmnFchUsbXHCI0EnableRPL:0,CbsCmnFchUsbXHCI1EnableRPL:0,CbsCmnFchUsbXHCI2EnableRPL:0,CbsCmnFchUsbXHCI0HsPort0RPL:0,CbsCmnFchUsbXHCI0HsPort1RPL:0,CbsCmnFchUsbXHCI1HsPort0RPL:0,CbsCmnFchUsbXHCI1HsPort1RPL:0,CbsCmnFchUsbXHCI2HsPort0RPL:0,CbsCmnFchUsbXHCI0SsPort0RPL:0,CbsCmnFchUsbXHCI0SsPort1RPL:0,CbsCmnFchUsbXHCI1SsPort0RPL:0,CbsCmnFchUsbXHCI1SsPort1RPL:0,CbsCmnFchSystemPwrFailShadowRPL:0,CbsCmnFchEspiConfigRPL:0,CbsCmnFchEspiAblInitRPL:0,CbsCmnFchHfpConfigRPL:0,CbsCmnFchHidConfigRPL:0,CbsCmnFchHidSpiReadModeRPL:1,CbsCmnFchHidSpeedRPL:1,CbsCmnFchHidSpiSpeed6NRPL:1,CbsCmnFchHidSpiSpeed7NRPL:1,CbsCmnGnbSMUSystemConfigRPL:1,CbsCmnGnbCppcDynamicPreferredCoresRPL:1,CbsDbgTDPCtlRPL:0,CbsDbgEcoModeRPL:0,CbsDbgTDPRPL:1,CbsDbgPPTCtlRPL:0,CbsDbgPPTLimitRPL:1,CbsDbgTHMCtlRPL:0,CbsDbgTjMaxLimitRPL:1,CbsDbgTDCCtlRPL:0,CbsDbgTDCVDDLimitRPL:1,CbsDbgEDCCtlRPL:0,CbsDbgEDCVDDLimitRPL:1,CbsDbgProchotCtlRPL:1,CbsDbgProchotRampTimeRPL:1,CbsDbgSTTCtlRPL:1,CbsCmnSTTPcbSensorCountRPL:1,CbsCmnSttMinLimitRPL:1,CbsCmnSTTM1RPL:1,CbsCmnSTTM2RPL:1,CbsCmnSTTM3RPL:1,CbsCmnSTTM4RPL:1,CbsCmnSTTM5RPL:1,CbsCmnSTTM6RPL:1,CbsCmnSTTCAPURPL:1,CbsCmnSTTCHs2RPL:1,CbsDbgFanCtlRPL:0,CbsCmnSTTAlphaAPURPL:1,CbsCmnSTTAlphaHS2RPL:1,CbsCmnSTTSkinTemperatureLimitApuRPL:1,CbsCmnSTTSkinTemperatureLimitHs2RPL:1,CbsCmnSTTErrorCoeffRPL:1,CbsCmnSTTErrorRateCoeffRPL:1,CbsDbgFanTableCtlRPL:1,CbsDbgFanTableTempLowRPL:1,CbsDbgFanTableTempMedRPL:1,CbsDbgFanTableTempHighRPL:1,CbsDbgFanTableTempCriticalRPL:1,CbsDbgFanTableTPwmLowRPL:1,CbsDbgFanTablePwmMedRPL:1,CbsDbgFanTablePwmHighRPL:1,CbsDbgFanTableHystRPL:1,CbsDbgFanTablePwmFreqRPL:1,CbsDbgFanPolarityRPL:1,CbsDbgVddpVoltageCtlRPL:0,CbsDbgVddpVoltageRPL:1,CbsCmnSmuFclkFrequencyRPL:0,CbsCmnSyncFifoModeRPL:0,CbsCmnMsgSetSustainedPowerLimitRPL:0,CbsCmnMsgSetFastPPTLimitRPL:0,CbsCmnMsgSetSlowPPTLimitRPL:0,CbsCmnSlowPPTTimeConstantRPL:0,CbsCmnAACtlRPL:1,CbsCmnAAEnRPL:1,CbsCmnApuOnlySpptLimitRPL:1,CbsCmnSTAPMCtlRPL:1,CbsCmnSystemTemperatureTrackingRPL:1,CbsCmnStapmBoostOverrideRPL:1,CbsCmnStapmBoostRPL:1,CbsCmnTskinTimeConstantRPL:1,CbsDbgGfxOffRPL:0,CbsCmnSocTpmSupportRPL:1,CbsCmnSocPtuSecPsrRPL:1,CbsCmnSocScpcLevelsRPL:0,CbsCmnSocScpcAutoEnablementRPL:1,CbsCmnSocDrtmSupportRPL:1,CbsCmnSocSmmIsolationSupportRPL:1,CbsCmnSocProPartAttrCntlRPL:1,CbsCmnSocAblConOutRPL:0,CbsCmnSocAblConOutBootModeRPL:1,CbsCmnSocAblPmuMsgCtrlRPL:1,CbsCmnPspRpmcSwitchRPL:0,CbsCmnMixedDimmConfigNumaDomainRPL:0,CbsCmnSoCMiscHspUartRPL:0,CbsCmnSoCMiscHspUartPortRPL:1,CbsCmnSoCMiscHspFipsRPL:0,CbsCmnSoCMiscHspFipsZeroizationRPL:1,CbsCmnSocFarEnforcedRPL:1,CbsCmnSocSplFuseRPL:1,CbsCmnSocSplValueInTblRPL:1,CbsCmnSocInitSplForFarRPL:1,CbsCmnSocFarSwitchRPL:0,CbsCmnSoCMiscMpmSupportRPL:0,CbsCmnSoCMiscWirelessManageabilityRPL:1,CbsCmnSoCMiscWirelessKvmRPL:1,CbsCmnSoCMiscWirelessTcrRPL:1,CbsCmnSoCMiscWiredKvmRPL:1,CbsCmnSocSecureBioRPL:0,CbsCmnSocSecureBioCameraTypeRPL:1,CbsCmnPT21USBLateDisableRPL:0,CbsCmnPT21RevisionIdRPL:0,CbsCmnDualPT21PortNumberRPL:0,CbsCmnPT21PMEnableRPL:0,CbsCmnPT21PcieP0RPL:0,CbsCmnPT21PcieP0SpeedRPL:1,CbsCmnPT21PcieP0LaneRevRPL:1,CbsCmnPT21PcieP1RPL:0,CbsCmnPT21PcieP1SpeedRPL:1,CbsCmnPT21PcieP2RPL:0,CbsCmnPT21PcieP2SpeedRPL:1,CbsCmnPT21PcieP2LaneRevRPL:1,CbsCmnPT21PcieP3RPL:0,CbsCmnPT21PcieP3SpeedRPL:1,CbsCmnPT21PcieP4RPL:0,CbsCmnPT21PcieP4SpeedRPL:1,CbsCmnPT21PcieP4LaneRevRPL:1,CbsCmnPT21PcieP5RPL:0,CbsCmnPT21PcieP5SpeedRPL:1,CbsCmnPT21PcieP6RPL:0,CbsCmnPT21PcieP6SpeedRPL:1,CbsCmnPT21PcieP6LaneRevRPL:1,CbsCmnPT21PcieP7RPL:0,CbsCmnPT21PcieP7SpeedRPL:1,CbsCmnPT21PcieP8RPL:0,CbsCmnPT21PcieP8SpeedRPL:1,CbsCmnPT21PcieP8LaneRevRPL:1,CbsCmnPT21PcieP9RPL:0,CbsCmnPT21PcieP9SpeedRPL:1,CbsCmnPT21PcieP10RPL:0,CbsCmnPT21PcieP10SpeedRPL:1,CbsCmnPT21PcieP10LaneRevRPL:1,CbsCmnPT21PcieP11RPL:0,CbsCmnPT21PcieP11SpeedRPL:1,CbsCmnPT21SataClassRPL:0,CbsCmnPT21SataPort0RPL:0,CbsCmnPT21SataPort1RPL:0,CbsCmnPT21SataPort2RPL:0,CbsCmnPT21SataPort3RPL:0,CbsDbgPT21SataAggressiveDevSlpP0RPL:0,CbsDbgPT21SataAggressiveDevSlpP1RPL:0,CbsDbgPT21SataAggressiveDevSlpP2RPL:0,CbsDbgPT21SataAggressiveDevSlpP3RPL:0,CbsDbgPT21XhciP0GenRPL:0,CbsDbgPT21XhciP1GenRPL:0,CbsDbgPT21XhciP2GenRPL:0,CbsDbgPT21XhciP3GenRPL:0,CbsDbgPT21XhciP4GenRPL:0,CbsDbgPT21XhciP5GenRPL:0,CbsCmnPT21Usb3GenSelectRPL:0,CbsCmnPT21Usb3P0RPL:0,CbsCmnPT21Usb3P1RPL:1,CbsCmnPT21Usb3P2RPL:0,CbsCmnPT21Usb3P3RPL:0,CbsCmnPT21Usb3P4RPL:0,CbsCmnPT21Usb3P5RPL:0,CbsCmnPT21Usb2P0RPL:0,CbsCmnPT21Usb2P1RPL:0,CbsCmnPT21Usb2P2RPL:0,CbsCmnPT21Usb2P3RPL:0,CbsCmnPT21Usb2P4RPL:0,CbsCmnPT21Usb2P5RPL:0,CbsCmnPT21Usb2P6RPL:0,CbsCmnPT21Usb2P7RPL:0,CbsCmnPT21Usb2P8RPL:0,CbsCmnPT21Usb2P9RPL:0,CbsCmnPT21Usb2P10RPL:0,CbsCmnPT21Usb2P11RPL:0,CbsCmnPT21L4Usb3P0RPL:0,CbsCmnPT21L4Usb3P1RPL:0,CbsCmnPT21L4Usb3P2RPL:0,CbsCmnPT21L4Usb3P3RPL:0,CbsCmnPT21L4Usb2P0RPL:0,CbsCmnPT21L4Usb2P1RPL:0,CbsCmnPT21L4Usb2P2RPL:0,CbsCmnPT21L4Usb2P3RPL:0,CbsCmnPT21L4Usb2P4RPL:0,CbsCmnPT21L4Usb2P5RPL:0,CbsCmnPT21L4Usb2P6RPL:0,CbsCmnPT21L4Usb2P7RPL:0,CbsCmnPT21L4Usb2P8RPL:0,CbsCmnPT21L4Usb2P9RPL:0,CbsCmnPT21SIProgEnableRPL:0,CbsCmnPT21SataP0Gen1SwingRPL:0,CbsCmnPT21SataP0Gen2SwingRPL:0,CbsCmnPT21SataP0Gen3SwingRPL:0,CbsCmnPT21SataP0Gen1EmpLevelRPL:0,CbsCmnPT21SataP0Gen2EmpLevelRPL:0,CbsCmnPT21SataP0Gen3EmpLevelRPL:0,CbsCmnPT21SataP1Gen1SwingRPL:0,CbsCmnPT21SataP1Gen2SwingRPL:0,CbsCmnPT21SataP1Gen3SwingRPL:0,CbsCmnPT21SataP1Gen1EmpLevelRPL:0,CbsCmnPT21SataP1Gen2EmpLevelRPL:0,CbsCmnPT21SataP1Gen3EmpLevelRPL:0,CbsCmnPT21SataP2Gen1SwingRPL:0,CbsCmnPT21SataP2Gen2SwingRPL:0,CbsCmnPT21SataP2Gen3SwingRPL:0,CbsCmnPT21SataP2Gen1EmpLevelRPL:0,CbsCmnPT21SataP2Gen2EmpLevelRPL:0,CbsCmnPT21SataP2Gen3EmpLevelRPL:0,CbsCmnPT21SataP3Gen1SwingRPL:0,CbsCmnPT21SataP3Gen2SwingRPL:0,CbsCmnPT21SataP3Gen3SwingRPL:0,CbsCmnPT21SataP3Gen1EmpLevelRPL:0,CbsCmnPT21SataP3Gen2EmpLevelRPL:0,CbsCmnPT21SataP3Gen3EmpLevelRPL:0,CbsCmnPT21USB3P0Gen1SwingRPL:0,CbsCmnPT21USB3P0Gen1EmpLevelRPL:0,CbsCmnPT21USB3P0Gen1PreshootRPL:0,CbsCmnPT21USB3P0Gen2SwingRPL:0,CbsCmnPT21USB3P0Gen2Cp0EmpLevelRPL:0,CbsCmnPT21USB3P0Gen2Cp0PreshootRPL:0,CbsCmnPT21USB3P0Gen2Cp13EmpLevelRPL:0,CbsCmnPT21USB3P0Gen2Cp13PreshootRPL:0,CbsCmnPT21USB3P0Gen2Cp14EmpLevelRPL:0,CbsCmnPT21USB3P0Gen2Cp14PreshootRPL:0,CbsCmnPT21USB3P0Gen2Cp15EmpLevelRPL:0,CbsCmnPT21USB3P0Gen2Cp15PreshootRPL:0,CbsCmnPT21USB3P0Gen2Cp16EmpLevelRPL:0,CbsCmnPT21USB3P0Gen2Cp16PreshootRPL:0,CbsCmnPT21USB3P1Gen1SwingRPL:0,CbsCmnPT21USB3P1Gen1EmpLevelRPL:0,CbsCmnPT21USB3P1Gen1PreshootRPL:0,CbsCmnPT21USB3P1Gen2SwingRPL:0,CbsCmnPT21USB3P1Gen2Cp0EmpLevelRPL:0,CbsCmnPT21USB3P1Gen2Cp0PreshootRPL:0,CbsCmnPT21USB3P1Gen2Cp13EmpLevelRPL:0,CbsCmnPT21USB3P1Gen2Cp13PreshootRPL:0,CbsCmnPT21USB3P1Gen2Cp14EmpLevelRPL:0,CbsCmnPT21USB3P1Gen2Cp14PreshootRPL:0,CbsCmnPT21USB3P1Gen2Cp15EmpLevelRPL:0,CbsCmnPT21USB3P1Gen2Cp15PreshootRPL:0,CbsCmnPT21USB3P1Gen2Cp16EmpLevelRPL:0,CbsCmnPT21USB3P1Gen2Cp16PreshootRPL:0,CbsCmnPT21USB3P2Gen1SwingRPL:0,CbsCmnPT21USB3P2Gen1EmpLevelRPL:0,CbsCmnPT21USB3P2Gen1PreshootRPL:0,CbsCmnPT21USB3P2Gen2SwingRPL:0,CbsCmnPT21USB3P2Gen2Cp0EmpLevelRPL:0,CbsCmnPT21USB3P2Gen2Cp0PreshootRPL:0,CbsCmnPT21USB3P2Gen2Cp13EmpLevelRPL:0,CbsCmnPT21USB3P2Gen2Cp13PreshootRPL:0,CbsCmnPT21USB3P2Gen2Cp14EmpLevelRPL:0,CbsCmnPT21USB3P2Gen2Cp14PreshootRPL:0,CbsCmnPT21USB3P2Gen2Cp15EmpLevelRPL:0,CbsCmnPT21USB3P2Gen2Cp15PreshootRPL:0,CbsCmnPT21USB3P2Gen2Cp16EmpLevelRPL:0,CbsCmnPT21USB3P2Gen2Cp16PreshootRPL:0,CbsCmnPT21USB3P3Gen1SwingRPL:0,CbsCmnPT21USB3P3Gen1EmpLevelRPL:0,CbsCmnPT21USB3P3Gen1PreshootRPL:0,CbsCmnPT21USB3P3Gen2SwingRPL:0,CbsCmnPT21USB3P3Gen2Cp0EmpLevelRPL:0,CbsCmnPT21USB3P3Gen2Cp0PreshootRPL:0,CbsCmnPT21USB3P3Gen2Cp13EmpLevelRPL:0,CbsCmnPT21USB3P3Gen2Cp13PreshootRPL:0,CbsCmnPT21USB3P3Gen2Cp14EmpLevelRPL:0,CbsCmnPT21USB3P3Gen2Cp14PreshootRPL:0,CbsCmnPT21USB3P3Gen2Cp15EmpLevelRPL:0,CbsCmnPT21USB3P3Gen2Cp15PreshootRPL:0,CbsCmnPT21USB3P3Gen2Cp16EmpLevelRPL:0,CbsCmnPT21USB3P3Gen2Cp16PreshootRPL:0,CbsCmnPT21USB3P4Gen1SwingRPL:0,CbsCmnPT21USB3P4Gen1EmpLevelRPL:0,CbsCmnPT21USB3P4Gen1PreshootRPL:0,CbsCmnPT21USB3P4Gen2SwingRPL:0,CbsCmnPT21USB3P4Gen2Cp0EmpLevelRPL:0,CbsCmnPT21USB3P4Gen2Cp0PreshootRPL:0,CbsCmnPT21USB3P4Gen2Cp13EmpLevelRPL:0,CbsCmnPT21USB3P4Gen2Cp13PreshootRPL:0,CbsCmnPT21USB3P4Gen2Cp14EmpLevelRPL:0,CbsCmnPT21USB3P4Gen2Cp14PreshootRPL:0,CbsCmnPT21USB3P4Gen2Cp15EmpLevelRPL:0,CbsCmnPT21USB3P4Gen2Cp15PreshootRPL:0,CbsCmnPT21USB3P4Gen2Cp16EmpLevelRPL:0,CbsCmnPT21USB3P4Gen2Cp16PreshootRPL:0,CbsCmnPT21USB3P5Gen1SwingRPL:0,CbsCmnPT21USB3P5Gen1EmpLevelRPL:0,CbsCmnPT21USB3P5Gen1PreshootRPL:0,CbsCmnPT21USB3P5Gen2SwingRPL:0,CbsCmnPT21USB3P5Gen2Cp0EmpLevelRPL:0,CbsCmnPT21USB3P5Gen2Cp0PreshootRPL:0,CbsCmnPT21USB3P5Gen2Cp13EmpLevelRPL:0,CbsCmnPT21USB3P5Gen2Cp13PreshootRPL:0,CbsCmnPT21USB3P5Gen2Cp14EmpLevelRPL:0,CbsCmnPT21USB3P5Gen2Cp14PreshootRPL:0,CbsCmnPT21USB3P5Gen2Cp15EmpLevelRPL:0,CbsCmnPT21USB3P5Gen2Cp15PreshootRPL:0,CbsCmnPT21USB3P5Gen2Cp16EmpLevelRPL:0,CbsCmnPT21USB3P5Gen2Cp16PreshootRPL:0,CbsCmnPT21USB2P0SlewRateRPL:0,CbsCmnPT21USB2P0DrivingCurrentRPL:0,CbsCmnPT21USB2P0TerminationRPL:0,CbsCmnPT21USB2P1SlewRateRPL:0,CbsCmnPT21USB2P1DrivingCurrentRPL:0,CbsCmnPT21USB2P1TerminationRPL:0,CbsCmnPT21USB2P4SlewRateRPL:0,CbsCmnPT21USB2P4DrivingCurrentRPL:0,CbsCmnPT21USB2P4TerminationRPL:0,CbsCmnPT21USB2P5SlewRateRPL:0,CbsCmnPT21USB2P5DrivingCurrentRPL:0,CbsCmnPT21USB2P5TerminationRPL:0,CbsCmnPT21USB2P8SlewRateRPL:0,CbsCmnPT21USB2P8DrivingCurrentRPL:0,CbsCmnPT21USB2P8TerminationRPL:0,CbsCmnPT21USB2P9SlewRateRPL:0,CbsCmnPT21USB2P9DrivingCurrentRPL:0,CbsCmnPT21USB2P9TerminationRPL:0,CbsCmnSecPT21PcieP0RPL:0,CbsCmnSecPT21PcieP0SpeedRPL:1,CbsCmnSecPT21PcieP0LaneRevRPL:1,CbsCmnSecPT21PcieP1RPL:0,CbsCmnSecPT21PcieP1SpeedRPL:1,CbsCmnSecPT21PcieP2RPL:0,CbsCmnSecPT21PcieP2SpeedRPL:1,CbsCmnSecPT21PcieP2LaneRevRPL:1,CbsCmnSecPT21PcieP3RPL:0,CbsCmnSecPT21PcieP3SpeedRPL:1,CbsCmnSecPT21PcieP4RPL:0,CbsCmnSecPT21PcieP4SpeedRPL:1,CbsCmnSecPT21PcieP4LaneRevRPL:1,CbsCmnSecPT21PcieP5RPL:0,CbsCmnSecPT21PcieP5SpeedRPL:1,CbsCmnSecPT21PcieP6RPL:0,CbsCmnSecPT21PcieP6SpeedRPL:1,CbsCmnSecPT21PcieP6LaneRevRPL:1,CbsCmnSecPT21PcieP7RPL:0,CbsCmnSecPT21PcieP7SpeedRPL:1,CbsCmnSecPT21PcieP8RPL:0,CbsCmnSecPT21PcieP8SpeedRPL:1,CbsCmnSecPT21PcieP8LaneRevRPL:1,CbsCmnSecPT21PcieP9RPL:0,CbsCmnSecPT21PcieP9SpeedRPL:1,CbsCmnSecPT21PcieP10RPL:0,CbsCmnSecPT21PcieP10SpeedRPL:1,CbsCmnSecPT21PcieP10LaneRevRPL:1,CbsCmnSecPT21PcieP11RPL:0,CbsCmnSecPT21PcieP11SpeedRPL:1,CbsCmnSecPT21SataClassRPL:0,CbsCmnSecPT21SataPort0RPL:0,CbsCmnSecPT21SataPort1RPL:0,CbsCmnSecPT21SataPort2RPL:0,CbsCmnSecPT21SataPort3RPL:0,CbsDbgSecPT21SataAggresiveDevSlpP0RPL:0,CbsDbgSecPT21SataAggresiveDevSlpP1RPL:0,CbsDbgSecPT21SataAggresiveDevSlpP2RPL:0,CbsDbgSecPT21SataAggresiveDevSlpP3RPL:0,CbsDbgSecPT21XhciP0GenRPL:0,CbsDbgSecPT21XhciP1GenRPL:0,CbsDbgSecPT21XhciP2GenRPL:0,CbsDbgSecPT21XhciP3GenRPL:0,CbsDbgSecPT21XhciP4GenRPL:0,CbsDbgSecPT21XhciP5GenRPL:0,CbsCmnSecPT21Usb3GenSelectRPL:0,CbsCmnSecPT21Usb3P0RPL:0,CbsCmnSecPT21Usb3P1RPL:1,CbsCmnSecPT21Usb3P2RPL:0,CbsCmnSecPT21Usb3P3RPL:0,CbsCmnSecPT21Usb3P4RPL:0,CbsCmnSecPT21Usb3P5RPL:0,CbsCmnSecPT21Usb2P0RPL:0,CbsCmnSecPT21Usb2P1RPL:0,CbsCmnSecPT21Usb2P2RPL:0,CbsCmnSecPT21Usb2P3RPL:0,CbsCmnSecPT21Usb2P4RPL:0,CbsCmnSecPT21Usb2P5RPL:0,CbsCmnSecPT21Usb2P6RPL:0,CbsCmnSecPT21Usb2P7RPL:0,CbsCmnSecPT21Usb2P8RPL:0,CbsCmnSecPT21Usb2P9RPL:0,CbsCmnSecPT21Usb2P10RPL:0,CbsCmnSecPT21Usb2P11RPL:0,CbsCmnSecPT21SIProgEnableRPL:0,CbsCmnSecPT21SataP0Gen1SwingRPL:0,CbsCmnSecPT21SataP0Gen2SwingRPL:0,CbsCmnSecPT21SataP0Gen3SwingRPL:0,CbsCmnSecPT21SataP0Gen1EmpLevelRPL:0,CbsCmnSecPT21SataP0Gen2EmpLevelRPL:0,CbsCmnSecPT21SataP0Gen3EmpLevelRPL:0,CbsCmnSecPT21SataP1Gen1SwingRPL:0,CbsCmnSecPT21SataP1Gen2SwingRPL:0,CbsCmnSecPT21SataP1Gen3SwingRPL:0,CbsCmnSecPT21SataP1Gen1EmpLevelRPL:0,CbsCmnSecPT21SataP1Gen2EmpLevelRPL:0,CbsCmnSecPT21SataP1Gen3EmpLevelRPL:0,CbsCmnSecPT21SataP2Gen1SwingRPL:0,CbsCmnSecPT21SataP2Gen2SwingRPL:0,CbsCmnSecPT21SataP2Gen3SwingRPL:0,CbsCmnSecPT21SataP2Gen1EmpLevelRPL:0,CbsCmnSecPT21SataP2Gen2EmpLevelRPL:0,CbsCmnSecPT21SataP2Gen3EmpLevelRPL:0,CbsCmnSecPT21SataP3Gen1SwingRPL:0,CbsCmnSecPT21SataP3Gen2SwingRPL:0,CbsCmnSecPT21SataP3Gen3SwingRPL:0,CbsCmnSecPT21SataP3Gen1EmpLevelRPL:0,CbsCmnSecPT21SataP3Gen2EmpLevelRPL:0,CbsCmnSecPT21SataP3Gen3EmpLevelRPL:0,CbsCmnSecPT21USB3P0Gen1SwingRPL:0,CbsCmnSecPT21USB3P0Gen1EmpLevelRPL:0,CbsCmnSecPT21USB3P0Gen1PreshootRPL:0,CbsCmnSecPT21USB3P0Gen2SwingRPL:0,CbsCmnSecPT21USB3P0Gen2Cp0EmpLevelRPL:0,CbsCmnSecPT21USB3P0Gen2Cp0PreshootRPL:0,CbsCmnSecPT21USB3P0Gen2Cp13EmpLevelRPL:0,CbsCmnSecPT21USB3P0Gen2Cp13PreshootRPL:0,CbsCmnSecPT21USB3P0Gen2Cp14EmpLevelRPL:0,CbsCmnSecPT21USB3P0Gen2Cp14PreshootRPL:0,CbsCmnSecPT21USB3P0Gen2Cp15EmpLevelRPL:0,CbsCmnSecPT21USB3P0Gen2Cp15PreshootRPL:0,CbsCmnSecPT21USB3P0Gen2Cp16EmpLevelRPL:0,CbsCmnSecPT21USB3P0Gen2Cp16PreshootRPL:0,CbsCmnSecPT21USB3P1Gen1SwingRPL:0,CbsCmnSecPT21USB3P1Gen1EmpLevelRPL:0,CbsCmnSecPT21USB3P1Gen1PreshootRPL:0,CbsCmnSecPT21USB3P1Gen2SwingRPL:0,CbsCmnSecPT21USB3P1Gen2Cp0EmpLevelRPL:0,CbsCmnSecPT21USB3P1Gen2Cp0PreshootRPL:0,CbsCmnSecPT21USB3P1Gen2Cp13EmpLevelRPL:0,CbsCmnSecPT21USB3P1Gen2Cp13PreshootRPL:0,CbsCmnSecPT21USB3P1Gen2Cp14EmpLevelRPL:0,CbsCmnSecPT21USB3P1Gen2Cp14PreshootRPL:0,CbsCmnSecPT21USB3P1Gen2Cp15EmpLevelRPL:0,CbsCmnSecPT21USB3P1Gen2Cp15PreshootRPL:0,CbsCmnSecPT21USB3P1Gen2Cp16EmpLevelRPL:0,CbsCmnSecPT21USB3P1Gen2Cp16PreshootRPL:0,CbsCmnSecPT21USB3P2Gen1SwingRPL:0,CbsCmnSecPT21USB3P2Gen1EmpLevelRPL:0,CbsCmnSecPT21USB3P2Gen1PreshootRPL:0,CbsCmnSecPT21USB3P2Gen2SwingRPL:0,CbsCmnSecPT21USB3P2Gen2Cp0EmpLevelRPL:0,CbsCmnSecPT21USB3P2Gen2Cp0PreshootRPL:0,CbsCmnSecPT21USB3P2Gen2Cp13EmpLevelRPL:0,CbsCmnSecPT21USB3P2Gen2Cp13PreshootRPL:0,CbsCmnSecPT21USB3P2Gen2Cp14EmpLevelRPL:0,CbsCmnSecPT21USB3P2Gen2Cp14PreshootRPL:0,CbsCmnSecPT21USB3P2Gen2Cp15EmpLevelRPL:0,CbsCmnSecPT21USB3P2Gen2Cp15PreshootRPL:0,CbsCmnSecPT21USB3P2Gen2Cp16EmpLevelRPL:0,CbsCmnSecPT21USB3P2Gen2Cp16PreshootRPL:0,CbsCmnSecPT21USB3P3Gen1SwingRPL:0,CbsCmnSecPT21USB3P3Gen1EmpLevelRPL:0,CbsCmnSecPT21USB3P3Gen1PreshootRPL:0,CbsCmnSecPT21USB3P3Gen2SwingRPL:0,CbsCmnSecPT21USB3P3Gen2Cp0EmpLevelRPL:0,CbsCmnSecPT21USB3P3Gen2Cp0PreshootRPL:0,CbsCmnSecPT21USB3P3Gen2Cp13EmpLevelRPL:0,CbsCmnSecPT21USB3P3Gen2Cp13PreshootRPL:0,CbsCmnSecPT21USB3P3Gen2Cp14EmpLevelRPL:0,CbsCmnSecPT21USB3P3Gen2Cp14PreshootRPL:0,CbsCmnSecPT21USB3P3Gen2Cp15EmpLevelRPL:0,CbsCmnSecPT21USB3P3Gen2Cp15PreshootRPL:0,CbsCmnSecPT21USB3P3Gen2Cp16EmpLevelRPL:0,CbsCmnSecPT21USB3P3Gen2Cp16PreshootRPL:0,CbsCmnSecPT21USB3P4Gen1SwingRPL:0,CbsCmnSecPT21USB3P4Gen1EmpLevelRPL:0,CbsCmnSecPT21USB3P4Gen1PreshootRPL:0,CbsCmnSecPT21USB3P4Gen2SwingRPL:0,CbsCmnSecPT21USB3P4Gen2Cp0EmpLevelRPL:0,CbsCmnSecPT21USB3P4Gen2Cp0PreshootRPL:0,CbsCmnSecPT21USB3P4Gen2Cp13EmpLevelRPL:0,CbsCmnSecPT21USB3P4Gen2Cp13PreshootRPL:0,CbsCmnSecPT21USB3P4Gen2Cp14EmpLevelRPL:0,CbsCmnSecPT21USB3P4Gen2Cp14PreshootRPL:0,CbsCmnSecPT21USB3P4Gen2Cp15EmpLevelRPL:0,CbsCmnSecPT21USB3P4Gen2Cp15PreshootRPL:0,CbsCmnSecPT21USB3P4Gen2Cp16EmpLevelRPL:0,CbsCmnSecPT21USB3P4Gen2Cp16PreshootRPL:0,CbsCmnSecPT21USB3P5Gen1SwingRPL:0,CbsCmnSecPT21USB3P5Gen1EmpLevelRPL:0,CbsCmnSecPT21USB3P5Gen1PreshootRPL:0,CbsCmnSecPT21USB3P5Gen2SwingRPL:0,CbsCmnSecPT21USB3P5Gen2Cp0EmpLevelRPL:0,CbsCmnSecPT21USB3P5Gen2Cp0PreshootRPL:0,CbsCmnSecPT21USB3P5Gen2Cp13EmpLevelRPL:0,CbsCmnSecPT21USB3P5Gen2Cp13PreshootRPL:0,CbsCmnSecPT21USB3P5Gen2Cp14EmpLevelRPL:0,CbsCmnSecPT21USB3P5Gen2Cp14PreshootRPL:0,CbsCmnSecPT21USB3P5Gen2Cp15EmpLevelRPL:0,CbsCmnSecPT21USB3P5Gen2Cp15PreshootRPL:0,CbsCmnSecPT21USB3P5Gen2Cp16EmpLevelRPL:0,CbsCmnSecPT21USB3P5Gen2Cp16PreshootRPL:0,CbsCmnSecPT21USB2P0SlewRateRPL:0,CbsCmnSecPT21USB2P0DrivingCurrentRPL:0,CbsCmnSecPT21USB2P0TerminationRPL:0,CbsCmnSecPT21USB2P1SlewRateRPL:0,CbsCmnSecPT21USB2P1DrivingCurrentRPL:0,CbsCmnSecPT21USB2P1TerminationRPL:0,CbsCmnSecPT21USB2P4SlewRateRPL:0,CbsCmnSecPT21USB2P4DrivingCurrentRPL:0,CbsCmnSecPT21USB2P4TerminationRPL:0,CbsCmnSecPT21USB2P5SlewRateRPL:0,CbsCmnSecPT21USB2P5DrivingCurrentRPL:0,CbsCmnSecPT21USB2P5TerminationRPL:0,CbsCmnSecPT21USB2P8SlewRateRPL:0,CbsCmnSecPT21USB2P8DrivingCurrentRPL:0,CbsCmnSecPT21USB2P8TerminationRPL:0,CbsCmnSecPT21USB2P9SlewRateRPL:0,CbsCmnSecPT21USB2P9DrivingCurrentRPL:0,CbsCmnSecPT21USB2P9TerminationRPL:0,FBO742:0,FBO743:0,FBO778:0,FBO814:0,IPMI606:0,IPMI600:1,IPMI605:1,IPMI601:0,IPMI100:0,IPMI101:0,IPMI102:0,IPMI103:0,IPMI104:0,IPMI105:0,IPMI000:0,IPMI001:0,IPMI002:0,IPMI003:0,ASRRPCIEIJ000:0,IPMI200:0,IPMI201:0,KCSCONTROL:0,ACPLBMC000:0,MAPIDS:0,",
              "NB005": "NB00540bit1TB",
              "NVLCK002": "NVLCK002Enabled",
              "NWSK000": "NWSK000Enabled",
              "NWSK001": "NWSK001Disabled",
              "NWSK002": "NWSK002Disabled",
              "NWSK004": "0",
              "NWSK005": "1",
              "NWSK006": "NWSK006Disabled",
              "NWSK007": "NWSK007Disabled",
              "NewRecordOffsetRPL": "1001",
              "PCID001": "true",
              "PCID002": "true",
              "PCID003": "false",
              "PCID004": "true",
              "PCID005": "false",
              "PCID007": "true",
              "PSP002": "PSP002Enabled",
              "REDF000": "REDF000Enabled",
              "REDF001": "REDF001BasicAuthentication",
              "REDF002": "169.254.0.17",
              "REDF003": "255.255.0.0",
              "REDF004": "443",
              "RFWCS030": "RFWCS030Disabled",
              "SECB001": "SECB001Disabled",
              "SECB002": "SECB002Custom",
              "SECB008": "SECB008Disabled",
              "SETUP001": "\u003cnil\u003e",
              "SETUP002": "\u003cnil\u003e",
              "SETUP003": "1",
              "SETUP004": "SETUP004On",
              "SETUP005": "true",
              "SETUP006": "proxmox,0x0000,true;UEFI OS,0x0002,true;Ubuntu,0x0004,true;UEFI: Built-in EFI Shell,0x0001,true;",
              "SUPERIO001": "SUPERIO0013F8hIRQ4",
              "SUPERIO004": "SUPERIO0042F8hIRQ3",
              "TCG001": "TCG001Enabled",
              "TCG002": "TCG002Enabled",
              "TCG003": "TCG003Enabled",
              "TCG004": "TCG004Enabled",
              "TCG006": "TCG006None",
              "TCG007": "TCG007None",
              "TCG010": "TCG010TCG2",
              "TCG011": "TCG011Enabled",
              "TCG012": "TCG012Enabled",
              "TCG013": "TCG013Enabled",
              "TCG014": "TCG014CRB",
              "TCG016": "TCG016Auto",
              "TCG017": "TCG017Disabled",
              "TCG018": "TCG018Enabled",
              "TCG019": "TCG019Enabled",
              "TCG020": "TCG020Disabled",
              "TCG021": "TCG021Disabled",
              "TCG022": "TCG02213",
              "TER001": "false",
              "TER002": "false",
              "TER0020": "TER0020115200",
              "TER0021": "TER0021115200",
              "TER0022": "TER0022115200",
              "TER010": "true",
              "TER011": "TER011VTUTF8",
              "TER012": "TER012VT100Plus",
              "TER013": "TER013VT100Plus",
              "TER030": "TER0308",
              "TER031": "TER0318",
              "TER03F": "TER03FNone",
              "TER040": "TER040None",
              "TER04E": "TER04E1",
              "TER04F": "TER04F1",
              "TER05C": "TER05CNone",
              "TER05D": "TER05DNone",
              "TER05E": "TER05ENone",
              "TER06B": "TER06BCOM1",
              "TER06D": "false",
              "TER06c": "false",
              "TER07A": "TER07A80x24",
              "TER07B": "true",
              "TER07C": "true",
              "TER089": "false",
              "TER08A": "false",
              "TER098": "TER098VT100",
              "TER099": "TER099VT100",
              "TER0A7": "TER0A7AlwaysEnable",
              "TER0A8": "TER0A8COM1",
              "USB000": "USB000Enabled",
              "USB001": "USB001Enabled",
              "USB002": "USB002Enabled",
              "USB003": "USB003Enabled",
              "USB004": "USB004Disabled",
              "USB009": "USB00920sec",
              "USB00A": "USB00A20sec",
              "USB00B": "USB00BAuto",
              "USB00C": "5",
              "USB00D": "USB00DEnabled",
              "USB00F": "USB00FEnabled",
              "USB011": "USB011Auto",
              "USB012": "USB012Auto",
              "USB013": "USB013Auto",
              "USB014": "USB014Auto",
              "USB015": "USB015Auto",
              "USB016": "USB016Auto",
              "USB017": "USB017Auto",
              "USB018": "USB018Auto",
              "USB019": "USB019Auto",
              "USB01A": "USB01AAuto",
              "USB01B": "USB01BAuto",
              "USB01C": "USB01CAuto",
              "USB01D": "USB01DAuto",
              "USB01E": "USB01EAuto",
              "USB01F": "USB01FAuto",
              "USB020": "USB020Auto",
              "USB021": "USB021Auto",
              "USB022": "USB022Auto",
              "USB023": "USB023Auto",
              "USB024": "USB024Auto",
              "USB025": "USB025Auto",
              "USB026": "USB026Auto",
              "USB027": "USB027Auto",
              "USB028": "USB028Auto",
              "USB029": "USB029Auto",
              "USB02A": "USB02AAuto",
              "USB02B": "USB02BAuto",
              "USB02C": "USB02CAuto",
              "USB02D": "USB02DAuto",
              "USB02E": "USB02EAuto",
              "USB02F": "USB02FAuto",
              "USB030": "USB030Auto"
            },
            "bios_job_timeout": 1200,
            "id": "Bios",
            "redfish_server": [
              {
                "endpoint": "https://192.168.4.209",
                "password": null,
                "redfish_alias": "crow",
                "ssl_insecure": true,
                "user": null
              }
            ],
            "reset_timeout": 120,
            "reset_type": "GracefulRestart",
            "settings_apply_time": "OnReset",
            "system_id": "Self"
          },
          "sensitive_attributes": [
            [
              {
                "type": "get_attr",
                "value": "redfish_server"
              },
              {
                "type": "index",
                "value": {
                  "value": 0,
                  "type": "number"
                }
              },
              {
                "type": "get_attr",
                "value": "password"
              }
            ]
          ]
        },
        {
          "index_key": "vulture",
          "schema_version": 0,
          "attributes": {
            "attributes": {
              "ACHIPSET001": "ACHIPSET001Disabled",
              "ACHIPSET003": "ACHIPSET003Auto",
              "ACHIPSET004": "ACHIPSET004Enabled",
              "ACHIPSET005": "ACHIPSET005Enabled",
              "ACHIPSET006": "ACHIPSET006Enabled",
              "ACPI002": "true",
              "ACPI004": "false",
              "ACPLBMC000": "ACPLBMC000Nochange",
              "AHCI000": "false",
              "ASRRACPI000": "ASRRACPI000Disabled",
              "ASRRACPI001": "ASRRACPI001ByOS",
              "ASRRACPI002": "ASRRACPI002EveryDay",
              "ASRRACPI003": "ASRRACPI0030",
              "ASRRACPI004": "ASRRACPI0040",
              "ASRRACPI005": "ASRRACPI0050",
              "ASRRPCIEIJ000": "ASRRPCIEIJ000Disabled",
              "Boot007": "Boot007Disabled",
              "CPU001": "CPU001Enabled",
              "CPU003": "CPU003PState0",
              "CPU004": "CPU004Enabled",
              "CRB001": "CRB001Enabled",
              "CRB010": "CRB010Enabled",
              "CRB014": "CRB014Auto",
              "CRB015": "CRB015Auto",
              "CRB016": "CRB016Auto",
              "CRB017": "CRB017Auto",
              "CRB018": "CRB018Auto",
              "CRB019": "CRB019Auto",
              "CRB020": "CRB020Auto",
              "CRB021": "CRB021Auto",
              "CRB022": "CRB022Auto",
              "CRB023": "CRB023Auto",
              "CRB024": "CRB024Auto",
              "CRB025": "CRB025Auto",
              "CRB026": "CRB026Auto",
              "CRB027": "CRB027Auto",
              "CRB028": "CRB028Auto",
              "CRB029": "CRB029Auto",
              "CRB030": "CRB030Auto",
              "CRB031": "CRB031Auto",
              "CRB032": "CRB032Auto",
              "CRB033": "CRB033Auto",
              "CRB034": "CRB034Auto",
              "CRB035": "CRB035Auto",
              "CRB036": "CRB036Auto",
              "CRB037": "CRB037Auto",
              "CSM000": "CSM000Enabled",
              "CSM001": "CSM001Immediate",
              "CSM002": "CSM002UponRequest",
              "CSM006": "CSM006UEFIandLegacy",
              "CSM007": "CSM007Legacyonly",
              "CSM008": "CSM008Legacyonly",
              "CSM009": "CSM009Legacyonly",
              "CSM010": "CSM010UEFIonly",
              "CSM011": "CSM011Adjust",
              "CbsCmnAACtlRPL": "CbsCmnAACtlRPLAuto",
              "CbsCmnAAEnRPL": "CbsCmnAAEnRPLAuto",
              "CbsCmnActionOnBistFailureRPL": "CbsCmnActionOnBistFailureRPLAuto",
              "CbsCmnApuOnlySpptLimitRPL": "0",
              "CbsCmnCpuAvx512RPL": "CbsCmnCpuAvx512RPLAuto",
              "CbsCmnCpuCpbRPL": "CbsCmnCpuCpbRPLAuto",
              "CbsCmnCpuCstC1CtrlRPL": "CbsCmnCpuCstC1CtrlRPLAuto",
              "CbsCmnCpuERMSRPL": "CbsCmnCpuERMSRPLAuto",
              "CbsCmnCpuFSRMRPL": "CbsCmnCpuFSRMRPLAuto",
              "CbsCmnCpuGenWA05RPL": "CbsCmnCpuGenWA05RPLAuto",
              "CbsCmnCpuGlobalCstateCtrlRPL": "CbsCmnCpuGlobalCstateCtrlRPLAuto",
              "CbsCmnCpuL1BurstPrefetchModeRPL": "CbsCmnCpuL1BurstPrefetchModeRPLAuto",
              "CbsCmnCpuL1RegionPrefetcherRPL": "CbsCmnCpuL1RegionPrefetcherRPLAuto",
              "CbsCmnCpuL1StreamHwPrefetcherRPL": "CbsCmnCpuL1StreamHwPrefetcherRPLAuto",
              "CbsCmnCpuL1StridePrefetcherRPL": "CbsCmnCpuL1StridePrefetcherRPLAuto",
              "CbsCmnCpuL2StreamHwPrefetcherRPL": "CbsCmnCpuL2StreamHwPrefetcherRPLAuto",
              "CbsCmnCpuL2UpDownPrefetcherRPL": "CbsCmnCpuL2UpDownPrefetcherRPLAuto",
              "CbsCmnCpuLogTransparentErrorsRPL": "CbsCmnCpuLogTransparentErrorsRPLAuto",
              "CbsCmnCpuMcaErrThreshCountRPL": "4094",
              "CbsCmnCpuMcaErrThreshEnRPL": "CbsCmnCpuMcaErrThreshEnRPLAuto",
              "CbsCmnCpuMcaFruTextEnRPL": "CbsCmnCpuMcaFruTextEnRPLTrue",
              "CbsCmnCpuMonMwaitDisRPL": "CbsCmnCpuMonMwaitDisRPLAuto",
              "CbsCmnCpuOpcacheCtrlRPL": "CbsCmnCpuOpcacheCtrlRPLAuto",
              "CbsCmnCpuOpcacheGrayoutFlagRPL": "CbsCmnCpuOpcacheGrayoutFlagRPL0",
              "CbsCmnCpuPauseDelayRPL": "CbsCmnCpuPauseDelayRPLAuto",
              "CbsCmnCpuPfehRPL": "CbsCmnCpuPfehRPLAuto",
              "CbsCmnCpuPpinCtrlRPL": "CbsCmnCpuPpinCtrlRPLAuto",
              "CbsCmnCpuRMSSRPL": "CbsCmnCpuRMSSRPLAuto",
              "CbsCmnCpuScpEnRPL": "CbsCmnCpuScpEnRPLAuto",
              "CbsCmnCpuSevAsidSpaceLimitRPL": "1",
              "CbsCmnCpuSmeeRPL": "CbsCmnCpuSmeeRPLAuto",
              "CbsCmnCpuSmuPspDebugModeRPL": "CbsCmnCpuSmuPspDebugModeRPLAuto",
              "CbsCmnCpuStreamingStoresCtrlRPL": "CbsCmnCpuStreamingStoresCtrlRPLAuto",
              "CbsCmnCpuWdtSevRPL": "CbsCmnCpuWdtSevRPLAuto",
              "CbsCmnDmaProtectionRPL": "CbsCmnDmaProtectionRPLAuto",
              "CbsCmnDmarSupportRPL": "CbsCmnDmarSupportRPLAuto",
              "CbsCmnDualPT21PortNumberRPL": "CbsCmnDualPT21PortNumberRPLAuto",
              "CbsCmnFchEspiAblInitRPL": "CbsCmnFchEspiAblInitRPLAuto",
              "CbsCmnFchEspiConfigRPL": "CbsCmnFchEspiConfigRPLAuto",
              "CbsCmnFchHfpConfigRPL": "CbsCmnFchHfpConfigRPLAuto",
              "CbsCmnFchHidConfigRPL": "CbsCmnFchHidConfigRPLAuto",
              "CbsCmnFchHidSpeedRPL": "CbsCmnFchHidSpeedRPLspispd7",
              "CbsCmnFchHidSpiReadModeRPL": "CbsCmnFchHidSpiReadModeRPLQuadIO144",
              "CbsCmnFchHidSpiSpeed6NRPL": "4",
              "CbsCmnFchHidSpiSpeed7NRPL": "50",
              "CbsCmnFchI3C0ConfigRPL": "CbsCmnFchI3C0ConfigRPLAuto",
              "CbsCmnFchI3C0ModeRPL": "CbsCmnFchI3C0ModeRPLAuto",
              "CbsCmnFchI3C1ConfigRPL": "CbsCmnFchI3C1ConfigRPLAuto",
              "CbsCmnFchI3C1ModeRPL": "CbsCmnFchI3C1ModeRPLAuto",
              "CbsCmnFchI3C2ConfigRPL": "CbsCmnFchI3C2ConfigRPLAuto",
              "CbsCmnFchI3C2ModeRPL": "CbsCmnFchI3C2ModeRPLAuto",
              "CbsCmnFchI3C3ConfigRPL": "CbsCmnFchI3C3ConfigRPLAuto",
              "CbsCmnFchI3C3ModeRPL": "CbsCmnFchI3C3ModeRPLAuto",
              "CbsCmnFchSystemPwrFailShadowRPL": "CbsCmnFchSystemPwrFailShadowRPLPrevious",
              "CbsCmnFchUsbXHCI0EnableRPL": "CbsCmnFchUsbXHCI0EnableRPLAuto",
              "CbsCmnFchUsbXHCI0HsPort0RPL": "CbsCmnFchUsbXHCI0HsPort0RPLAuto",
              "CbsCmnFchUsbXHCI0HsPort1RPL": "CbsCmnFchUsbXHCI0HsPort1RPLAuto",
              "CbsCmnFchUsbXHCI0SsPort0RPL": "CbsCmnFchUsbXHCI0SsPort0RPLAuto",
              "CbsCmnFchUsbXHCI0SsPort1RPL": "CbsCmnFchUsbXHCI0SsPort1RPLAuto",
              "CbsCmnFchUsbXHCI1EnableRPL": "CbsCmnFchUsbXHCI1EnableRPLAuto",
              "CbsCmnFchUsbXHCI1HsPort0RPL": "CbsCmnFchUsbXHCI1HsPort0RPLAuto",
              "CbsCmnFchUsbXHCI1HsPort1RPL": "CbsCmnFchUsbXHCI1HsPort1RPLAuto",
              "CbsCmnFchUsbXHCI1SsPort0RPL": "CbsCmnFchUsbXHCI1SsPort0RPLAuto",
              "CbsCmnFchUsbXHCI1SsPort1RPL": "CbsCmnFchUsbXHCI1SsPort1RPLAuto",
              "CbsCmnFchUsbXHCI2EnableRPL": "CbsCmnFchUsbXHCI2EnableRPLAuto",
              "CbsCmnFchUsbXHCI2HsPort0RPL": "CbsCmnFchUsbXHCI2HsPort0RPLAuto",
              "CbsCmnGnbCppcDynamicPreferredCoresRPL": "CbsCmnGnbCppcDynamicPreferredCoresRPLAuto",
              "CbsCmnGnbGfxDpmNpuRPL": "CbsCmnGnbGfxDpmNpuRPLEnabled",
              "CbsCmnGnbGfxNbAzaliaRPL": "CbsCmnGnbGfxNbAzaliaRPLAuto",
              "CbsCmnGnbGfxUmaFrameBufferSizeRPL": "CbsCmnGnbGfxUmaFrameBufferSizeRPLAuto",
              "CbsCmnGnbGfxUmaModeRPL": "CbsCmnGnbGfxUmaModeRPLAuto",
              "CbsCmnGnbGfxUmaVersionRPL": "CbsCmnGnbGfxUmaVersionRPLAuto",
              "CbsCmnGnbNbIOMMURPL": "CbsCmnGnbNbIOMMURPLEnabled",
              "CbsCmnGnbPcieAllPortsCAPAdvErrorReportingRPL": "CbsCmnGnbPcieAllPortsCAPAdvErrorReportingRPLAuto",
              "CbsCmnGnbPcieAllportEcrcRPL": "CbsCmnGnbPcieAllportEcrcRPLAuto",
              "CbsCmnGnbPcieAriSupportRPL": "CbsCmnGnbPcieAriSupportRPLAuto",
              "CbsCmnGnbPcieLegacyEpWaRPL": "CbsCmnGnbPcieLegacyEpWaRPLAuto",
              "CbsCmnGnbPcieLoopBackModeRPL": "CbsCmnGnbPcieLoopBackModeRPLAuto",
              "CbsCmnGnbPciePsppPolicyRPL": "CbsCmnGnbPciePsppPolicyRPLAuto",
              "CbsCmnGnbPowerSupplyIdleCtrlRPL": "CbsCmnGnbPowerSupplyIdleCtrlRPLAuto",
              "CbsCmnGnbSMUSystemConfigRPL": "CbsCmnGnbSMUSystemConfigRPLAuto",
              "CbsCmnGpuHostTranslationRPL": "CbsCmnGpuHostTranslationRPLAuto",
              "CbsCmnMemAddressHashBankDdrRPL": "CbsCmnMemAddressHashBankDdrRPLAuto",
              "CbsCmnMemAddressHashCsDdrRPL": "CbsCmnMemAddressHashCsDdrRPLAuto",
              "CbsCmnMemAddressHashSubchannelDdrRPL": "CbsCmnMemAddressHashSubchannelDdrRPLAuto",
              "CbsCmnMemContextRestoreDdrRPL": "CbsCmnMemContextRestoreDdrRPLAuto",
              "CbsCmnMemCtrllerBankSwapModeDdrRPL": "CbsCmnMemCtrllerBankSwapModeDdrRPLAuto",
              "CbsCmnMemCtrllerCaOdtADdrRPL": "CbsCmnMemCtrllerCaOdtADdrRPLAuto",
              "CbsCmnMemCtrllerCaOdtBDdrRPL": "CbsCmnMemCtrllerCaOdtBDdrRPLAuto",
              "CbsCmnMemCtrllerCkOdtADdrRPL": "CbsCmnMemCtrllerCkOdtADdrRPLAuto",
              "CbsCmnMemCtrllerCkOdtBDdrRPL": "CbsCmnMemCtrllerCkOdtBDdrRPLAuto",
              "CbsCmnMemCtrllerCsOdtADdrRPL": "CbsCmnMemCtrllerCsOdtADdrRPLAuto",
              "CbsCmnMemCtrllerCsOdtBDdrRPL": "CbsCmnMemCtrllerCsOdtBDdrRPLAuto",
              "CbsCmnMemCtrllerPmuTrainDfeDdrRPL": "CbsCmnMemCtrllerPmuTrainDfeDdrRPLAuto",
              "CbsCmnMemCtrllerPowerDownEnDdrRPL": "CbsCmnMemCtrllerPowerDownEnDdrRPLAuto",
              "CbsCmnMemCtrllerPptCtlDdrRPL": "CbsCmnMemCtrllerPptCtlDdrRPLAuto",
              "CbsCmnMemCtrllerRx2DDelayStepSizeDdrRPL": "0",
              "CbsCmnMemCtrllerRx2DDfeDdrRPL": "CbsCmnMemCtrllerRx2DDfeDdrRPLAuto",
              "CbsCmnMemCtrllerRx2DTrainOptDdrRPL": "CbsCmnMemCtrllerRx2DTrainOptDdrRPLAuto",
              "CbsCmnMemCtrllerRx2DVoltStepSizeDdrRPL": "0",
              "CbsCmnMemCtrllerTx2DDelayStepSizeDdrRPL": "0",
              "CbsCmnMemCtrllerTx2DDelayStepSizeMultDdrRPL": "CbsCmnMemCtrllerTx2DDelayStepSizeMultDdrRPLNoMultiplier",
              "CbsCmnMemCtrllerTx2DDfeDdrRPL": "CbsCmnMemCtrllerTx2DDfeDdrRPLAuto",
              "CbsCmnMemCtrllerTx2DTrainOptDdrRPL": "CbsCmnMemCtrllerTx2DTrainOptDdrRPLAuto",
              "CbsCmnMemCtrllerTx2DVoltStepSizeDdrRPL": "0",
              "CbsCmnMemCtrllerTx2DVoltStepSizeMultDdrRPL": "0",
              "CbsCmnMemDataCtrlDataScrambleEnDdrRPL": "CbsCmnMemDataCtrlDataScrambleEnDdrRPLAuto",
              "CbsCmnMemDramDrvPullDownStrenDqDdrP0RPL": "CbsCmnMemDramDrvPullDownStrenDqDdrP0RPLAuto",
              "CbsCmnMemDramDrvPullDownStrenDqDdrP1RPL": "CbsCmnMemDramDrvPullDownStrenDqDdrP1RPLAuto",
              "CbsCmnMemDramDrvPullDownStrenDqDdrP2RPL": "CbsCmnMemDramDrvPullDownStrenDqDdrP2RPLAuto",
              "CbsCmnMemDramDrvPullDownStrenDqDdrP3RPL": "CbsCmnMemDramDrvPullDownStrenDqDdrP3RPLAuto",
              "CbsCmnMemDramDrvStrenDqDdrP0RPL": "CbsCmnMemDramDrvStrenDqDdrP0RPLAuto",
              "CbsCmnMemDramDrvStrenDqDdrP1RPL": "CbsCmnMemDramDrvStrenDqDdrP1RPLAuto",
              "CbsCmnMemDramDrvStrenDqDdrP2RPL": "CbsCmnMemDramDrvStrenDqDdrP2RPLAuto",
              "CbsCmnMemDramDrvStrenDqDdrP3RPL": "CbsCmnMemDramDrvStrenDqDdrP3RPLAuto",
              "CbsCmnMemDramOdtImpedRttNomRdDdrP0RPL": "CbsCmnMemDramOdtImpedRttNomRdDdrP0RPLAuto",
              "CbsCmnMemDramOdtImpedRttNomRdDdrP1RPL": "CbsCmnMemDramOdtImpedRttNomRdDdrP1RPLAuto",
              "CbsCmnMemDramOdtImpedRttNomRdDdrP2RPL": "CbsCmnMemDramOdtImpedRttNomRdDdrP2RPLAuto",
              "CbsCmnMemDramOdtImpedRttNomRdDdrP3RPL": "CbsCmnMemDramOdtImpedRttNomRdDdrP3RPLAuto",
              "CbsCmnMemDramOdtImpedRttNomWrDdrP0RPL": "CbsCmnMemDramOdtImpedRttNomWrDdrP0RPLAuto",
              "CbsCmnMemDramOdtImpedRttNomWrDdrP1RPL": "CbsCmnMemDramOdtImpedRttNomWrDdrP1RPLAuto",
              "CbsCmnMemDramOdtImpedRttNomWrDdrP2RPL": "CbsCmnMemDramOdtImpedRttNomWrDdrP2RPLAuto",
              "CbsCmnMemDramOdtImpedRttNomWrDdrP3RPL": "CbsCmnMemDramOdtImpedRttNomWrDdrP3RPLAuto",
              "CbsCmnMemDramOdtImpedRttParkDdrP0RPL": "CbsCmnMemDramOdtImpedRttParkDdrP0RPLAuto",
              "CbsCmnMemDramOdtImpedRttParkDdrP1RPL": "CbsCmnMemDramOdtImpedRttParkDdrP1RPLAuto",
              "CbsCmnMemDramOdtImpedRttParkDdrP2RPL": "CbsCmnMemDramOdtImpedRttParkDdrP2RPLAuto",
              "CbsCmnMemDramOdtImpedRttParkDdrP3RPL": "CbsCmnMemDramOdtImpedRttParkDdrP3RPLAuto",
              "CbsCmnMemDramOdtImpedRttParkDqsDdrP0RPL": "CbsCmnMemDramOdtImpedRttParkDqsDdrP0RPLAuto",
              "CbsCmnMemDramOdtImpedRttParkDqsDdrP1RPL": "CbsCmnMemDramOdtImpedRttParkDqsDdrP1RPLAuto",
              "CbsCmnMemDramOdtImpedRttParkDqsDdrP2RPL": "CbsCmnMemDramOdtImpedRttParkDqsDdrP2RPLAuto",
              "CbsCmnMemDramOdtImpedRttParkDqsDdrP3RPL": "CbsCmnMemDramOdtImpedRttParkDqsDdrP3RPLAuto",
              "CbsCmnMemDramOdtImpedRttWrDdrP0RPL": "CbsCmnMemDramOdtImpedRttWrDdrP0RPLAuto",
              "CbsCmnMemDramOdtImpedRttWrDdrP1RPL": "CbsCmnMemDramOdtImpedRttWrDdrP1RPLAuto",
              "CbsCmnMemDramOdtImpedRttWrDdrP2RPL": "CbsCmnMemDramOdtImpedRttWrDdrP2RPLAuto",
              "CbsCmnMemDramOdtImpedRttWrDdrP3RPL": "CbsCmnMemDramOdtImpedRttWrDdrP3RPLAuto",
              "CbsCmnMemDramPdaDeviceIdProgModeDdrRPL": "CbsCmnMemDramPdaDeviceIdProgModeDdrRPLAuto",
              "CbsCmnMemDrvStrenCaDdrRPL": "CbsCmnMemDrvStrenCaDdrRPLAuto",
              "CbsCmnMemDrvStrenCkDdrRPL": "CbsCmnMemDrvStrenCkDdrRPLAuto",
              "CbsCmnMemDrvStrenCsDdrRPL": "CbsCmnMemDrvStrenCsDdrRPLAuto",
              "CbsCmnMemDrvStrenDqPullDownDdrP0RPL": "CbsCmnMemDrvStrenDqPullDownDdrP0RPLAuto",
              "CbsCmnMemDrvStrenDqPullDownDdrP1RPL": "CbsCmnMemDrvStrenDqPullDownDdrP1RPLAuto",
              "CbsCmnMemDrvStrenDqPullDownDdrP2RPL": "CbsCmnMemDrvStrenDqPullDownDdrP2RPLAuto",
              "CbsCmnMemDrvStrenDqPullDownDdrP3RPL": "CbsCmnMemDrvStrenDqPullDownDdrP3RPLAuto",
              "CbsCmnMemDrvStrenDqPullUpDdrP0RPL": "CbsCmnMemDrvStrenDqPullUpDdrP0RPLAuto",
              "CbsCmnMemDrvStrenDqPullUpDdrP1RPL": "CbsCmnMemDrvStrenDqPullUpDdrP1RPLAuto",
              "CbsCmnMemDrvStrenDqPullUpDdrP2RPL": "CbsCmnMemDrvStrenDqPullUpDdrP2RPLAuto",
              "CbsCmnMemDrvStrenDqPullUpDdrP3RPL": "CbsCmnMemDrvStrenDqPullUpDdrP3RPLAuto",
              "CbsCmnMemEccDisErrInjectionDdrRPL": "CbsCmnMemEccDisErrInjectionDdrRPLAuto",
              "CbsCmnMemEccEnDdrRPL": "CbsCmnMemEccEnDdrRPLAuto",
              "CbsCmnMemMappingBankInterleaveDdrRPL": "CbsCmnMemMappingBankInterleaveDdrRPLAuto",
              "CbsCmnMemMbistAggressorsChnlDdrRPL": "CbsCmnMemMbistAggressorsChnlDdrRPLAuto",
              "CbsCmnMemMbistAggressorsDdrRPL": "CbsCmnMemMbistAggressorsDdrRPLAuto",
              "CbsCmnMemMbistEnDdrRPL": "CbsCmnMemMbistEnDdrRPLAuto",
              "CbsCmnMemMbistPatternLengthDdrRPL": "6",
              "CbsCmnMemMbistPatternLengthSelectDdrRPL": "CbsCmnMemMbistPatternLengthSelectDdrRPLAuto",
              "CbsCmnMemMbistPatternSelectDdrRPL": "CbsCmnMemMbistPatternSelectDdrRPLAuto",
              "CbsCmnMemMbistPerBitSlaveDieReportDdrRPL": "CbsCmnMemMbistPerBitSlaveDieReportDdrRPLAuto",
              "CbsCmnMemMbistTestmodeDdrRPL": "CbsCmnMemMbistTestmodeDdrRPLAuto",
              "CbsCmnMemNitroModeDdrTrainingRuntimeReductionRPL": "CbsCmnMemNitroModeDdrTrainingRuntimeReductionRPLAuto",
              "CbsCmnMemNumOfTxDfeTapsRPL": "CbsCmnMemNumOfTxDfeTapsRPLAuto",
              "CbsCmnMemNumberOfRxDfeTapsRPL": "CbsCmnMemNumberOfRxDfeTapsRPLAuto",
              "CbsCmnMemProcOdtPullDownDdrP0RPL": "CbsCmnMemProcOdtPullDownDdrP0RPLAuto",
              "CbsCmnMemProcOdtPullDownDdrP1RPL": "CbsCmnMemProcOdtPullDownDdrP1RPLAuto",
              "CbsCmnMemProcOdtPullDownDdrP2RPL": "CbsCmnMemProcOdtPullDownDdrP2RPLAuto",
              "CbsCmnMemProcOdtPullDownDdrP3RPL": "CbsCmnMemProcOdtPullDownDdrP3RPLAuto",
              "CbsCmnMemProcOdtPullUpDdrP0RPL": "CbsCmnMemProcOdtPullUpDdrP0RPLAuto",
              "CbsCmnMemProcOdtPullUpDdrP1RPL": "CbsCmnMemProcOdtPullUpDdrP1RPLAuto",
              "CbsCmnMemProcOdtPullUpDdrP2RPL": "CbsCmnMemProcOdtPullUpDdrP2RPLAuto",
              "CbsCmnMemProcOdtPullUpDdrP3RPL": "CbsCmnMemProcOdtPullUpDdrP3RPLAuto",
              "CbsCmnMemRdDriftAdjustmentP0RPL": "CbsCmnMemRdDriftAdjustmentP0RPLAuto",
              "CbsCmnMemRdDriftAdjustmentP1RPL": "CbsCmnMemRdDriftAdjustmentP1RPLAuto",
              "CbsCmnMemRdDriftAdjustmentP2RPL": "CbsCmnMemRdDriftAdjustmentP2RPLAuto",
              "CbsCmnMemRdDriftAdjustmentP3RPL": "CbsCmnMemRdDriftAdjustmentP3RPLAuto",
              "CbsCmnMemRdDriftAdjustmentRPL": "CbsCmnMemRdDriftAdjustmentRPLAuto",
              "CbsCmnMemRxBurstLengthRPL": "CbsCmnMemRxBurstLengthRPLAuto",
              "CbsCmnMemTargetSpeedDdrRPL": "3200",
              "CbsCmnMemTimingSettingDdrRPL": "CbsCmnMemTimingSettingDdrRPLAuto",
              "CbsCmnMemTimingTclCtrlDdrRPL": "CbsCmnMemTimingTclCtrlDdrRPLAuto",
              "CbsCmnMemTimingTclDdrRPL": "22",
              "CbsCmnMemTimingTfawCtrlDdrRPL": "CbsCmnMemTimingTfawCtrlDdrRPLAuto",
              "CbsCmnMemTimingTfawDdrRPL": "26",
              "CbsCmnMemTimingTrasCtrlDdrRPL": "CbsCmnMemTimingTrasCtrlDdrRPLAuto",
              "CbsCmnMemTimingTrasDdrRPL": "30",
              "CbsCmnMemTimingTrcCtrlDdrRPL": "CbsCmnMemTimingTrcCtrlDdrRPLAuto",
              "CbsCmnMemTimingTrcDdrRPL": "32",
              "CbsCmnMemTimingTrcdCtrlDdrRPL": "CbsCmnMemTimingTrcdCtrlDdrRPLAuto",
              "CbsCmnMemTimingTrcdDdrRPL": "8",
              "CbsCmnMemTimingTrdrdDdCtrlDdrRPL": "CbsCmnMemTimingTrdrdDdCtrlDdrRPLAuto",
              "CbsCmnMemTimingTrdrdDdDdrRPL": "3",
              "CbsCmnMemTimingTrdrdScCtrlDdrRPL": "CbsCmnMemTimingTrdrdScCtrlDdrRPLAuto",
              "CbsCmnMemTimingTrdrdScDdrRPL": "1",
              "CbsCmnMemTimingTrdrdScLCtrlDdrRPL": "CbsCmnMemTimingTrdrdScLCtrlDdrRPLAuto",
              "CbsCmnMemTimingTrdrdScLDdrRPL": "1",
              "CbsCmnMemTimingTrdrdSdCtrlDdrRPL": "CbsCmnMemTimingTrdrdSdCtrlDdrRPLAuto",
              "CbsCmnMemTimingTrdrdSdDdrRPL": "3",
              "CbsCmnMemTimingTrdwrCtrlDdrRPL": "CbsCmnMemTimingTrdwrCtrlDdrRPLAuto",
              "CbsCmnMemTimingTrdwrDdrRPL": "5",
              "CbsCmnMemTimingTrfc1CtrlDdrRPL": "CbsCmnMemTimingTrfc1CtrlDdrRPLAuto",
              "CbsCmnMemTimingTrfc1DdrRPL": "50",
              "CbsCmnMemTimingTrfc2CtrlDdrRPL": "CbsCmnMemTimingTrfc2CtrlDdrRPLAuto",
              "CbsCmnMemTimingTrfc2DdrRPL": "50",
              "CbsCmnMemTimingTrfcSbCtrlDdrRPL": "CbsCmnMemTimingTrfcSbCtrlDdrRPLAuto",
              "CbsCmnMemTimingTrfcSbDdrRPL": "50",
              "CbsCmnMemTimingTrpCtrlDdrRPL": "CbsCmnMemTimingTrpCtrlDdrRPLAuto",
              "CbsCmnMemTimingTrpDdrRPL": "8",
              "CbsCmnMemTimingTrrdLCtrlDdrRPL": "CbsCmnMemTimingTrrdLCtrlDdrRPLAuto",
              "CbsCmnMemTimingTrrdLDdrRPL": "4",
              "CbsCmnMemTimingTrrdSCtrlDdrRPL": "CbsCmnMemTimingTrrdSCtrlDdrRPLAuto",
              "CbsCmnMemTimingTrrdSDdrRPL": "4",
              "CbsCmnMemTimingTrtpCtrlDdrRPL": "CbsCmnMemTimingTrtpCtrlDdrRPLAuto",
              "CbsCmnMemTimingTrtpDdrRPL": "9",
              "CbsCmnMemTimingTwrCtrlDdrRPL": "CbsCmnMemTimingTwrCtrlDdrRPLAuto",
              "CbsCmnMemTimingTwrDdrRPL": "48",
              "CbsCmnMemTimingTwrrdCtrlDdrRPL": "CbsCmnMemTimingTwrrdCtrlDdrRPLAuto",
              "CbsCmnMemTimingTwrrdDdrRPL": "5",
              "CbsCmnMemTimingTwrwrDdCtrlDdrRPL": "CbsCmnMemTimingTwrwrDdCtrlDdrRPLAuto",
              "CbsCmnMemTimingTwrwrDdDdrRPL": "3",
              "CbsCmnMemTimingTwrwrScCtrlDdrRPL": "CbsCmnMemTimingTwrwrScCtrlDdrRPLAuto",
              "CbsCmnMemTimingTwrwrScDdrRPL": "1",
              "CbsCmnMemTimingTwrwrScLCtrlDdrRPL": "CbsCmnMemTimingTwrwrScLCtrlDdrRPLAuto",
              "CbsCmnMemTimingTwrwrScLDdrRPL": "1",
              "CbsCmnMemTimingTwrwrSdCtrlDdrRPL": "CbsCmnMemTimingTwrwrSdCtrlDdrRPLAuto",
              "CbsCmnMemTimingTwrwrSdDdrRPL": "3",
              "CbsCmnMemTimingTwtrLCtrlDdrRPL": "CbsCmnMemTimingTwtrLCtrlDdrRPLAuto",
              "CbsCmnMemTimingTwtrLDdrRPL": "8",
              "CbsCmnMemTimingTwtrSCtrlDdrRPL": "CbsCmnMemTimingTwtrSCtrlDdrRPLAuto",
              "CbsCmnMemTimingTwtrSDdrRPL": "3",
              "CbsCmnMemTsmeEnableDdrRPL": "CbsCmnMemTsmeEnableDdrRPLAuto",
              "CbsCmnMemTxBurstLengthRPL": "CbsCmnMemTxBurstLengthRPLAuto",
              "CbsCmnMemWrDriftAdjustmentP0RPL": "CbsCmnMemWrDriftAdjustmentP0RPLAuto",
              "CbsCmnMemWrDriftAdjustmentP1RPL": "CbsCmnMemWrDriftAdjustmentP1RPLAuto",
              "CbsCmnMemWrDriftAdjustmentP2RPL": "CbsCmnMemWrDriftAdjustmentP2RPLAuto",
              "CbsCmnMemWrDriftAdjustmentP3RPL": "CbsCmnMemWrDriftAdjustmentP3RPLAuto",
              "CbsCmnMemWrDriftAdjustmentRPL": "CbsCmnMemWrDriftAdjustmentRPLAuto",
              "CbsCmnMixedDimmConfigNumaDomainRPL": "CbsCmnMixedDimmConfigNumaDomainRPLDisabled",
              "CbsCmnMsgSetFastPPTLimitRPL": "0",
              "CbsCmnMsgSetSlowPPTLimitRPL": "0",
              "CbsCmnMsgSetSustainedPowerLimitRPL": "0",
              "CbsCmnNbioPcieAdvertiseEqToHighRateSupportRPL": "CbsCmnNbioPcieAdvertiseEqToHighRateSupportRPLAuto",
              "CbsCmnPT21L4Usb2P0RPL": "CbsCmnPT21L4Usb2P0RPLAuto",
              "CbsCmnPT21L4Usb2P1RPL": "CbsCmnPT21L4Usb2P1RPLAuto",
              "CbsCmnPT21L4Usb2P2RPL": "CbsCmnPT21L4Usb2P2RPLAuto",
              "CbsCmnPT21L4Usb2P3RPL": "CbsCmnPT21L4Usb2P3RPLAuto",
              "CbsCmnPT21L4Usb2P4RPL": "CbsCmnPT21L4Usb2P4RPLAuto",
              "CbsCmnPT21L4Usb2P5RPL": "CbsCmnPT21L4Usb2P5RPLAuto",
              "CbsCmnPT21L4Usb2P6RPL": "CbsCmnPT21L4Usb2P6RPLAuto",
              "CbsCmnPT21L4Usb2P7RPL": "CbsCmnPT21L4Usb2P7RPLAuto",
              "CbsCmnPT21L4Usb2P8RPL": "CbsCmnPT21L4Usb2P8RPLAuto",
              "CbsCmnPT21L4Usb2P9RPL": "CbsCmnPT21L4Usb2P9RPLDisable",
              "CbsCmnPT21L4Usb3P0RPL": "CbsCmnPT21L4Usb3P0RPLAuto",
              "CbsCmnPT21L4Usb3P1RPL": "CbsCmnPT21L4Usb3P1RPLAuto",
              "CbsCmnPT21L4Usb3P2RPL": "CbsCmnPT21L4Usb3P2RPLAuto",
              "CbsCmnPT21L4Usb3P3RPL": "CbsCmnPT21L4Usb3P3RPLAuto",
              "CbsCmnPT21PMEnableRPL": "CbsCmnPT21PMEnableRPLAuto",
              "CbsCmnPT21PcieP0LaneRevRPL": "CbsCmnPT21PcieP0LaneRevRPLAuto",
              "CbsCmnPT21PcieP0RPL": "CbsCmnPT21PcieP0RPLAuto",
              "CbsCmnPT21PcieP0SpeedRPL": "CbsCmnPT21PcieP0SpeedRPLAuto",
              "CbsCmnPT21PcieP10LaneRevRPL": "CbsCmnPT21PcieP10LaneRevRPLAuto",
              "CbsCmnPT21PcieP10RPL": "CbsCmnPT21PcieP10RPLAuto",
              "CbsCmnPT21PcieP10SpeedRPL": "CbsCmnPT21PcieP10SpeedRPLAuto",
              "CbsCmnPT21PcieP11RPL": "CbsCmnPT21PcieP11RPLAuto",
              "CbsCmnPT21PcieP11SpeedRPL": "CbsCmnPT21PcieP11SpeedRPLAuto",
              "CbsCmnPT21PcieP1RPL": "CbsCmnPT21PcieP1RPLAuto",
              "CbsCmnPT21PcieP1SpeedRPL": "CbsCmnPT21PcieP1SpeedRPLAuto",
              "CbsCmnPT21PcieP2LaneRevRPL": "CbsCmnPT21PcieP2LaneRevRPLAuto",
              "CbsCmnPT21PcieP2RPL": "CbsCmnPT21PcieP2RPLAuto",
              "CbsCmnPT21PcieP2SpeedRPL": "CbsCmnPT21PcieP2SpeedRPLAuto",
              "CbsCmnPT21PcieP3RPL": "CbsCmnPT21PcieP3RPLAuto",
              "CbsCmnPT21PcieP3SpeedRPL": "CbsCmnPT21PcieP3SpeedRPLAuto",
              "CbsCmnPT21PcieP4LaneRevRPL": "CbsCmnPT21PcieP4LaneRevRPLAuto",
              "CbsCmnPT21PcieP4RPL": "CbsCmnPT21PcieP4RPLAuto",
              "CbsCmnPT21PcieP4SpeedRPL": "CbsCmnPT21PcieP4SpeedRPLAuto",
              "CbsCmnPT21PcieP5RPL": "CbsCmnPT21PcieP5RPLAuto",
              "CbsCmnPT21PcieP5SpeedRPL": "CbsCmnPT21PcieP5SpeedRPLAuto",
              "CbsCmnPT21PcieP6LaneRevRPL": "CbsCmnPT21PcieP6LaneRevRPLAuto",
              "CbsCmnPT21PcieP6RPL": "CbsCmnPT21PcieP6RPLAuto",
              "CbsCmnPT21PcieP6SpeedRPL": "CbsCmnPT21PcieP6SpeedRPLAuto",
              "CbsCmnPT21PcieP7RPL": "CbsCmnPT21PcieP7RPLAuto",
              "CbsCmnPT21PcieP7SpeedRPL": "CbsCmnPT21PcieP7SpeedRPLAuto",
              "CbsCmnPT21PcieP8LaneRevRPL": "CbsCmnPT21PcieP8LaneRevRPLAuto",
              "CbsCmnPT21PcieP8RPL": "CbsCmnPT21PcieP8RPLAuto",
              "CbsCmnPT21PcieP8SpeedRPL": "CbsCmnPT21PcieP8SpeedRPLAuto",
              "CbsCmnPT21PcieP9RPL": "CbsCmnPT21PcieP9RPLAuto",
              "CbsCmnPT21PcieP9SpeedRPL": "CbsCmnPT21PcieP9SpeedRPLAuto",
              "CbsCmnPT21RevisionIdRPL": "CbsCmnPT21RevisionIdRPLAuto",
              "CbsCmnPT21SIProgEnableRPL": "CbsCmnPT21SIProgEnableRPLAuto",
              "CbsCmnPT21SataClassRPL": "CbsCmnPT21SataClassRPLAuto",
              "CbsCmnPT21SataP0Gen1EmpLevelRPL": "1",
              "CbsCmnPT21SataP0Gen1SwingRPL": "3",
              "CbsCmnPT21SataP0Gen2EmpLevelRPL": "1",
              "CbsCmnPT21SataP0Gen2SwingRPL": "3",
              "CbsCmnPT21SataP0Gen3EmpLevelRPL": "10",
              "CbsCmnPT21SataP0Gen3SwingRPL": "15",
              "CbsCmnPT21SataP1Gen1EmpLevelRPL": "1",
              "CbsCmnPT21SataP1Gen1SwingRPL": "3",
              "CbsCmnPT21SataP1Gen2EmpLevelRPL": "1",
              "CbsCmnPT21SataP1Gen2SwingRPL": "3",
              "CbsCmnPT21SataP1Gen3EmpLevelRPL": "10",
              "CbsCmnPT21SataP1Gen3SwingRPL": "15",
              "CbsCmnPT21SataP2Gen1EmpLevelRPL": "1",
              "CbsCmnPT21SataP2Gen1SwingRPL": "3",
              "CbsCmnPT21SataP2Gen2EmpLevelRPL": "1",
              "CbsCmnPT21SataP2Gen2SwingRPL": "3",
              "CbsCmnPT21SataP2Gen3EmpLevelRPL": "10",
              "CbsCmnPT21SataP2Gen3SwingRPL": "15",
              "CbsCmnPT21SataP3Gen1EmpLevelRPL": "1",
              "CbsCmnPT21SataP3Gen1SwingRPL": "3",
              "CbsCmnPT21SataP3Gen2EmpLevelRPL": "1",
              "CbsCmnPT21SataP3Gen2SwingRPL": "3",
              "CbsCmnPT21SataP3Gen3EmpLevelRPL": "10",
              "CbsCmnPT21SataP3Gen3SwingRPL": "15",
              "CbsCmnPT21SataPort0RPL": "CbsCmnPT21SataPort0RPLAuto",
              "CbsCmnPT21SataPort1RPL": "CbsCmnPT21SataPort1RPLAuto",
              "CbsCmnPT21SataPort2RPL": "CbsCmnPT21SataPort2RPLAuto",
              "CbsCmnPT21SataPort3RPL": "CbsCmnPT21SataPort3RPLAuto",
              "CbsCmnPT21USB2P0DrivingCurrentRPL": "0",
              "CbsCmnPT21USB2P0SlewRateRPL": "2",
              "CbsCmnPT21USB2P0TerminationRPL": "3",
              "CbsCmnPT21USB2P1DrivingCurrentRPL": "0",
              "CbsCmnPT21USB2P1SlewRateRPL": "2",
              "CbsCmnPT21USB2P1TerminationRPL": "3",
              "CbsCmnPT21USB2P4DrivingCurrentRPL": "0",
              "CbsCmnPT21USB2P4SlewRateRPL": "2",
              "CbsCmnPT21USB2P4TerminationRPL": "3",
              "CbsCmnPT21USB2P5DrivingCurrentRPL": "0",
              "CbsCmnPT21USB2P5SlewRateRPL": "2",
              "CbsCmnPT21USB2P5TerminationRPL": "3",
              "CbsCmnPT21USB2P8DrivingCurrentRPL": "0",
              "CbsCmnPT21USB2P8SlewRateRPL": "2",
              "CbsCmnPT21USB2P8TerminationRPL": "3",
              "CbsCmnPT21USB2P9DrivingCurrentRPL": "0",
              "CbsCmnPT21USB2P9SlewRateRPL": "2",
              "CbsCmnPT21USB2P9TerminationRPL": "3",
              "CbsCmnPT21USB3P0Gen1EmpLevelRPL": "3",
              "CbsCmnPT21USB3P0Gen1PreshootRPL": "0",
              "CbsCmnPT21USB3P0Gen1SwingRPL": "15",
              "CbsCmnPT21USB3P0Gen2Cp0EmpLevelRPL": "3",
              "CbsCmnPT21USB3P0Gen2Cp0PreshootRPL": "0",
              "CbsCmnPT21USB3P0Gen2Cp13EmpLevelRPL": "3",
              "CbsCmnPT21USB3P0Gen2Cp13PreshootRPL": "0",
              "CbsCmnPT21USB3P0Gen2Cp14EmpLevelRPL": "3",
              "CbsCmnPT21USB3P0Gen2Cp14PreshootRPL": "0",
              "CbsCmnPT21USB3P0Gen2Cp15EmpLevelRPL": "3",
              "CbsCmnPT21USB3P0Gen2Cp15PreshootRPL": "0",
              "CbsCmnPT21USB3P0Gen2Cp16EmpLevelRPL": "3",
              "CbsCmnPT21USB3P0Gen2Cp16PreshootRPL": "0",
              "CbsCmnPT21USB3P0Gen2SwingRPL": "15",
              "CbsCmnPT21USB3P1Gen1EmpLevelRPL": "3",
              "CbsCmnPT21USB3P1Gen1PreshootRPL": "0",
              "CbsCmnPT21USB3P1Gen1SwingRPL": "15",
              "CbsCmnPT21USB3P1Gen2Cp0EmpLevelRPL": "3",
              "CbsCmnPT21USB3P1Gen2Cp0PreshootRPL": "0",
              "CbsCmnPT21USB3P1Gen2Cp13EmpLevelRPL": "3",
              "CbsCmnPT21USB3P1Gen2Cp13PreshootRPL": "0",
              "CbsCmnPT21USB3P1Gen2Cp14EmpLevelRPL": "3",
              "CbsCmnPT21USB3P1Gen2Cp14PreshootRPL": "0",
              "CbsCmnPT21USB3P1Gen2Cp15EmpLevelRPL": "3",
              "CbsCmnPT21USB3P1Gen2Cp15PreshootRPL": "0",
              "CbsCmnPT21USB3P1Gen2Cp16EmpLevelRPL": "3",
              "CbsCmnPT21USB3P1Gen2Cp16PreshootRPL": "0",
              "CbsCmnPT21USB3P1Gen2SwingRPL": "15",
              "CbsCmnPT21USB3P2Gen1EmpLevelRPL": "3",
              "CbsCmnPT21USB3P2Gen1PreshootRPL": "0",
              "CbsCmnPT21USB3P2Gen1SwingRPL": "15",
              "CbsCmnPT21USB3P2Gen2Cp0EmpLevelRPL": "3",
              "CbsCmnPT21USB3P2Gen2Cp0PreshootRPL": "0",
              "CbsCmnPT21USB3P2Gen2Cp13EmpLevelRPL": "3",
              "CbsCmnPT21USB3P2Gen2Cp13PreshootRPL": "0",
              "CbsCmnPT21USB3P2Gen2Cp14EmpLevelRPL": "3",
              "CbsCmnPT21USB3P2Gen2Cp14PreshootRPL": "0",
              "CbsCmnPT21USB3P2Gen2Cp15EmpLevelRPL": "3",
              "CbsCmnPT21USB3P2Gen2Cp15PreshootRPL": "0",
              "CbsCmnPT21USB3P2Gen2Cp16EmpLevelRPL": "3",
              "CbsCmnPT21USB3P2Gen2Cp16PreshootRPL": "0",
              "CbsCmnPT21USB3P2Gen2SwingRPL": "15",
              "CbsCmnPT21USB3P3Gen1EmpLevelRPL": "3",
              "CbsCmnPT21USB3P3Gen1PreshootRPL": "0",
              "CbsCmnPT21USB3P3Gen1SwingRPL": "15",
              "CbsCmnPT21USB3P3Gen2Cp0EmpLevelRPL": "3",
              "CbsCmnPT21USB3P3Gen2Cp0PreshootRPL": "0",
              "CbsCmnPT21USB3P3Gen2Cp13EmpLevelRPL": "3",
              "CbsCmnPT21USB3P3Gen2Cp13PreshootRPL": "0",
              "CbsCmnPT21USB3P3Gen2Cp14EmpLevelRPL": "3",
              "CbsCmnPT21USB3P3Gen2Cp14PreshootRPL": "0",
              "CbsCmnPT21USB3P3Gen2Cp15EmpLevelRPL": "3",
              "CbsCmnPT21USB3P3Gen2Cp15PreshootRPL": "0",
              "CbsCmnPT21USB3P3Gen2Cp16EmpLevelRPL": "3",
              "CbsCmnPT21USB3P3Gen2Cp16PreshootRPL": "0",
              "CbsCmnPT21USB3P3Gen2SwingRPL": "15",
              "CbsCmnPT21USB3P4Gen1EmpLevelRPL": "3",
              "CbsCmnPT21USB3P4Gen1PreshootRPL": "0",
              "CbsCmnPT21USB3P4Gen1SwingRPL": "15",
              "CbsCmnPT21USB3P4Gen2Cp0EmpLevelRPL": "3",
              "CbsCmnPT21USB3P4Gen2Cp0PreshootRPL": "0",
              "CbsCmnPT21USB3P4Gen2Cp13EmpLevelRPL": "3",
              "CbsCmnPT21USB3P4Gen2Cp13PreshootRPL": "0",
              "CbsCmnPT21USB3P4Gen2Cp14EmpLevelRPL": "3",
              "CbsCmnPT21USB3P4Gen2Cp14PreshootRPL": "0",
              "CbsCmnPT21USB3P4Gen2Cp15EmpLevelRPL": "3",
              "CbsCmnPT21USB3P4Gen2Cp15PreshootRPL": "0",
              "CbsCmnPT21USB3P4Gen2Cp16EmpLevelRPL": "3",
              "CbsCmnPT21USB3P4Gen2Cp16PreshootRPL": "0",
              "CbsCmnPT21USB3P4Gen2SwingRPL": "15",
              "CbsCmnPT21USB3P5Gen1EmpLevelRPL": "3",
              "CbsCmnPT21USB3P5Gen1PreshootRPL": "0",
              "CbsCmnPT21USB3P5Gen1SwingRPL": "15",
              "CbsCmnPT21USB3P5Gen2Cp0EmpLevelRPL": "3",
              "CbsCmnPT21USB3P5Gen2Cp0PreshootRPL": "0",
              "CbsCmnPT21USB3P5Gen2Cp13EmpLevelRPL": "3",
              "CbsCmnPT21USB3P5Gen2Cp13PreshootRPL": "0",
              "CbsCmnPT21USB3P5Gen2Cp14EmpLevelRPL": "3",
              "CbsCmnPT21USB3P5Gen2Cp14PreshootRPL": "0",
              "CbsCmnPT21USB3P5Gen2Cp15EmpLevelRPL": "3",
              "CbsCmnPT21USB3P5Gen2Cp15PreshootRPL": "0",
              "CbsCmnPT21USB3P5Gen2Cp16EmpLevelRPL": "3",
              "CbsCmnPT21USB3P5Gen2Cp16PreshootRPL": "0",
              "CbsCmnPT21USB3P5Gen2SwingRPL": "15",
              "CbsCmnPT21USBLateDisableRPL": "CbsCmnPT21USBLateDisableRPLAuto",
              "CbsCmnPT21Usb2P0RPL": "CbsCmnPT21Usb2P0RPLAuto",
              "CbsCmnPT21Usb2P10RPL": "CbsCmnPT21Usb2P10RPLDisable",
              "CbsCmnPT21Usb2P11RPL": "CbsCmnPT21Usb2P11RPLDisable",
              "CbsCmnPT21Usb2P1RPL": "CbsCmnPT21Usb2P1RPLAuto",
              "CbsCmnPT21Usb2P2RPL": "CbsCmnPT21Usb2P2RPLAuto",
              "CbsCmnPT21Usb2P3RPL": "CbsCmnPT21Usb2P3RPLAuto",
              "CbsCmnPT21Usb2P4RPL": "CbsCmnPT21Usb2P4RPLAuto",
              "CbsCmnPT21Usb2P5RPL": "CbsCmnPT21Usb2P5RPLAuto",
              "CbsCmnPT21Usb2P6RPL": "CbsCmnPT21Usb2P6RPLAuto",
              "CbsCmnPT21Usb2P7RPL": "CbsCmnPT21Usb2P7RPLAuto",
              "CbsCmnPT21Usb2P8RPL": "CbsCmnPT21Usb2P8RPLAuto",
              "CbsCmnPT21Usb2P9RPL": "CbsCmnPT21Usb2P9RPLDisable",
              "CbsCmnPT21Usb3GenSelectRPL": "CbsCmnPT21Usb3GenSelectRPLGen2x1",
              "CbsCmnPT21Usb3P0RPL": "CbsCmnPT21Usb3P0RPLAuto",
              "CbsCmnPT21Usb3P1RPL": "CbsCmnPT21Usb3P1RPLAuto",
              "CbsCmnPT21Usb3P2RPL": "CbsCmnPT21Usb3P2RPLAuto",
              "CbsCmnPT21Usb3P3RPL": "CbsCmnPT21Usb3P3RPLAuto",
              "CbsCmnPT21Usb3P4RPL": "CbsCmnPT21Usb3P4RPLAuto",
              "CbsCmnPT21Usb3P5RPL": "CbsCmnPT21Usb3P5RPLAuto",
              "CbsCmnPspRpmcSwitchRPL": "CbsCmnPspRpmcSwitchRPLAuto",
              "CbsCmnSTAPMCtlRPL": "CbsCmnSTAPMCtlRPLAuto",
              "CbsCmnSTTAlphaAPURPL": "0",
              "CbsCmnSTTAlphaHS2RPL": "0",
              "CbsCmnSTTCAPURPL": "0",
              "CbsCmnSTTCHs2RPL": "0",
              "CbsCmnSTTErrorCoeffRPL": "0",
              "CbsCmnSTTErrorRateCoeffRPL": "0",
              "CbsCmnSTTM1RPL": "0",
              "CbsCmnSTTM2RPL": "0",
              "CbsCmnSTTM3RPL": "0",
              "CbsCmnSTTM4RPL": "0",
              "CbsCmnSTTM5RPL": "0",
              "CbsCmnSTTM6RPL": "0",
              "CbsCmnSTTPcbSensorCountRPL": "0",
              "CbsCmnSTTSkinTemperatureLimitApuRPL": "0",
              "CbsCmnSTTSkinTemperatureLimitHs2RPL": "0",
              "CbsCmnScpcAttrCntlRPL": "CbsCmnScpcAttrCntlRPLCustomized",
              "CbsCmnSecPT21PcieP0LaneRevRPL": "CbsCmnSecPT21PcieP0LaneRevRPLAuto",
              "CbsCmnSecPT21PcieP0RPL": "CbsCmnSecPT21PcieP0RPLAuto",
              "CbsCmnSecPT21PcieP0SpeedRPL": "CbsCmnSecPT21PcieP0SpeedRPLAuto",
              "CbsCmnSecPT21PcieP10LaneRevRPL": "CbsCmnSecPT21PcieP10LaneRevRPLAuto",
              "CbsCmnSecPT21PcieP10RPL": "CbsCmnSecPT21PcieP10RPLAuto",
              "CbsCmnSecPT21PcieP10SpeedRPL": "CbsCmnSecPT21PcieP10SpeedRPLAuto",
              "CbsCmnSecPT21PcieP11RPL": "CbsCmnSecPT21PcieP11RPLAuto",
              "CbsCmnSecPT21PcieP11SpeedRPL": "CbsCmnSecPT21PcieP11SpeedRPLAuto",
              "CbsCmnSecPT21PcieP1RPL": "CbsCmnSecPT21PcieP1RPLAuto",
              "CbsCmnSecPT21PcieP1SpeedRPL": "CbsCmnSecPT21PcieP1SpeedRPLAuto",
              "CbsCmnSecPT21PcieP2LaneRevRPL": "CbsCmnSecPT21PcieP2LaneRevRPLAuto",
              "CbsCmnSecPT21PcieP2RPL": "CbsCmnSecPT21PcieP2RPLAuto",
              "CbsCmnSecPT21PcieP2SpeedRPL": "CbsCmnSecPT21PcieP2SpeedRPLAuto",
              "CbsCmnSecPT21PcieP3RPL": "CbsCmnSecPT21PcieP3RPLAuto",
              "CbsCmnSecPT21PcieP3SpeedRPL": "CbsCmnSecPT21PcieP3SpeedRPLAuto",
              "CbsCmnSecPT21PcieP4LaneRevRPL": "CbsCmnSecPT21PcieP4LaneRevRPLAuto",
              "CbsCmnSecPT21PcieP4RPL": "CbsCmnSecPT21PcieP4RPLAuto",
              "CbsCmnSecPT21PcieP4SpeedRPL": "CbsCmnSecPT21PcieP4SpeedRPLAuto",
              "CbsCmnSecPT21PcieP5RPL": "CbsCmnSecPT21PcieP5RPLAuto",
              "CbsCmnSecPT21PcieP5SpeedRPL": "CbsCmnSecPT21PcieP5SpeedRPLAuto",
              "CbsCmnSecPT21PcieP6LaneRevRPL": "CbsCmnSecPT21PcieP6LaneRevRPLAuto",
              "CbsCmnSecPT21PcieP6RPL": "CbsCmnSecPT21PcieP6RPLAuto",
              "CbsCmnSecPT21PcieP6SpeedRPL": "CbsCmnSecPT21PcieP6SpeedRPLAuto",
              "CbsCmnSecPT21PcieP7RPL": "CbsCmnSecPT21PcieP7RPLAuto",
              "CbsCmnSecPT21PcieP7SpeedRPL": "CbsCmnSecPT21PcieP7SpeedRPLAuto",
              "CbsCmnSecPT21PcieP8LaneRevRPL": "CbsCmnSecPT21PcieP8LaneRevRPLAuto",
              "CbsCmnSecPT21PcieP8RPL": "CbsCmnSecPT21PcieP8RPLAuto",
              "CbsCmnSecPT21PcieP8SpeedRPL": "CbsCmnSecPT21PcieP8SpeedRPLAuto",
              "CbsCmnSecPT21PcieP9RPL": "CbsCmnSecPT21PcieP9RPLAuto",
              "CbsCmnSecPT21PcieP9SpeedRPL": "CbsCmnSecPT21PcieP9SpeedRPLAuto",
              "CbsCmnSecPT21SIProgEnableRPL": "CbsCmnSecPT21SIProgEnableRPLAuto",
              "CbsCmnSecPT21SataClassRPL": "CbsCmnSecPT21SataClassRPLAuto",
              "CbsCmnSecPT21SataP0Gen1EmpLevelRPL": "1",
              "CbsCmnSecPT21SataP0Gen1SwingRPL": "3",
              "CbsCmnSecPT21SataP0Gen2EmpLevelRPL": "1",
              "CbsCmnSecPT21SataP0Gen2SwingRPL": "3",
              "CbsCmnSecPT21SataP0Gen3EmpLevelRPL": "10",
              "CbsCmnSecPT21SataP0Gen3SwingRPL": "15",
              "CbsCmnSecPT21SataP1Gen1EmpLevelRPL": "1",
              "CbsCmnSecPT21SataP1Gen1SwingRPL": "3",
              "CbsCmnSecPT21SataP1Gen2EmpLevelRPL": "1",
              "CbsCmnSecPT21SataP1Gen2SwingRPL": "3",
              "CbsCmnSecPT21SataP1Gen3EmpLevelRPL": "10",
              "CbsCmnSecPT21SataP1Gen3SwingRPL": "15",
              "CbsCmnSecPT21SataP2Gen1EmpLevelRPL": "1",
              "CbsCmnSecPT21SataP2Gen1SwingRPL": "3",
              "CbsCmnSecPT21SataP2Gen2EmpLevelRPL": "1",
              "CbsCmnSecPT21SataP2Gen2SwingRPL": "3",
              "CbsCmnSecPT21SataP2Gen3EmpLevelRPL": "10",
              "CbsCmnSecPT21SataP2Gen3SwingRPL": "15",
              "CbsCmnSecPT21SataP3Gen1EmpLevelRPL": "1",
              "CbsCmnSecPT21SataP3Gen1SwingRPL": "3",
              "CbsCmnSecPT21SataP3Gen2EmpLevelRPL": "1",
              "CbsCmnSecPT21SataP3Gen2SwingRPL": "3",
              "CbsCmnSecPT21SataP3Gen3EmpLevelRPL": "10",
              "CbsCmnSecPT21SataP3Gen3SwingRPL": "15",
              "CbsCmnSecPT21SataPort0RPL": "CbsCmnSecPT21SataPort0RPLAuto",
              "CbsCmnSecPT21SataPort1RPL": "CbsCmnSecPT21SataPort1RPLAuto",
              "CbsCmnSecPT21SataPort2RPL": "CbsCmnSecPT21SataPort2RPLAuto",
              "CbsCmnSecPT21SataPort3RPL": "CbsCmnSecPT21SataPort3RPLAuto",
              "CbsCmnSecPT21USB2P0DrivingCurrentRPL": "0",
              "CbsCmnSecPT21USB2P0SlewRateRPL": "2",
              "CbsCmnSecPT21USB2P0TerminationRPL": "3",
              "CbsCmnSecPT21USB2P1DrivingCurrentRPL": "0",
              "CbsCmnSecPT21USB2P1SlewRateRPL": "2",
              "CbsCmnSecPT21USB2P1TerminationRPL": "3",
              "CbsCmnSecPT21USB2P4DrivingCurrentRPL": "0",
              "CbsCmnSecPT21USB2P4SlewRateRPL": "2",
              "CbsCmnSecPT21USB2P4TerminationRPL": "3",
              "CbsCmnSecPT21USB2P5DrivingCurrentRPL": "0",
              "CbsCmnSecPT21USB2P5SlewRateRPL": "2",
              "CbsCmnSecPT21USB2P5TerminationRPL": "3",
              "CbsCmnSecPT21USB2P8DrivingCurrentRPL": "0",
              "CbsCmnSecPT21USB2P8SlewRateRPL": "2",
              "CbsCmnSecPT21USB2P8TerminationRPL": "3",
              "CbsCmnSecPT21USB2P9DrivingCurrentRPL": "0",
              "CbsCmnSecPT21USB2P9SlewRateRPL": "2",
              "CbsCmnSecPT21USB2P9TerminationRPL": "3",
              "CbsCmnSecPT21USB3P0Gen1EmpLevelRPL": "3",
              "CbsCmnSecPT21USB3P0Gen1PreshootRPL": "0",
              "CbsCmnSecPT21USB3P0Gen1SwingRPL": "15",
              "CbsCmnSecPT21USB3P0Gen2Cp0EmpLevelRPL": "3",
              "CbsCmnSecPT21USB3P0Gen2Cp0PreshootRPL": "0",
              "CbsCmnSecPT21USB3P0Gen2Cp13EmpLevelRPL": "3",
              "CbsCmnSecPT21USB3P0Gen2Cp13PreshootRPL": "0",
              "CbsCmnSecPT21USB3P0Gen2Cp14EmpLevelRPL": "3",
              "CbsCmnSecPT21USB3P0Gen2Cp14PreshootRPL": "0",
              "CbsCmnSecPT21USB3P0Gen2Cp15EmpLevelRPL": "3",
              "CbsCmnSecPT21USB3P0Gen2Cp15PreshootRPL": "0",
              "CbsCmnSecPT21USB3P0Gen2Cp16EmpLevelRPL": "3",
              "CbsCmnSecPT21USB3P0Gen2Cp16PreshootRPL": "0",
              "CbsCmnSecPT21USB3P0Gen2SwingRPL": "15",
              "CbsCmnSecPT21USB3P1Gen1EmpLevelRPL": "3",
              "CbsCmnSecPT21USB3P1Gen1PreshootRPL": "0",
              "CbsCmnSecPT21USB3P1Gen1SwingRPL": "15",
              "CbsCmnSecPT21USB3P1Gen2Cp0EmpLevelRPL": "3",
              "CbsCmnSecPT21USB3P1Gen2Cp0PreshootRPL": "0",
              "CbsCmnSecPT21USB3P1Gen2Cp13EmpLevelRPL": "3",
              "CbsCmnSecPT21USB3P1Gen2Cp13PreshootRPL": "0",
              "CbsCmnSecPT21USB3P1Gen2Cp14EmpLevelRPL": "3",
              "CbsCmnSecPT21USB3P1Gen2Cp14PreshootRPL": "0",
              "CbsCmnSecPT21USB3P1Gen2Cp15EmpLevelRPL": "3",
              "CbsCmnSecPT21USB3P1Gen2Cp15PreshootRPL": "0",
              "CbsCmnSecPT21USB3P1Gen2Cp16EmpLevelRPL": "3",
              "CbsCmnSecPT21USB3P1Gen2Cp16PreshootRPL": "0",
              "CbsCmnSecPT21USB3P1Gen2SwingRPL": "15",
              "CbsCmnSecPT21USB3P2Gen1EmpLevelRPL": "3",
              "CbsCmnSecPT21USB3P2Gen1PreshootRPL": "0",
              "CbsCmnSecPT21USB3P2Gen1SwingRPL": "15",
              "CbsCmnSecPT21USB3P2Gen2Cp0EmpLevelRPL": "3",
              "CbsCmnSecPT21USB3P2Gen2Cp0PreshootRPL": "0",
              "CbsCmnSecPT21USB3P2Gen2Cp13EmpLevelRPL": "3",
              "CbsCmnSecPT21USB3P2Gen2Cp13PreshootRPL": "0",
              "CbsCmnSecPT21USB3P2Gen2Cp14EmpLevelRPL": "3",
              "CbsCmnSecPT21USB3P2Gen2Cp14PreshootRPL": "0",
              "CbsCmnSecPT21USB3P2Gen2Cp15EmpLevelRPL": "3",
              "CbsCmnSecPT21USB3P2Gen2Cp15PreshootRPL": "0",
              "CbsCmnSecPT21USB3P2Gen2Cp16EmpLevelRPL": "3",
              "CbsCmnSecPT21USB3P2Gen2Cp16PreshootRPL": "0",
              "CbsCmnSecPT21USB3P2Gen2SwingRPL": "15",
              "CbsCmnSecPT21USB3P3Gen1EmpLevelRPL": "3",
              "CbsCmnSecPT21USB3P3Gen1PreshootRPL": "0",
              "CbsCmnSecPT21USB3P3Gen1SwingRPL": "15",
              "CbsCmnSecPT21USB3P3Gen2Cp0EmpLevelRPL": "3",
              "CbsCmnSecPT21USB3P3Gen2Cp0PreshootRPL": "0",
              "CbsCmnSecPT21USB3P3Gen2Cp13EmpLevelRPL": "3",
              "CbsCmnSecPT21USB3P3Gen2Cp13PreshootRPL": "0",
              "CbsCmnSecPT21USB3P3Gen2Cp14EmpLevelRPL": "3",
              "CbsCmnSecPT21USB3P3Gen2Cp14PreshootRPL": "0",
              "CbsCmnSecPT21USB3P3Gen2Cp15EmpLevelRPL": "3",
              "CbsCmnSecPT21USB3P3Gen2Cp15PreshootRPL": "0",
              "CbsCmnSecPT21USB3P3Gen2Cp16EmpLevelRPL": "3",
              "CbsCmnSecPT21USB3P3Gen2Cp16PreshootRPL": "0",
              "CbsCmnSecPT21USB3P3Gen2SwingRPL": "15",
              "CbsCmnSecPT21USB3P4Gen1EmpLevelRPL": "3",
              "CbsCmnSecPT21USB3P4Gen1PreshootRPL": "0",
              "CbsCmnSecPT21USB3P4Gen1SwingRPL": "15",
              "CbsCmnSecPT21USB3P4Gen2Cp0EmpLevelRPL": "3",
              "CbsCmnSecPT21USB3P4Gen2Cp0PreshootRPL": "0",
              "CbsCmnSecPT21USB3P4Gen2Cp13EmpLevelRPL": "3",
              "CbsCmnSecPT21USB3P4Gen2Cp13PreshootRPL": "0",
              "CbsCmnSecPT21USB3P4Gen2Cp14EmpLevelRPL": "3",
              "CbsCmnSecPT21USB3P4Gen2Cp14PreshootRPL": "0",
              "CbsCmnSecPT21USB3P4Gen2Cp15EmpLevelRPL": "3",
              "CbsCmnSecPT21USB3P4Gen2Cp15PreshootRPL": "0",
              "CbsCmnSecPT21USB3P4Gen2Cp16EmpLevelRPL": "3",
              "CbsCmnSecPT21USB3P4Gen2Cp16PreshootRPL": "0",
              "CbsCmnSecPT21USB3P4Gen2SwingRPL": "15",
              "CbsCmnSecPT21USB3P5Gen1EmpLevelRPL": "3",
              "CbsCmnSecPT21USB3P5Gen1PreshootRPL": "0",
              "CbsCmnSecPT21USB3P5Gen1SwingRPL": "15",
              "CbsCmnSecPT21USB3P5Gen2Cp0EmpLevelRPL": "3",
              "CbsCmnSecPT21USB3P5Gen2Cp0PreshootRPL": "0",
              "CbsCmnSecPT21USB3P5Gen2Cp13EmpLevelRPL": "3",
              "CbsCmnSecPT21USB3P5Gen2Cp13PreshootRPL": "0",
              "CbsCmnSecPT21USB3P5Gen2Cp14EmpLevelRPL": "3",
              "CbsCmnSecPT21USB3P5Gen2Cp14PreshootRPL": "0",
              "CbsCmnSecPT21USB3P5Gen2Cp15EmpLevelRPL": "3",
              "CbsCmnSecPT21USB3P5Gen2Cp15PreshootRPL": "0",
              "CbsCmnSecPT21USB3P5Gen2Cp16EmpLevelRPL": "3",
              "CbsCmnSecPT21USB3P5Gen2Cp16PreshootRPL": "0",
              "CbsCmnSecPT21USB3P5Gen2SwingRPL": "15",
              "CbsCmnSecPT21Usb2P0RPL": "CbsCmnSecPT21Usb2P0RPLAuto",
              "CbsCmnSecPT21Usb2P10RPL": "CbsCmnSecPT21Usb2P10RPLDisable",
              "CbsCmnSecPT21Usb2P11RPL": "CbsCmnSecPT21Usb2P11RPLDisable",
              "CbsCmnSecPT21Usb2P1RPL": "CbsCmnSecPT21Usb2P1RPLAuto",
              "CbsCmnSecPT21Usb2P2RPL": "CbsCmnSecPT21Usb2P2RPLAuto",
              "CbsCmnSecPT21Usb2P3RPL": "CbsCmnSecPT21Usb2P3RPLAuto",
              "CbsCmnSecPT21Usb2P4RPL": "CbsCmnSecPT21Usb2P4RPLAuto",
              "CbsCmnSecPT21Usb2P5RPL": "CbsCmnSecPT21Usb2P5RPLAuto",
              "CbsCmnSecPT21Usb2P6RPL": "CbsCmnSecPT21Usb2P6RPLAuto",
              "CbsCmnSecPT21Usb2P7RPL": "CbsCmnSecPT21Usb2P7RPLAuto",
              "CbsCmnSecPT21Usb2P8RPL": "CbsCmnSecPT21Usb2P8RPLAuto",
              "CbsCmnSecPT21Usb2P9RPL": "CbsCmnSecPT21Usb2P9RPLAuto",
              "CbsCmnSecPT21Usb3GenSelectRPL": "CbsCmnSecPT21Usb3GenSelectRPLGen2x1",
              "CbsCmnSecPT21Usb3P0RPL": "CbsCmnSecPT21Usb3P0RPLAuto",
              "CbsCmnSecPT21Usb3P1RPL": "CbsCmnSecPT21Usb3P1RPLAuto",
              "CbsCmnSecPT21Usb3P2RPL": "CbsCmnSecPT21Usb3P2RPLAuto",
              "CbsCmnSecPT21Usb3P3RPL": "CbsCmnSecPT21Usb3P3RPLAuto",
              "CbsCmnSecPT21Usb3P4RPL": "CbsCmnSecPT21Usb3P4RPLAuto",
              "CbsCmnSecPT21Usb3P5RPL": "CbsCmnSecPT21Usb3P5RPLAuto",
              "CbsCmnSlowPPTTimeConstantRPL": "0",
              "CbsCmnSmuFclkFrequencyRPL": "CbsCmnSmuFclkFrequencyRPLAuto",
              "CbsCmnSoCMiscHspFipsRPL": "CbsCmnSoCMiscHspFipsRPLAuto",
              "CbsCmnSoCMiscHspFipsZeroizationRPL": "CbsCmnSoCMiscHspFipsZeroizationRPLAuto",
              "CbsCmnSoCMiscHspUartPortRPL": "CbsCmnSoCMiscHspUartPortRPLAuto",
              "CbsCmnSoCMiscHspUartRPL": "CbsCmnSoCMiscHspUartRPLAuto",
              "CbsCmnSoCMiscMpmSupportRPL": "CbsCmnSoCMiscMpmSupportRPLAuto",
              "CbsCmnSoCMiscWiredKvmRPL": "CbsCmnSoCMiscWiredKvmRPLAuto",
              "CbsCmnSoCMiscWirelessKvmRPL": "CbsCmnSoCMiscWirelessKvmRPLAuto",
              "CbsCmnSoCMiscWirelessManageabilityRPL": "CbsCmnSoCMiscWirelessManageabilityRPLAuto",
              "CbsCmnSoCMiscWirelessTcrRPL": "CbsCmnSoCMiscWirelessTcrRPLAuto",
              "CbsCmnSocAblConOutBootModeRPL": "CbsCmnSocAblConOutBootModeRPLALL",
              "CbsCmnSocAblConOutRPL": "CbsCmnSocAblConOutRPLAuto",
              "CbsCmnSocAblPmuMsgCtrlRPL": "CbsCmnSocAblPmuMsgCtrlRPLAuto",
              "CbsCmnSocDrtmSupportRPL": "CbsCmnSocDrtmSupportRPLAuto",
              "CbsCmnSocFarEnforcedRPL": "CbsCmnSocFarEnforcedRPLDisabled",
              "CbsCmnSocFarSwitchRPL": "CbsCmnSocFarSwitchRPLDisabled",
              "CbsCmnSocInitSplForFarRPL": "0",
              "CbsCmnSocProPartAttrCntlRPL": "CbsCmnSocProPartAttrCntlRPL0",
              "CbsCmnSocPtuSecPsrRPL": "CbsCmnSocPtuSecPsrRPLAuto",
              "CbsCmnSocScpcAutoEnablementRPL": "CbsCmnSocScpcAutoEnablementRPLAuto",
              "CbsCmnSocScpcLevelsRPL": "CbsCmnSocScpcLevelsRPLCustomized",
              "CbsCmnSocSecureBioCameraTypeRPL": "CbsCmnSocSecureBioCameraTypeRPLAuto",
              "CbsCmnSocSecureBioRPL": "CbsCmnSocSecureBioRPLAuto",
              "CbsCmnSocSmmIsolationSupportRPL": "CbsCmnSocSmmIsolationSupportRPLAuto",
              "CbsCmnSocSplFuseRPL": "0",
              "CbsCmnSocSplValueInTblRPL": "4",
              "CbsCmnSocTpmSupportRPL": "CbsCmnSocTpmSupportRPLAuto",
              "CbsCmnStapmBoostOverrideRPL": "CbsCmnStapmBoostOverrideRPLAuto",
              "CbsCmnStapmBoostRPL": "CbsCmnStapmBoostRPLAuto",
              "CbsCmnSttMinLimitRPL": "0",
              "CbsCmnSyncFifoModeRPL": "CbsCmnSyncFifoModeRPLAuto",
              "CbsCmnSystemTemperatureTrackingRPL": "CbsCmnSystemTemperatureTrackingRPLAuto",
              "CbsCmnTskinTimeConstantRPL": "0",
              "CbsCmndGPUOnlyModeEnRPL": "CbsCmndGPUOnlyModeEnRPLAuto",
              "CbsComboFlagRPL": "10",
              "CbsCpuLatencyUnderLoadRPL": "CbsCpuLatencyUnderLoadRPLAuto",
              "CbsCpuSmtCtrlRPL": "CbsCpuSmtCtrlRPLDisabled",
              "CbsCpuSpeculativeStoreModesRPL": "CbsCpuSpeculativeStoreModesRPLAuto",
              "CbsCpuSvmEnableRPL": "CbsCpuSvmEnableRPLAuto",
              "CbsCpuSvmLockRPL": "CbsCpuSvmLockRPLAuto",
              "CbsDbgCpuGenCpuWdtRPL": "CbsDbgCpuGenCpuWdtRPLAuto",
              "CbsDbgCpuGenCpuWdtTimeoutRPL": "CbsDbgCpuGenCpuWdtTimeoutRPLAuto",
              "CbsDbgCpuLApicModeRPL": "CbsDbgCpuLApicModeRPLAuto",
              "CbsDbgCpuSnpMemCoverRPL": "CbsDbgCpuSnpMemCoverRPLAuto",
              "CbsDbgCpuSnpMemSizeCoverRPL": "0",
              "CbsDbgEDCCtlRPL": "CbsDbgEDCCtlRPLAuto",
              "CbsDbgEDCVDDLimitRPL": "0",
              "CbsDbgEcoModeRPL": "CbsDbgEcoModeRPLDisable",
              "CbsDbgFanCtlRPL": "CbsDbgFanCtlRPLAuto",
              "CbsDbgFanPolarityRPL": "CbsDbgFanPolarityRPLAuto",
              "CbsDbgFanTableCtlRPL": "CbsDbgFanTableCtlRPLAuto",
              "CbsDbgFanTableHystRPL": "0",
              "CbsDbgFanTablePwmFreqRPL": "CbsDbgFanTablePwmFreqRPLAuto",
              "CbsDbgFanTablePwmHighRPL": "0",
              "CbsDbgFanTablePwmMedRPL": "0",
              "CbsDbgFanTableTPwmLowRPL": "0",
              "CbsDbgFanTableTempCriticalRPL": "0",
              "CbsDbgFanTableTempHighRPL": "0",
              "CbsDbgFanTableTempLowRPL": "0",
              "CbsDbgFanTableTempMedRPL": "0",
              "CbsDbgFchSystemSpreadSpectrumRPL": "CbsDbgFchSystemSpreadSpectrumRPLAuto",
              "CbsDbgGfxOffRPL": "CbsDbgGfxOffRPLAuto",
              "CbsDbgGnbAudioIOsRPL": "CbsDbgGnbAudioIOsRPLAuto",
              "CbsDbgPPTCtlRPL": "CbsDbgPPTCtlRPLAuto",
              "CbsDbgPPTLimitRPL": "0",
              "CbsDbgPT21SataAggressiveDevSlpP0RPL": "CbsDbgPT21SataAggressiveDevSlpP0RPLAuto",
              "CbsDbgPT21SataAggressiveDevSlpP1RPL": "CbsDbgPT21SataAggressiveDevSlpP1RPLAuto",
              "CbsDbgPT21SataAggressiveDevSlpP2RPL": "CbsDbgPT21SataAggressiveDevSlpP2RPLAuto",
              "CbsDbgPT21SataAggressiveDevSlpP3RPL": "CbsDbgPT21SataAggressiveDevSlpP3RPLAuto",
              "CbsDbgPT21XhciP0GenRPL": "CbsDbgPT21XhciP0GenRPLAuto",
              "CbsDbgPT21XhciP1GenRPL": "CbsDbgPT21XhciP1GenRPLAuto",
              "CbsDbgPT21XhciP2GenRPL": "CbsDbgPT21XhciP2GenRPLAuto",
              "CbsDbgPT21XhciP3GenRPL": "CbsDbgPT21XhciP3GenRPLAuto",
              "CbsDbgPT21XhciP4GenRPL": "CbsDbgPT21XhciP4GenRPLAuto",
              "CbsDbgPT21XhciP5GenRPL": "CbsDbgPT21XhciP5GenRPLAuto",
              "CbsDbgProchotCtlRPL": "CbsDbgProchotCtlRPLAuto",
              "CbsDbgProchotRampTimeRPL": "0",
              "CbsDbgSTTCtlRPL": "CbsDbgSTTCtlRPLAuto",
              "CbsDbgSecPT21SataAggresiveDevSlpP0RPL": "CbsDbgSecPT21SataAggresiveDevSlpP0RPLAuto",
              "CbsDbgSecPT21SataAggresiveDevSlpP1RPL": "CbsDbgSecPT21SataAggresiveDevSlpP1RPLAuto",
              "CbsDbgSecPT21SataAggresiveDevSlpP2RPL": "CbsDbgSecPT21SataAggresiveDevSlpP2RPLAuto",
              "CbsDbgSecPT21SataAggresiveDevSlpP3RPL": "CbsDbgSecPT21SataAggresiveDevSlpP3RPLAuto",
              "CbsDbgSecPT21XhciP0GenRPL": "CbsDbgSecPT21XhciP0GenRPLAuto",
              "CbsDbgSecPT21XhciP1GenRPL": "CbsDbgSecPT21XhciP1GenRPLAuto",
              "CbsDbgSecPT21XhciP2GenRPL": "CbsDbgSecPT21XhciP2GenRPLAuto",
              "CbsDbgSecPT21XhciP3GenRPL": "CbsDbgSecPT21XhciP3GenRPLAuto",
              "CbsDbgSecPT21XhciP4GenRPL": "CbsDbgSecPT21XhciP4GenRPLAuto",
              "CbsDbgSecPT21XhciP5GenRPL": "CbsDbgSecPT21XhciP5GenRPLAuto",
              "CbsDbgTDCCtlRPL": "CbsDbgTDCCtlRPLAuto",
              "CbsDbgTDCVDDLimitRPL": "0",
              "CbsDbgTDPCtlRPL": "CbsDbgTDPCtlRPLAuto",
              "CbsDbgTDPRPL": "0",
              "CbsDbgTHMCtlRPL": "CbsDbgTHMCtlRPLAuto",
              "CbsDbgTjMaxLimitRPL": "0",
              "CbsDbgVddpVoltageCtlRPL": "CbsDbgVddpVoltageCtlRPLAuto",
              "CbsDbgVddpVoltageRPL": "0",
              "CbsDfCmnAcpiSratL3NumaRPL": "CbsDfCmnAcpiSratL3NumaRPLEnabled",
              "CbsDfCmnCc6AllocationSchemeRPL": "CbsDfCmnCc6AllocationSchemeRPLAuto",
              "CbsDfCmnCstatesRPL": "CbsDfCmnCstatesRPLAuto",
              "CbsDfCmnDramMapInversionRPL": "CbsDfCmnDramMapInversionRPLAuto",
              "CbsDfCmnExtIpSyncFloodPropRPL": "CbsDfCmnExtIpSyncFloodPropRPLAuto",
              "CbsDfCmnFreezeQueueErrorRPL": "CbsDfCmnFreezeQueueErrorRPLAuto",
              "CbsDfCmnMemIntlvRPL": "CbsDfCmnMemIntlvRPLAuto",
              "CbsDfCmnMemIntlvSizeRPL": "CbsDfCmnMemIntlvSizeRPLAuto",
              "CbsDfCmnPspErrInjRPL": "CbsDfCmnPspErrInjRPLFalse",
              "CbsDfCmnSyncFloodPropRPL": "CbsDfCmnSyncFloodPropRPLAuto",
              "CbsGnbCmnPcieAriEnumerationRPL": "CbsGnbCmnPcieAriEnumerationRPLAuto",
              "CbsPcieCoreRetimerMarginingSupportRPL": "CbsPcieCoreRetimerMarginingSupportRPLAuto",
              "CbsPspSevCtrlRPL": "CbsPspSevCtrlRPLAuto",
              "DBG002": "DBG002Disabled",
              "DBG003": "DBG003Disabled",
              "FBO001": "FBO001UEFI",
              "FBO101": "FBO101HardDisk",
              "FBO102": "FBO102NVME",
              "FBO103": "FBO103CDDVD",
              "FBO104": "FBO104USBDevice",
              "FBO105": "FBO105Network",
              "FBO201": "FBO201NVMEproxmox",
              "FBO202": "FBO202HardDiskubuntuSATA0SamsungSSD870EVO1TB",
              "FBO203": "FBO203CDDVD",
              "FBO204": "FBO204USBDeviceUEFIOSAMIVirtualCDROM0100",
              "FBO205": "FBO205Network",
              "FBO206": "FBO206UEFIAPUEFIBuiltinEFIShell",
              "FBO301": "FBO301HardDisk",
              "FBO724": "FBO724ubuntuSATA0SamsungSSD870EVO1TB",
              "FBO742": "FBO742proxmox",
              "FBO743": "FBO743UEFIOSKINGSTONSNV3S1000G",
              "FBO778": "FBO778UEFIOSAMIVirtualCDROM0100",
              "FBO814": "FBO814UEFIBuiltinEFIShell",
              "GSIO020": "false",
              "GSIO201": "true",
              "GSIO202": "true",
              "IPMI000": "IPMI000Enabled",
              "IPMI001": "IPMI001No",
              "IPMI002": "IPMI002DoNothing",
              "IPMI003": "IPMI003Errorcode",
              "IPMI100": "IPMI100Enabled",
              "IPMI101": "6",
              "IPMI102": "IPMI102DoNothing",
              "IPMI103": "IPMI103Disabled",
              "IPMI104": "10",
              "IPMI105": "IPMI105Reset",
              "IPMI200": "IPMI200YesOneveryreset",
              "IPMI201": "IPMI201ClearLog",
              "IPMI600": "IPMI600Enabled",
              "IPMI601": "IPMI601Enabled",
              "IPMI605": "IPMI605KcsInterface",
              "KCSCONTROL": "KCSCONTROLNochange",
              "MAPIDS": "TCG003:0,TCG001:1,TCG006:1,TCG004:1,TCG002:1,TCG016:1,TCG017:1,TCG018:1,TCG019:1,TCG020:1,TCG021:1,TCG007:1,TCG011:1,TCG012:1,TCG013:1,TCG022:1,TCG010:1,TCG014:1,PSP002:0,CPU001:0,CPU004:0,ACPI004:0,ACPI002:0,REDF000:0,REDF001:0,REDF002:0,REDF003:0,REDF004:0,CRB001:0,CRB010:0,CRB014:1,CRB022:1,CRB030:1,CRB015:1,CRB023:1,CRB031:1,CRB016:1,CRB024:1,CRB032:1,CRB017:1,CRB025:1,CRB033:1,CRB018:1,CRB026:1,CRB034:1,CRB019:1,CRB027:1,CRB035:1,CRB020:1,CRB028:1,CRB036:1,CRB021:1,CRB029:1,CRB037:1,GSIO201:0,SUPERIO001:0,GSIO202:0,SUPERIO004:0,NVLCK002:0,TER001:1,TER002:1,TER010:0,TER06B:0,TER011:0,TER0020:0,TER05C:0,TER02F:0,TER03E:0,TER04D:0,TER0A8:0,TER07A:0,TER0A7:0,TER012:0,TER0021:0,TER030:0,TER03F:0,TER04E:0,TER05D:0,TER07B:0,TER089:0,TER06c:0,TER098:0,TER013:0,TER0022:0,TER031:0,TER040:0,TER04F:0,TER05E:0,TER07C:0,TER08A:0,TER06D:0,TER099:0,CPU003:1,DBG002:0,DBG003:0,GSIO020:0,USB000:1,USB002:0,USB001:1,USB003:1,USB004:1,USB00F:1,USB00D:0,USB00A:1,USB009:1,USB00B:1,USB00C:1,USB011:1,USB012:1,USB013:1,USB014:1,USB015:1,USB016:1,USB017:1,USB018:1,USB019:1,USB01A:1,USB01B:1,USB01C:1,USB01D:1,USB01E:1,USB01F:1,USB020:1,USB021:1,USB022:1,USB023:1,USB024:1,USB025:1,USB026:1,USB027:1,USB028:1,USB029:1,USB02A:1,USB02B:1,USB02C:1,USB02D:1,USB02E:1,USB02F:1,USB030:1,NWSK000:0,NWSK001:0,NWSK006:0,NWSK002:0,NWSK007:0,NWSK004:0,NWSK005:0,Boot007:1,CSM002:1,CSM000:1,CSM001:1,CSM011:1,CSM006:1,CSM007:1,CSM008:1,CSM009:1,CSM010:1,ACHIPSET001:0,ACHIPSET005:0,ACHIPSET006:0,ACHIPSET004:0,ACHIPSET003:0,ASRRACPI000:0,ASRRACPI001:0,ASRRACPI002:0,ASRRACPI003:0,ASRRACPI004:0,ASRRACPI005:0,NB005:0,SETUP001:0,SETUP002:0,AHCI000:1,SECB001:0,SECB002:0,SECB008:0,SETUP003:0,SETUP004:0,FBO001:0,FBO201:1,FBO202:1,FBO203:1,FBO204:1,FBO205:1,FBO206:1,FBO301:1,FBO101:1,FBO102:1,FBO103:1,FBO104:1,FBO105:1,SETUP005:0,RFWCS030:1,PCID001:1,PCID007:0,PCID002:1,PCID003:1,PCID004:1,PCID005:1,CbsComboFlagRPL:1,NewRecordOffsetRPL:1,CbsCmnCpuGenWA05RPL:0,CbsCmnCpuCpbRPL:0,CbsCmnCpuGlobalCstateCtrlRPL:0,CbsCmnGnbPowerSupplyIdleCtrlRPL:0,CbsPspSevCtrlRPL:1,CbsCmnCpuSevAsidSpaceLimitRPL:1,CbsCmnCpuOpcacheGrayoutFlagRPL:1,CbsCmnCpuOpcacheCtrlRPL:1,CbsCmnCpuStreamingStoresCtrlRPL:0,CbsDbgCpuLApicModeRPL:0,CbsCmnCpuCstC1CtrlRPL:0,CbsCmnCpuPfehRPL:0,CbsCmnCpuMcaErrThreshEnRPL:0,CbsCmnCpuMcaErrThreshCountRPL:1,CbsCmnCpuMcaFruTextEnRPL:0,CbsCmnCpuSmuPspDebugModeRPL:0,CbsCmnCpuPpinCtrlRPL:0,CbsCmnCpuRMSSRPL:0,CbsCmnCpuERMSRPL:0,CbsCmnCpuFSRMRPL:0,CbsDbgCpuSnpMemCoverRPL:0,CbsDbgCpuSnpMemSizeCoverRPL:1,CbsCmnCpuSmeeRPL:0,CbsCmnActionOnBistFailureRPL:0,CbsCmnCpuLogTransparentErrorsRPL:0,CbsCmnCpuAvx512RPL:0,CbsCmnCpuMonMwaitDisRPL:0,CbsCmnCpuScpEnRPL:0,CbsCmnCpuPauseDelayRPL:0,CbsCpuSpeculativeStoreModesRPL:0,CbsCpuSvmLockRPL:1,CbsCpuSvmEnableRPL:1,CbsCpuLatencyUnderLoadRPL:1,CbsCpuSmtCtrlRPL:0,CbsCmnCpuL1StreamHwPrefetcherRPL:0,CbsCmnCpuL2StreamHwPrefetcherRPL:0,CbsCmnCpuL1StridePrefetcherRPL:0,CbsCmnCpuL1RegionPrefetcherRPL:0,CbsCmnCpuL1BurstPrefetchModeRPL:0,CbsCmnCpuL2UpDownPrefetcherRPL:0,CbsDbgCpuGenCpuWdtRPL:0,CbsDbgCpuGenCpuWdtTimeoutRPL:1,CbsCmnCpuWdtSevRPL:1,CbsDfCmnExtIpSyncFloodPropRPL:0,CbsDfCmnSyncFloodPropRPL:0,CbsDfCmnFreezeQueueErrorRPL:0,CbsDfCmnCstatesRPL:0,CbsDfCmnPspErrInjRPL:0,CbsDfCmnMemIntlvRPL:0,CbsDfCmnMemIntlvSizeRPL:0,CbsDfCmnDramMapInversionRPL:0,CbsDfCmnCc6AllocationSchemeRPL:0,CbsDfCmnAcpiSratL3NumaRPL:0,CbsCmnMemTimingSettingDdrRPL:0,CbsCmnMemTargetSpeedDdrRPL:1,CbsCmnMemTimingTclCtrlDdrRPL:1,CbsCmnMemTimingTclDdrRPL:1,CbsCmnMemTimingTrcdCtrlDdrRPL:1,CbsCmnMemTimingTrcdDdrRPL:1,CbsCmnMemTimingTrpCtrlDdrRPL:1,CbsCmnMemTimingTrpDdrRPL:1,CbsCmnMemTimingTrasCtrlDdrRPL:1,CbsCmnMemTimingTrasDdrRPL:1,CbsCmnMemTimingTrcCtrlDdrRPL:1,CbsCmnMemTimingTrcDdrRPL:1,CbsCmnMemTimingTwrCtrlDdrRPL:1,CbsCmnMemTimingTwrDdrRPL:1,CbsCmnMemTimingTrfc1CtrlDdrRPL:1,CbsCmnMemTimingTrfc1DdrRPL:1,CbsCmnMemTimingTrfc2CtrlDdrRPL:1,CbsCmnMemTimingTrfc2DdrRPL:1,CbsCmnMemTimingTrfcSbCtrlDdrRPL:1,CbsCmnMemTimingTrfcSbDdrRPL:1,CbsCmnMemTimingTrtpCtrlDdrRPL:1,CbsCmnMemTimingTrtpDdrRPL:1,CbsCmnMemTimingTrrdLCtrlDdrRPL:1,CbsCmnMemTimingTrrdLDdrRPL:1,CbsCmnMemTimingTrrdSCtrlDdrRPL:1,CbsCmnMemTimingTrrdSDdrRPL:1,CbsCmnMemTimingTfawCtrlDdrRPL:1,CbsCmnMemTimingTfawDdrRPL:1,CbsCmnMemTimingTwtrLCtrlDdrRPL:1,CbsCmnMemTimingTwtrLDdrRPL:1,CbsCmnMemTimingTwtrSCtrlDdrRPL:1,CbsCmnMemTimingTwtrSDdrRPL:1,CbsCmnMemTimingTrdrdScLCtrlDdrRPL:1,CbsCmnMemTimingTrdrdScLDdrRPL:1,CbsCmnMemTimingTrdrdScCtrlDdrRPL:1,CbsCmnMemTimingTrdrdScDdrRPL:1,CbsCmnMemTimingTrdrdSdCtrlDdrRPL:1,CbsCmnMemTimingTrdrdSdDdrRPL:1,CbsCmnMemTimingTrdrdDdCtrlDdrRPL:1,CbsCmnMemTimingTrdrdDdDdrRPL:1,CbsCmnMemTimingTwrwrScLCtrlDdrRPL:1,CbsCmnMemTimingTwrwrScLDdrRPL:1,CbsCmnMemTimingTwrwrScCtrlDdrRPL:1,CbsCmnMemTimingTwrwrScDdrRPL:1,CbsCmnMemTimingTwrwrSdCtrlDdrRPL:1,CbsCmnMemTimingTwrwrSdDdrRPL:1,CbsCmnMemTimingTwrwrDdCtrlDdrRPL:1,CbsCmnMemTimingTwrwrDdDdrRPL:1,CbsCmnMemTimingTwrrdCtrlDdrRPL:1,CbsCmnMemTimingTwrrdDdrRPL:1,CbsCmnMemTimingTrdwrCtrlDdrRPL:1,CbsCmnMemTimingTrdwrDdrRPL:1,CbsCmnMemDrvStrenCkDdrRPL:0,CbsCmnMemDrvStrenCaDdrRPL:0,CbsCmnMemDrvStrenCsDdrRPL:0,CbsCmnMemCtrllerCaOdtADdrRPL:0,CbsCmnMemCtrllerCkOdtADdrRPL:0,CbsCmnMemCtrllerCsOdtADdrRPL:0,CbsCmnMemCtrllerCaOdtBDdrRPL:0,CbsCmnMemCtrllerCkOdtBDdrRPL:0,CbsCmnMemCtrllerCsOdtBDdrRPL:0,CbsCmnMemProcOdtPullUpDdrP0RPL:0,CbsCmnMemProcOdtPullDownDdrP0RPL:0,CbsCmnMemDrvStrenDqPullUpDdrP0RPL:0,CbsCmnMemDrvStrenDqPullDownDdrP0RPL:0,CbsCmnMemDramOdtImpedRttNomWrDdrP0RPL:0,CbsCmnMemDramOdtImpedRttNomRdDdrP0RPL:0,CbsCmnMemDramOdtImpedRttWrDdrP0RPL:0,CbsCmnMemDramOdtImpedRttParkDdrP0RPL:0,CbsCmnMemDramOdtImpedRttParkDqsDdrP0RPL:0,CbsCmnMemDramDrvStrenDqDdrP0RPL:0,CbsCmnMemDramDrvPullDownStrenDqDdrP0RPL:0,CbsCmnMemProcOdtPullUpDdrP1RPL:0,CbsCmnMemProcOdtPullDownDdrP1RPL:0,CbsCmnMemDrvStrenDqPullUpDdrP1RPL:0,CbsCmnMemDrvStrenDqPullDownDdrP1RPL:0,CbsCmnMemDramOdtImpedRttNomWrDdrP1RPL:0,CbsCmnMemDramOdtImpedRttNomRdDdrP1RPL:0,CbsCmnMemDramOdtImpedRttWrDdrP1RPL:0,CbsCmnMemDramOdtImpedRttParkDdrP1RPL:0,CbsCmnMemDramOdtImpedRttParkDqsDdrP1RPL:0,CbsCmnMemDramDrvStrenDqDdrP1RPL:0,CbsCmnMemDramDrvPullDownStrenDqDdrP1RPL:0,CbsCmnMemProcOdtPullUpDdrP2RPL:0,CbsCmnMemProcOdtPullDownDdrP2RPL:0,CbsCmnMemDrvStrenDqPullUpDdrP2RPL:0,CbsCmnMemDrvStrenDqPullDownDdrP2RPL:0,CbsCmnMemDramOdtImpedRttNomWrDdrP2RPL:0,CbsCmnMemDramOdtImpedRttNomRdDdrP2RPL:0,CbsCmnMemDramOdtImpedRttWrDdrP2RPL:0,CbsCmnMemDramOdtImpedRttParkDdrP2RPL:0,CbsCmnMemDramOdtImpedRttParkDqsDdrP2RPL:0,CbsCmnMemDramDrvStrenDqDdrP2RPL:0,CbsCmnMemDramDrvPullDownStrenDqDdrP2RPL:0,CbsCmnMemProcOdtPullUpDdrP3RPL:0,CbsCmnMemProcOdtPullDownDdrP3RPL:0,CbsCmnMemDrvStrenDqPullUpDdrP3RPL:0,CbsCmnMemDrvStrenDqPullDownDdrP3RPL:0,CbsCmnMemDramOdtImpedRttNomWrDdrP3RPL:0,CbsCmnMemDramOdtImpedRttNomRdDdrP3RPL:0,CbsCmnMemDramOdtImpedRttWrDdrP3RPL:0,CbsCmnMemDramOdtImpedRttParkDdrP3RPL:0,CbsCmnMemDramOdtImpedRttParkDqsDdrP3RPL:0,CbsCmnMemDramDrvStrenDqDdrP3RPL:0,CbsCmnMemDramDrvPullDownStrenDqDdrP3RPL:0,CbsCmnMemCtrllerPowerDownEnDdrRPL:0,CbsCmnMemEccDisErrInjectionDdrRPL:0,CbsCmnMemEccEnDdrRPL:0,CbsCmnMemTsmeEnableDdrRPL:1,CbsCmnMemDataCtrlDataScrambleEnDdrRPL:0,CbsCmnMemMappingBankInterleaveDdrRPL:0,CbsCmnMemAddressHashBankDdrRPL:0,CbsCmnMemAddressHashCsDdrRPL:0,CbsCmnMemAddressHashSubchannelDdrRPL:0,CbsCmnMemCtrllerBankSwapModeDdrRPL:0,CbsCmnMemCtrllerPmuTrainDfeDdrRPL:0,CbsCmnMemDramPdaDeviceIdProgModeDdrRPL:0,CbsCmnMemNumOfTxDfeTapsRPL:0,CbsCmnMemCtrllerPptCtlDdrRPL:0,CbsCmnMemNitroModeDdrTrainingRuntimeReductionRPL:0,CbsCmnMemRxBurstLengthRPL:0,CbsCmnMemTxBurstLengthRPL:0,CbsCmnMemCtrllerRx2DTrainOptDdrRPL:0,CbsCmnMemCtrllerRx2DDfeDdrRPL:1,CbsCmnMemCtrllerRx2DVoltStepSizeDdrRPL:1,CbsCmnMemCtrllerRx2DDelayStepSizeDdrRPL:1,CbsCmnMemCtrllerTx2DTrainOptDdrRPL:0,CbsCmnMemCtrllerTx2DDfeDdrRPL:1,CbsCmnMemCtrllerTx2DVoltStepSizeDdrRPL:1,CbsCmnMemCtrllerTx2DDelayStepSizeDdrRPL:1,CbsCmnMemCtrllerTx2DVoltStepSizeMultDdrRPL:1,CbsCmnMemCtrllerTx2DDelayStepSizeMultDdrRPL:1,CbsCmnMemNumberOfRxDfeTapsRPL:0,CbsCmnMemMbistEnDdrRPL:0,CbsCmnMemMbistTestmodeDdrRPL:1,CbsCmnMemMbistAggressorsDdrRPL:1,CbsCmnMemMbistPerBitSlaveDieReportDdrRPL:1,CbsCmnMemMbistPatternSelectDdrRPL:0,CbsCmnMemMbistPatternLengthSelectDdrRPL:0,CbsCmnMemMbistPatternLengthDdrRPL:1,CbsCmnMemMbistAggressorsChnlDdrRPL:0,CbsCmnMemContextRestoreDdrRPL:0,CbsCmnMemRdDriftAdjustmentRPL:0,CbsCmnMemRdDriftAdjustmentP0RPL:0,CbsCmnMemRdDriftAdjustmentP1RPL:0,CbsCmnMemRdDriftAdjustmentP2RPL:0,CbsCmnMemRdDriftAdjustmentP3RPL:0,CbsCmnMemWrDriftAdjustmentRPL:0,CbsCmnMemWrDriftAdjustmentP0RPL:0,CbsCmnMemWrDriftAdjustmentP1RPL:0,CbsCmnMemWrDriftAdjustmentP2RPL:0,CbsCmnMemWrDriftAdjustmentP3RPL:0,CbsCmnGnbNbIOMMURPL:1,CbsCmnDmarSupportRPL:1,CbsCmnDmaProtectionRPL:1,CbsCmnScpcAttrCntlRPL:1,CbsCmnGnbPcieAriSupportRPL:0,CbsCmnGnbPcieAllportEcrcRPL:0,CbsCmnGnbPcieAllPortsCAPAdvErrorReportingRPL:0,CbsGnbCmnPcieAriEnumerationRPL:0,CbsCmnGnbPciePsppPolicyRPL:1,CbsCmnGnbPcieLoopBackModeRPL:0,CbsCmnGnbPcieLegacyEpWaRPL:0,CbsCmnNbioPcieAdvertiseEqToHighRateSupportRPL:1,CbsCmnGnbGfxDpmNpuRPL:0,CbsPcieCoreRetimerMarginingSupportRPL:0,CbsCmndGPUOnlyModeEnRPL:0,CbsCmnGnbGfxUmaModeRPL:1,CbsCmnGnbGfxUmaVersionRPL:0,CbsCmnGnbGfxUmaFrameBufferSizeRPL:1,CbsCmnGpuHostTranslationRPL:1,CbsCmnGnbGfxNbAzaliaRPL:0,CbsDbgGnbAudioIOsRPL:0,CbsDbgFchSystemSpreadSpectrumRPL:0,CbsCmnFchI3C0ConfigRPL:0,CbsCmnFchI3C0ModeRPL:1,CbsCmnFchI3C1ConfigRPL:0,CbsCmnFchI3C1ModeRPL:1,CbsCmnFchI3C2ConfigRPL:0,CbsCmnFchI3C2ModeRPL:1,CbsCmnFchI3C3ConfigRPL:0,CbsCmnFchI3C3ModeRPL:1,CbsCmnFchUsbXHCI0EnableRPL:0,CbsCmnFchUsbXHCI1EnableRPL:0,CbsCmnFchUsbXHCI2EnableRPL:0,CbsCmnFchUsbXHCI0HsPort0RPL:0,CbsCmnFchUsbXHCI0HsPort1RPL:0,CbsCmnFchUsbXHCI1HsPort0RPL:0,CbsCmnFchUsbXHCI1HsPort1RPL:0,CbsCmnFchUsbXHCI2HsPort0RPL:0,CbsCmnFchUsbXHCI0SsPort0RPL:0,CbsCmnFchUsbXHCI0SsPort1RPL:0,CbsCmnFchUsbXHCI1SsPort0RPL:0,CbsCmnFchUsbXHCI1SsPort1RPL:0,CbsCmnFchSystemPwrFailShadowRPL:0,CbsCmnFchEspiConfigRPL:0,CbsCmnFchEspiAblInitRPL:0,CbsCmnFchHfpConfigRPL:0,CbsCmnFchHidConfigRPL:0,CbsCmnFchHidSpiReadModeRPL:1,CbsCmnFchHidSpeedRPL:1,CbsCmnFchHidSpiSpeed6NRPL:1,CbsCmnFchHidSpiSpeed7NRPL:1,CbsCmnGnbSMUSystemConfigRPL:1,CbsCmnGnbCppcDynamicPreferredCoresRPL:1,CbsDbgTDPCtlRPL:0,CbsDbgEcoModeRPL:0,CbsDbgTDPRPL:1,CbsDbgPPTCtlRPL:0,CbsDbgPPTLimitRPL:1,CbsDbgTHMCtlRPL:0,CbsDbgTjMaxLimitRPL:1,CbsDbgTDCCtlRPL:0,CbsDbgTDCVDDLimitRPL:1,CbsDbgEDCCtlRPL:0,CbsDbgEDCVDDLimitRPL:1,CbsDbgProchotCtlRPL:1,CbsDbgProchotRampTimeRPL:1,CbsDbgSTTCtlRPL:1,CbsCmnSTTPcbSensorCountRPL:1,CbsCmnSttMinLimitRPL:1,CbsCmnSTTM1RPL:1,CbsCmnSTTM2RPL:1,CbsCmnSTTM3RPL:1,CbsCmnSTTM4RPL:1,CbsCmnSTTM5RPL:1,CbsCmnSTTM6RPL:1,CbsCmnSTTCAPURPL:1,CbsCmnSTTCHs2RPL:1,CbsDbgFanCtlRPL:0,CbsCmnSTTAlphaAPURPL:1,CbsCmnSTTAlphaHS2RPL:1,CbsCmnSTTSkinTemperatureLimitApuRPL:1,CbsCmnSTTSkinTemperatureLimitHs2RPL:1,CbsCmnSTTErrorCoeffRPL:1,CbsCmnSTTErrorRateCoeffRPL:1,CbsDbgFanTableCtlRPL:1,CbsDbgFanTableTempLowRPL:1,CbsDbgFanTableTempMedRPL:1,CbsDbgFanTableTempHighRPL:1,CbsDbgFanTableTempCriticalRPL:1,CbsDbgFanTableTPwmLowRPL:1,CbsDbgFanTablePwmMedRPL:1,CbsDbgFanTablePwmHighRPL:1,CbsDbgFanTableHystRPL:1,CbsDbgFanTablePwmFreqRPL:1,CbsDbgFanPolarityRPL:1,CbsDbgVddpVoltageCtlRPL:0,CbsDbgVddpVoltageRPL:1,CbsCmnSmuFclkFrequencyRPL:0,CbsCmnSyncFifoModeRPL:0,CbsCmnMsgSetSustainedPowerLimitRPL:0,CbsCmnMsgSetFastPPTLimitRPL:0,CbsCmnMsgSetSlowPPTLimitRPL:0,CbsCmnSlowPPTTimeConstantRPL:0,CbsCmnAACtlRPL:1,CbsCmnAAEnRPL:1,CbsCmnApuOnlySpptLimitRPL:1,CbsCmnSTAPMCtlRPL:1,CbsCmnSystemTemperatureTrackingRPL:1,CbsCmnStapmBoostOverrideRPL:1,CbsCmnStapmBoostRPL:1,CbsCmnTskinTimeConstantRPL:1,CbsDbgGfxOffRPL:0,CbsCmnSocTpmSupportRPL:1,CbsCmnSocPtuSecPsrRPL:1,CbsCmnSocScpcLevelsRPL:0,CbsCmnSocScpcAutoEnablementRPL:1,CbsCmnSocDrtmSupportRPL:1,CbsCmnSocSmmIsolationSupportRPL:1,CbsCmnSocProPartAttrCntlRPL:1,CbsCmnSocAblConOutRPL:0,CbsCmnSocAblConOutBootModeRPL:1,CbsCmnSocAblPmuMsgCtrlRPL:1,CbsCmnPspRpmcSwitchRPL:0,CbsCmnMixedDimmConfigNumaDomainRPL:0,CbsCmnSoCMiscHspUartRPL:0,CbsCmnSoCMiscHspUartPortRPL:1,CbsCmnSoCMiscHspFipsRPL:0,CbsCmnSoCMiscHspFipsZeroizationRPL:1,CbsCmnSocFarEnforcedRPL:1,CbsCmnSocSplFuseRPL:1,CbsCmnSocSplValueInTblRPL:1,CbsCmnSocInitSplForFarRPL:1,CbsCmnSocFarSwitchRPL:0,CbsCmnSoCMiscMpmSupportRPL:0,CbsCmnSoCMiscWirelessManageabilityRPL:1,CbsCmnSoCMiscWirelessKvmRPL:1,CbsCmnSoCMiscWirelessTcrRPL:1,CbsCmnSoCMiscWiredKvmRPL:1,CbsCmnSocSecureBioRPL:0,CbsCmnSocSecureBioCameraTypeRPL:1,CbsCmnPT21USBLateDisableRPL:0,CbsCmnPT21RevisionIdRPL:0,CbsCmnDualPT21PortNumberRPL:0,CbsCmnPT21PMEnableRPL:0,CbsCmnPT21PcieP0RPL:0,CbsCmnPT21PcieP0SpeedRPL:1,CbsCmnPT21PcieP0LaneRevRPL:1,CbsCmnPT21PcieP1RPL:0,CbsCmnPT21PcieP1SpeedRPL:1,CbsCmnPT21PcieP2RPL:0,CbsCmnPT21PcieP2SpeedRPL:1,CbsCmnPT21PcieP2LaneRevRPL:1,CbsCmnPT21PcieP3RPL:0,CbsCmnPT21PcieP3SpeedRPL:1,CbsCmnPT21PcieP4RPL:0,CbsCmnPT21PcieP4SpeedRPL:1,CbsCmnPT21PcieP4LaneRevRPL:1,CbsCmnPT21PcieP5RPL:0,CbsCmnPT21PcieP5SpeedRPL:1,CbsCmnPT21PcieP6RPL:0,CbsCmnPT21PcieP6SpeedRPL:1,CbsCmnPT21PcieP6LaneRevRPL:1,CbsCmnPT21PcieP7RPL:0,CbsCmnPT21PcieP7SpeedRPL:1,CbsCmnPT21PcieP8RPL:0,CbsCmnPT21PcieP8SpeedRPL:1,CbsCmnPT21PcieP8LaneRevRPL:1,CbsCmnPT21PcieP9RPL:0,CbsCmnPT21PcieP9SpeedRPL:1,CbsCmnPT21PcieP10RPL:0,CbsCmnPT21PcieP10SpeedRPL:1,CbsCmnPT21PcieP10LaneRevRPL:1,CbsCmnPT21PcieP11RPL:0,CbsCmnPT21PcieP11SpeedRPL:1,CbsCmnPT21SataClassRPL:0,CbsCmnPT21SataPort0RPL:0,CbsCmnPT21SataPort1RPL:0,CbsCmnPT21SataPort2RPL:0,CbsCmnPT21SataPort3RPL:0,CbsDbgPT21SataAggressiveDevSlpP0RPL:0,CbsDbgPT21SataAggressiveDevSlpP1RPL:0,CbsDbgPT21SataAggressiveDevSlpP2RPL:0,CbsDbgPT21SataAggressiveDevSlpP3RPL:0,CbsDbgPT21XhciP0GenRPL:0,CbsDbgPT21XhciP1GenRPL:0,CbsDbgPT21XhciP2GenRPL:0,CbsDbgPT21XhciP3GenRPL:0,CbsDbgPT21XhciP4GenRPL:0,CbsDbgPT21XhciP5GenRPL:0,CbsCmnPT21Usb3GenSelectRPL:0,CbsCmnPT21Usb3P0RPL:0,CbsCmnPT21Usb3P1RPL:1,CbsCmnPT21Usb3P2RPL:0,CbsCmnPT21Usb3P3RPL:0,CbsCmnPT21Usb3P4RPL:0,CbsCmnPT21Usb3P5RPL:0,CbsCmnPT21Usb2P0RPL:0,CbsCmnPT21Usb2P1RPL:0,CbsCmnPT21Usb2P2RPL:0,CbsCmnPT21Usb2P3RPL:0,CbsCmnPT21Usb2P4RPL:0,CbsCmnPT21Usb2P5RPL:0,CbsCmnPT21Usb2P6RPL:0,CbsCmnPT21Usb2P7RPL:0,CbsCmnPT21Usb2P8RPL:0,CbsCmnPT21Usb2P9RPL:0,CbsCmnPT21Usb2P10RPL:0,CbsCmnPT21Usb2P11RPL:0,CbsCmnPT21L4Usb3P0RPL:0,CbsCmnPT21L4Usb3P1RPL:0,CbsCmnPT21L4Usb3P2RPL:0,CbsCmnPT21L4Usb3P3RPL:0,CbsCmnPT21L4Usb2P0RPL:0,CbsCmnPT21L4Usb2P1RPL:0,CbsCmnPT21L4Usb2P2RPL:0,CbsCmnPT21L4Usb2P3RPL:0,CbsCmnPT21L4Usb2P4RPL:0,CbsCmnPT21L4Usb2P5RPL:0,CbsCmnPT21L4Usb2P6RPL:0,CbsCmnPT21L4Usb2P7RPL:0,CbsCmnPT21L4Usb2P8RPL:0,CbsCmnPT21L4Usb2P9RPL:0,CbsCmnPT21SIProgEnableRPL:0,CbsCmnPT21SataP0Gen1SwingRPL:0,CbsCmnPT21SataP0Gen2SwingRPL:0,CbsCmnPT21SataP0Gen3SwingRPL:0,CbsCmnPT21SataP0Gen1EmpLevelRPL:0,CbsCmnPT21SataP0Gen2EmpLevelRPL:0,CbsCmnPT21SataP0Gen3EmpLevelRPL:0,CbsCmnPT21SataP1Gen1SwingRPL:0,CbsCmnPT21SataP1Gen2SwingRPL:0,CbsCmnPT21SataP1Gen3SwingRPL:0,CbsCmnPT21SataP1Gen1EmpLevelRPL:0,CbsCmnPT21SataP1Gen2EmpLevelRPL:0,CbsCmnPT21SataP1Gen3EmpLevelRPL:0,CbsCmnPT21SataP2Gen1SwingRPL:0,CbsCmnPT21SataP2Gen2SwingRPL:0,CbsCmnPT21SataP2Gen3SwingRPL:0,CbsCmnPT21SataP2Gen1EmpLevelRPL:0,CbsCmnPT21SataP2Gen2EmpLevelRPL:0,CbsCmnPT21SataP2Gen3EmpLevelRPL:0,CbsCmnPT21SataP3Gen1SwingRPL:0,CbsCmnPT21SataP3Gen2SwingRPL:0,CbsCmnPT21SataP3Gen3SwingRPL:0,CbsCmnPT21SataP3Gen1EmpLevelRPL:0,CbsCmnPT21SataP3Gen2EmpLevelRPL:0,CbsCmnPT21SataP3Gen3EmpLevelRPL:0,CbsCmnPT21USB3P0Gen1SwingRPL:0,CbsCmnPT21USB3P0Gen1EmpLevelRPL:0,CbsCmnPT21USB3P0Gen1PreshootRPL:0,CbsCmnPT21USB3P0Gen2SwingRPL:0,CbsCmnPT21USB3P0Gen2Cp0EmpLevelRPL:0,CbsCmnPT21USB3P0Gen2Cp0PreshootRPL:0,CbsCmnPT21USB3P0Gen2Cp13EmpLevelRPL:0,CbsCmnPT21USB3P0Gen2Cp13PreshootRPL:0,CbsCmnPT21USB3P0Gen2Cp14EmpLevelRPL:0,CbsCmnPT21USB3P0Gen2Cp14PreshootRPL:0,CbsCmnPT21USB3P0Gen2Cp15EmpLevelRPL:0,CbsCmnPT21USB3P0Gen2Cp15PreshootRPL:0,CbsCmnPT21USB3P0Gen2Cp16EmpLevelRPL:0,CbsCmnPT21USB3P0Gen2Cp16PreshootRPL:0,CbsCmnPT21USB3P1Gen1SwingRPL:0,CbsCmnPT21USB3P1Gen1EmpLevelRPL:0,CbsCmnPT21USB3P1Gen1PreshootRPL:0,CbsCmnPT21USB3P1Gen2SwingRPL:0,CbsCmnPT21USB3P1Gen2Cp0EmpLevelRPL:0,CbsCmnPT21USB3P1Gen2Cp0PreshootRPL:0,CbsCmnPT21USB3P1Gen2Cp13EmpLevelRPL:0,CbsCmnPT21USB3P1Gen2Cp13PreshootRPL:0,CbsCmnPT21USB3P1Gen2Cp14EmpLevelRPL:0,CbsCmnPT21USB3P1Gen2Cp14PreshootRPL:0,CbsCmnPT21USB3P1Gen2Cp15EmpLevelRPL:0,CbsCmnPT21USB3P1Gen2Cp15PreshootRPL:0,CbsCmnPT21USB3P1Gen2Cp16EmpLevelRPL:0,CbsCmnPT21USB3P1Gen2Cp16PreshootRPL:0,CbsCmnPT21USB3P2Gen1SwingRPL:0,CbsCmnPT21USB3P2Gen1EmpLevelRPL:0,CbsCmnPT21USB3P2Gen1PreshootRPL:0,CbsCmnPT21USB3P2Gen2SwingRPL:0,CbsCmnPT21USB3P2Gen2Cp0EmpLevelRPL:0,CbsCmnPT21USB3P2Gen2Cp0PreshootRPL:0,CbsCmnPT21USB3P2Gen2Cp13EmpLevelRPL:0,CbsCmnPT21USB3P2Gen2Cp13PreshootRPL:0,CbsCmnPT21USB3P2Gen2Cp14EmpLevelRPL:0,CbsCmnPT21USB3P2Gen2Cp14PreshootRPL:0,CbsCmnPT21USB3P2Gen2Cp15EmpLevelRPL:0,CbsCmnPT21USB3P2Gen2Cp15PreshootRPL:0,CbsCmnPT21USB3P2Gen2Cp16EmpLevelRPL:0,CbsCmnPT21USB3P2Gen2Cp16PreshootRPL:0,CbsCmnPT21USB3P3Gen1SwingRPL:0,CbsCmnPT21USB3P3Gen1EmpLevelRPL:0,CbsCmnPT21USB3P3Gen1PreshootRPL:0,CbsCmnPT21USB3P3Gen2SwingRPL:0,CbsCmnPT21USB3P3Gen2Cp0EmpLevelRPL:0,CbsCmnPT21USB3P3Gen2Cp0PreshootRPL:0,CbsCmnPT21USB3P3Gen2Cp13EmpLevelRPL:0,CbsCmnPT21USB3P3Gen2Cp13PreshootRPL:0,CbsCmnPT21USB3P3Gen2Cp14EmpLevelRPL:0,CbsCmnPT21USB3P3Gen2Cp14PreshootRPL:0,CbsCmnPT21USB3P3Gen2Cp15EmpLevelRPL:0,CbsCmnPT21USB3P3Gen2Cp15PreshootRPL:0,CbsCmnPT21USB3P3Gen2Cp16EmpLevelRPL:0,CbsCmnPT21USB3P3Gen2Cp16PreshootRPL:0,CbsCmnPT21USB3P4Gen1SwingRPL:0,CbsCmnPT21USB3P4Gen1EmpLevelRPL:0,CbsCmnPT21USB3P4Gen1PreshootRPL:0,CbsCmnPT21USB3P4Gen2SwingRPL:0,CbsCmnPT21USB3P4Gen2Cp0EmpLevelRPL:0,CbsCmnPT21USB3P4Gen2Cp0PreshootRPL:0,CbsCmnPT21USB3P4Gen2Cp13EmpLevelRPL:0,CbsCmnPT21USB3P4Gen2Cp13PreshootRPL:0,CbsCmnPT21USB3P4Gen2Cp14EmpLevelRPL:0,CbsCmnPT21USB3P4Gen2Cp14PreshootRPL:0,CbsCmnPT21USB3P4Gen2Cp15EmpLevelRPL:0,CbsCmnPT21USB3P4Gen2Cp15PreshootRPL:0,CbsCmnPT21USB3P4Gen2Cp16EmpLevelRPL:0,CbsCmnPT21USB3P4Gen2Cp16PreshootRPL:0,CbsCmnPT21USB3P5Gen1SwingRPL:0,CbsCmnPT21USB3P5Gen1EmpLevelRPL:0,CbsCmnPT21USB3P5Gen1PreshootRPL:0,CbsCmnPT21USB3P5Gen2SwingRPL:0,CbsCmnPT21USB3P5Gen2Cp0EmpLevelRPL:0,CbsCmnPT21USB3P5Gen2Cp0PreshootRPL:0,CbsCmnPT21USB3P5Gen2Cp13EmpLevelRPL:0,CbsCmnPT21USB3P5Gen2Cp13PreshootRPL:0,CbsCmnPT21USB3P5Gen2Cp14EmpLevelRPL:0,CbsCmnPT21USB3P5Gen2Cp14PreshootRPL:0,CbsCmnPT21USB3P5Gen2Cp15EmpLevelRPL:0,CbsCmnPT21USB3P5Gen2Cp15PreshootRPL:0,CbsCmnPT21USB3P5Gen2Cp16EmpLevelRPL:0,CbsCmnPT21USB3P5Gen2Cp16PreshootRPL:0,CbsCmnPT21USB2P0SlewRateRPL:0,CbsCmnPT21USB2P0DrivingCurrentRPL:0,CbsCmnPT21USB2P0TerminationRPL:0,CbsCmnPT21USB2P1SlewRateRPL:0,CbsCmnPT21USB2P1DrivingCurrentRPL:0,CbsCmnPT21USB2P1TerminationRPL:0,CbsCmnPT21USB2P4SlewRateRPL:0,CbsCmnPT21USB2P4DrivingCurrentRPL:0,CbsCmnPT21USB2P4TerminationRPL:0,CbsCmnPT21USB2P5SlewRateRPL:0,CbsCmnPT21USB2P5DrivingCurrentRPL:0,CbsCmnPT21USB2P5TerminationRPL:0,CbsCmnPT21USB2P8SlewRateRPL:0,CbsCmnPT21USB2P8DrivingCurrentRPL:0,CbsCmnPT21USB2P8TerminationRPL:0,CbsCmnPT21USB2P9SlewRateRPL:0,CbsCmnPT21USB2P9DrivingCurrentRPL:0,CbsCmnPT21USB2P9TerminationRPL:0,CbsCmnSecPT21PcieP0RPL:0,CbsCmnSecPT21PcieP0SpeedRPL:1,CbsCmnSecPT21PcieP0LaneRevRPL:1,CbsCmnSecPT21PcieP1RPL:0,CbsCmnSecPT21PcieP1SpeedRPL:1,CbsCmnSecPT21PcieP2RPL:0,CbsCmnSecPT21PcieP2SpeedRPL:1,CbsCmnSecPT21PcieP2LaneRevRPL:1,CbsCmnSecPT21PcieP3RPL:0,CbsCmnSecPT21PcieP3SpeedRPL:1,CbsCmnSecPT21PcieP4RPL:0,CbsCmnSecPT21PcieP4SpeedRPL:1,CbsCmnSecPT21PcieP4LaneRevRPL:1,CbsCmnSecPT21PcieP5RPL:0,CbsCmnSecPT21PcieP5SpeedRPL:1,CbsCmnSecPT21PcieP6RPL:0,CbsCmnSecPT21PcieP6SpeedRPL:1,CbsCmnSecPT21PcieP6LaneRevRPL:1,CbsCmnSecPT21PcieP7RPL:0,CbsCmnSecPT21PcieP7SpeedRPL:1,CbsCmnSecPT21PcieP8RPL:0,CbsCmnSecPT21PcieP8SpeedRPL:1,CbsCmnSecPT21PcieP8LaneRevRPL:1,CbsCmnSecPT21PcieP9RPL:0,CbsCmnSecPT21PcieP9SpeedRPL:1,CbsCmnSecPT21PcieP10RPL:0,CbsCmnSecPT21PcieP10SpeedRPL:1,CbsCmnSecPT21PcieP10LaneRevRPL:1,CbsCmnSecPT21PcieP11RPL:0,CbsCmnSecPT21PcieP11SpeedRPL:1,CbsCmnSecPT21SataClassRPL:0,CbsCmnSecPT21SataPort0RPL:0,CbsCmnSecPT21SataPort1RPL:0,CbsCmnSecPT21SataPort2RPL:0,CbsCmnSecPT21SataPort3RPL:0,CbsDbgSecPT21SataAggresiveDevSlpP0RPL:0,CbsDbgSecPT21SataAggresiveDevSlpP1RPL:0,CbsDbgSecPT21SataAggresiveDevSlpP2RPL:0,CbsDbgSecPT21SataAggresiveDevSlpP3RPL:0,CbsDbgSecPT21XhciP0GenRPL:0,CbsDbgSecPT21XhciP1GenRPL:0,CbsDbgSecPT21XhciP2GenRPL:0,CbsDbgSecPT21XhciP3GenRPL:0,CbsDbgSecPT21XhciP4GenRPL:0,CbsDbgSecPT21XhciP5GenRPL:0,CbsCmnSecPT21Usb3GenSelectRPL:0,CbsCmnSecPT21Usb3P0RPL:0,CbsCmnSecPT21Usb3P1RPL:1,CbsCmnSecPT21Usb3P2RPL:0,CbsCmnSecPT21Usb3P3RPL:0,CbsCmnSecPT21Usb3P4RPL:0,CbsCmnSecPT21Usb3P5RPL:0,CbsCmnSecPT21Usb2P0RPL:0,CbsCmnSecPT21Usb2P1RPL:0,CbsCmnSecPT21Usb2P2RPL:0,CbsCmnSecPT21Usb2P3RPL:0,CbsCmnSecPT21Usb2P4RPL:0,CbsCmnSecPT21Usb2P5RPL:0,CbsCmnSecPT21Usb2P6RPL:0,CbsCmnSecPT21Usb2P7RPL:0,CbsCmnSecPT21Usb2P8RPL:0,CbsCmnSecPT21Usb2P9RPL:0,CbsCmnSecPT21Usb2P10RPL:0,CbsCmnSecPT21Usb2P11RPL:0,CbsCmnSecPT21SIProgEnableRPL:0,CbsCmnSecPT21SataP0Gen1SwingRPL:0,CbsCmnSecPT21SataP0Gen2SwingRPL:0,CbsCmnSecPT21SataP0Gen3SwingRPL:0,CbsCmnSecPT21SataP0Gen1EmpLevelRPL:0,CbsCmnSecPT21SataP0Gen2EmpLevelRPL:0,CbsCmnSecPT21SataP0Gen3EmpLevelRPL:0,CbsCmnSecPT21SataP1Gen1SwingRPL:0,CbsCmnSecPT21SataP1Gen2SwingRPL:0,CbsCmnSecPT21SataP1Gen3SwingRPL:0,CbsCmnSecPT21SataP1Gen1EmpLevelRPL:0,CbsCmnSecPT21SataP1Gen2EmpLevelRPL:0,CbsCmnSecPT21SataP1Gen3EmpLevelRPL:0,CbsCmnSecPT21SataP2Gen1SwingRPL:0,CbsCmnSecPT21SataP2Gen2SwingRPL:0,CbsCmnSecPT21SataP2Gen3SwingRPL:0,CbsCmnSecPT21SataP2Gen1EmpLevelRPL:0,CbsCmnSecPT21SataP2Gen2EmpLevelRPL:0,CbsCmnSecPT21SataP2Gen3EmpLevelRPL:0,CbsCmnSecPT21SataP3Gen1SwingRPL:0,CbsCmnSecPT21SataP3Gen2SwingRPL:0,CbsCmnSecPT21SataP3Gen3SwingRPL:0,CbsCmnSecPT21SataP3Gen1EmpLevelRPL:0,CbsCmnSecPT21SataP3Gen2EmpLevelRPL:0,CbsCmnSecPT21SataP3Gen3EmpLevelRPL:0,CbsCmnSecPT21USB3P0Gen1SwingRPL:0,CbsCmnSecPT21USB3P0Gen1EmpLevelRPL:0,CbsCmnSecPT21USB3P0Gen1PreshootRPL:0,CbsCmnSecPT21USB3P0Gen2SwingRPL:0,CbsCmnSecPT21USB3P0Gen2Cp0EmpLevelRPL:0,CbsCmnSecPT21USB3P0Gen2Cp0PreshootRPL:0,CbsCmnSecPT21USB3P0Gen2Cp13EmpLevelRPL:0,CbsCmnSecPT21USB3P0Gen2Cp13PreshootRPL:0,CbsCmnSecPT21USB3P0Gen2Cp14EmpLevelRPL:0,CbsCmnSecPT21USB3P0Gen2Cp14PreshootRPL:0,CbsCmnSecPT21USB3P0Gen2Cp15EmpLevelRPL:0,CbsCmnSecPT21USB3P0Gen2Cp15PreshootRPL:0,CbsCmnSecPT21USB3P0Gen2Cp16EmpLevelRPL:0,CbsCmnSecPT21USB3P0Gen2Cp16PreshootRPL:0,CbsCmnSecPT21USB3P1Gen1SwingRPL:0,CbsCmnSecPT21USB3P1Gen1EmpLevelRPL:0,CbsCmnSecPT21USB3P1Gen1PreshootRPL:0,CbsCmnSecPT21USB3P1Gen2SwingRPL:0,CbsCmnSecPT21USB3P1Gen2Cp0EmpLevelRPL:0,CbsCmnSecPT21USB3P1Gen2Cp0PreshootRPL:0,CbsCmnSecPT21USB3P1Gen2Cp13EmpLevelRPL:0,CbsCmnSecPT21USB3P1Gen2Cp13PreshootRPL:0,CbsCmnSecPT21USB3P1Gen2Cp14EmpLevelRPL:0,CbsCmnSecPT21USB3P1Gen2Cp14PreshootRPL:0,CbsCmnSecPT21USB3P1Gen2Cp15EmpLevelRPL:0,CbsCmnSecPT21USB3P1Gen2Cp15PreshootRPL:0,CbsCmnSecPT21USB3P1Gen2Cp16EmpLevelRPL:0,CbsCmnSecPT21USB3P1Gen2Cp16PreshootRPL:0,CbsCmnSecPT21USB3P2Gen1SwingRPL:0,CbsCmnSecPT21USB3P2Gen1EmpLevelRPL:0,CbsCmnSecPT21USB3P2Gen1PreshootRPL:0,CbsCmnSecPT21USB3P2Gen2SwingRPL:0,CbsCmnSecPT21USB3P2Gen2Cp0EmpLevelRPL:0,CbsCmnSecPT21USB3P2Gen2Cp0PreshootRPL:0,CbsCmnSecPT21USB3P2Gen2Cp13EmpLevelRPL:0,CbsCmnSecPT21USB3P2Gen2Cp13PreshootRPL:0,CbsCmnSecPT21USB3P2Gen2Cp14EmpLevelRPL:0,CbsCmnSecPT21USB3P2Gen2Cp14PreshootRPL:0,CbsCmnSecPT21USB3P2Gen2Cp15EmpLevelRPL:0,CbsCmnSecPT21USB3P2Gen2Cp15PreshootRPL:0,CbsCmnSecPT21USB3P2Gen2Cp16EmpLevelRPL:0,CbsCmnSecPT21USB3P2Gen2Cp16PreshootRPL:0,CbsCmnSecPT21USB3P3Gen1SwingRPL:0,CbsCmnSecPT21USB3P3Gen1EmpLevelRPL:0,CbsCmnSecPT21USB3P3Gen1PreshootRPL:0,CbsCmnSecPT21USB3P3Gen2SwingRPL:0,CbsCmnSecPT21USB3P3Gen2Cp0EmpLevelRPL:0,CbsCmnSecPT21USB3P3Gen2Cp0PreshootRPL:0,CbsCmnSecPT21USB3P3Gen2Cp13EmpLevelRPL:0,CbsCmnSecPT21USB3P3Gen2Cp13PreshootRPL:0,CbsCmnSecPT21USB3P3Gen2Cp14EmpLevelRPL:0,CbsCmnSecPT21USB3P3Gen2Cp14PreshootRPL:0,CbsCmnSecPT21USB3P3Gen2Cp15EmpLevelRPL:0,CbsCmnSecPT21USB3P3Gen2Cp15PreshootRPL:0,CbsCmnSecPT21USB3P3Gen2Cp16EmpLevelRPL:0,CbsCmnSecPT21USB3P3Gen2Cp16PreshootRPL:0,CbsCmnSecPT21USB3P4Gen1SwingRPL:0,CbsCmnSecPT21USB3P4Gen1EmpLevelRPL:0,CbsCmnSecPT21USB3P4Gen1PreshootRPL:0,CbsCmnSecPT21USB3P4Gen2SwingRPL:0,CbsCmnSecPT21USB3P4Gen2Cp0EmpLevelRPL:0,CbsCmnSecPT21USB3P4Gen2Cp0PreshootRPL:0,CbsCmnSecPT21USB3P4Gen2Cp13EmpLevelRPL:0,CbsCmnSecPT21USB3P4Gen2Cp13PreshootRPL:0,CbsCmnSecPT21USB3P4Gen2Cp14EmpLevelRPL:0,CbsCmnSecPT21USB3P4Gen2Cp14PreshootRPL:0,CbsCmnSecPT21USB3P4Gen2Cp15EmpLevelRPL:0,CbsCmnSecPT21USB3P4Gen2Cp15PreshootRPL:0,CbsCmnSecPT21USB3P4Gen2Cp16EmpLevelRPL:0,CbsCmnSecPT21USB3P4Gen2Cp16PreshootRPL:0,CbsCmnSecPT21USB3P5Gen1SwingRPL:0,CbsCmnSecPT21USB3P5Gen1EmpLevelRPL:0,CbsCmnSecPT21USB3P5Gen1PreshootRPL:0,CbsCmnSecPT21USB3P5Gen2SwingRPL:0,CbsCmnSecPT21USB3P5Gen2Cp0EmpLevelRPL:0,CbsCmnSecPT21USB3P5Gen2Cp0PreshootRPL:0,CbsCmnSecPT21USB3P5Gen2Cp13EmpLevelRPL:0,CbsCmnSecPT21USB3P5Gen2Cp13PreshootRPL:0,CbsCmnSecPT21USB3P5Gen2Cp14EmpLevelRPL:0,CbsCmnSecPT21USB3P5Gen2Cp14PreshootRPL:0,CbsCmnSecPT21USB3P5Gen2Cp15EmpLevelRPL:0,CbsCmnSecPT21USB3P5Gen2Cp15PreshootRPL:0,CbsCmnSecPT21USB3P5Gen2Cp16EmpLevelRPL:0,CbsCmnSecPT21USB3P5Gen2Cp16PreshootRPL:0,CbsCmnSecPT21USB2P0SlewRateRPL:0,CbsCmnSecPT21USB2P0DrivingCurrentRPL:0,CbsCmnSecPT21USB2P0TerminationRPL:0,CbsCmnSecPT21USB2P1SlewRateRPL:0,CbsCmnSecPT21USB2P1DrivingCurrentRPL:0,CbsCmnSecPT21USB2P1TerminationRPL:0,CbsCmnSecPT21USB2P4SlewRateRPL:0,CbsCmnSecPT21USB2P4DrivingCurrentRPL:0,CbsCmnSecPT21USB2P4TerminationRPL:0,CbsCmnSecPT21USB2P5SlewRateRPL:0,CbsCmnSecPT21USB2P5DrivingCurrentRPL:0,CbsCmnSecPT21USB2P5TerminationRPL:0,CbsCmnSecPT21USB2P8SlewRateRPL:0,CbsCmnSecPT21USB2P8DrivingCurrentRPL:0,CbsCmnSecPT21USB2P8TerminationRPL:0,CbsCmnSecPT21USB2P9SlewRateRPL:0,CbsCmnSecPT21USB2P9DrivingCurrentRPL:0,CbsCmnSecPT21USB2P9TerminationRPL:0,FBO724:0,FBO742:0,FBO743:0,FBO778:0,FBO814:0,IPMI606:0,IPMI600:1,IPMI605:1,IPMI601:0,IPMI100:0,IPMI101:0,IPMI102:0,IPMI103:0,IPMI104:0,IPMI105:0,IPMI000:0,IPMI001:0,IPMI002:0,IPMI003:0,ASRRPCIEIJ000:0,IPMI200:0,IPMI201:0,KCSCONTROL:0,ACPLBMC000:0,MAPIDS:0,",
              "NB005": "NB00540bit1TB",
              "NVLCK002": "NVLCK002Enabled",
              "NWSK000": "NWSK000Enabled",
              "NWSK001": "NWSK001Disabled",
              "NWSK002": "NWSK002Disabled",
              "NWSK004": "0",
              "NWSK005": "1",
              "NWSK006": "NWSK006Disabled",
              "NWSK007": "NWSK007Disabled",
              "NewRecordOffsetRPL": "1001",
              "PCID001": "true",
              "PCID002": "true",
              "PCID003": "false",
              "PCID004": "true",
              "PCID005": "false",
              "PCID007": "true",
              "PSP002": "PSP002Enabled",
              "REDF000": "REDF000Enabled",
              "REDF001": "REDF001BasicAuthentication",
              "REDF002": "169.254.0.17",
              "REDF003": "255.255.0.0",
              "REDF004": "443",
              "RFWCS030": "RFWCS030Disabled",
              "SECB001": "SECB001Disabled",
              "SECB002": "SECB002Custom",
              "SECB008": "SECB008Disabled",
              "SETUP001": "\u003cnil\u003e",
              "SETUP002": "\u003cnil\u003e",
              "SETUP003": "1",
              "SETUP004": "SETUP004On",
              "SETUP005": "true",
              "SETUP006": "proxmox,0x0000,true;UEFI OS,0x0002,true;Ubuntu,0x0004,true;UEFI OS,0x0005,true;UEFI: Built-in EFI Shell,0x0001,true;",
              "SUPERIO001": "SUPERIO0013F8hIRQ4",
              "SUPERIO004": "SUPERIO0042F8hIRQ3",
              "TCG001": "TCG001Enabled",
              "TCG002": "TCG002Enabled",
              "TCG003": "TCG003Enabled",
              "TCG004": "TCG004Enabled",
              "TCG006": "TCG006None",
              "TCG007": "TCG007None",
              "TCG010": "TCG010TCG2",
              "TCG011": "TCG011Enabled",
              "TCG012": "TCG012Enabled",
              "TCG013": "TCG013Enabled",
              "TCG014": "TCG014CRB",
              "TCG016": "TCG016Auto",
              "TCG017": "TCG017Disabled",
              "TCG018": "TCG018Enabled",
              "TCG019": "TCG019Enabled",
              "TCG020": "TCG020Disabled",
              "TCG021": "TCG021Disabled",
              "TCG022": "TCG02213",
              "TER001": "false",
              "TER002": "false",
              "TER0020": "TER0020115200",
              "TER0021": "TER0021115200",
              "TER0022": "TER0022115200",
              "TER010": "true",
              "TER011": "TER011VTUTF8",
              "TER012": "TER012VT100Plus",
              "TER013": "TER013VT100Plus",
              "TER030": "TER0308",
              "TER031": "TER0318",
              "TER03F": "TER03FNone",
              "TER040": "TER040None",
              "TER04E": "TER04E1",
              "TER04F": "TER04F1",
              "TER05C": "TER05CNone",
              "TER05D": "TER05DNone",
              "TER05E": "TER05ENone",
              "TER06B": "TER06BCOM1",
              "TER06D": "false",
              "TER06c": "false",
              "TER07A": "TER07A80x24",
              "TER07B": "true",
              "TER07C": "true",
              "TER089": "false",
              "TER08A": "false",
              "TER098": "TER098VT100",
              "TER099": "TER099VT100",
              "TER0A7": "TER0A7AlwaysEnable",
              "TER0A8": "TER0A8COM1",
              "USB000": "USB000Enabled",
              "USB001": "USB001Enabled",
              "USB002": "USB002Enabled",
              "USB003": "USB003Enabled",
              "USB004": "USB004Disabled",
              "USB009": "USB00920sec",
              "USB00A": "USB00A20sec",
              "USB00B": "USB00BAuto",
              "USB00C": "5",
              "USB00D": "USB00DEnabled",
              "USB00F": "USB00FEnabled",
              "USB011": "USB011Auto",
              "USB012": "USB012Auto",
              "USB013": "USB013Auto",
              "USB014": "USB014Auto",
              "USB015": "USB015Auto",
              "USB016": "USB016Auto",
              "USB017": "USB017Auto",
              "USB018": "USB018Auto",
              "USB019": "USB019Auto",
              "USB01A": "USB01AAuto",
              "USB01B": "USB01BAuto",
              "USB01C": "USB01CAuto",
              "USB01D": "USB01DAuto",
              "USB01E": "USB01EAuto",
              "USB01F": "USB01FAuto",
              "USB020": "USB020Auto",
              "USB021": "USB021Auto",
              "USB022": "USB022Auto",
              "USB023": "USB023Auto",
              "USB024": "USB024Auto",
              "USB025": "USB025Auto",
              "USB026": "USB026Auto",
              "USB027": "USB027Auto",
              "USB028": "USB028Auto",
              "USB029": "USB029Auto",
              "USB02A": "USB02AAuto",
              "USB02B": "USB02BAuto",
              "USB02C": "USB02CAuto",
              "USB02D": "USB02DAuto",
              "USB02E": "USB02EAuto",
              "USB02F": "USB02FAuto",
              "USB030": "USB030Auto"
            },
            "bios_job_timeout": 1200,
            "id": "Bios",
            "redfish_server": [
              {
                "endpoint": "https://192.168.4.207",
                "password": null,
                "redfish_alias": "vulture",
                "ssl_insecure": true,
                "user": null
              }
            ],
            "reset_timeout": 120,
            "reset_type": "GracefulRestart",
            "settings_apply_time": "OnReset",
            "system_id": "Self"
          },
          "sensitive_attributes": [
            [
              {
                "type": "get_attr",
                "value": "redfish_server"
              },
              {
                "type": "index",
                "value": {
                  "value": 0,
                  "type": "number"
                }
              },
              {
                "type": "get_attr",
                "value": "password"
              }
            ]
          ]
        }
      ]
    }
  ],
  "check_results": null
}
